
Microsoft Visual Studio Solution File, Format Version 12.00
# Visual Studio Version 17
VisualStudioVersion = 17.4.33205.214
MinimumVisualStudioVersion = 10.0.40219.1
Project("{2150E333-8FDC-42A3-9474-1A3956D46DE8}") = "app", "app", "{44D8CB57-D8CB-4568-A249-AFE8C987AB6F}"
EndProject
Project("{9A19103F-16F7-4668-BE54-9A1E7A4F7556}") = "ConsoleApp", "app\mov\ConsoleApp.csproj", "{3E8328E2-8D91-4F05-AE24-8FB076969901}"
EndProject
Project("{9A19103F-16F7-4668-BE54-9A1E7A4F7556}") = "Designer.Models", "src\designer\designer.models\Designer.Models.csproj", "{91059EAE-ACBE-447D-B163-62B927F696DA}"
EndProject
Project("{9A19103F-16F7-4668-BE54-9A1E7A4F7556}") = "Designer.Service", "src\designer\designer.service\Designer.Service.csproj", "{58795326-B5A7-4BE2-91A2-EC409CCD3057}"
EndProject
Project("{9A19103F-16F7-4668-BE54-9A1E7A4F7556}") = "Game.Models", "src\game\game.models\Game.Models.csproj", "{9DB59F57-98ED-4D5D-92E8-1BFACE2AE80C}"
EndProject
Project("{9A19103F-16F7-4668-BE54-9A1E7A4F7556}") = "Game.Service", "src\game\game.service\Game.Service.csproj", "{232D5ED0-27AB-4349-8EA9-EC379ECE8CFF}"
EndProject
Project("{9A19103F-16F7-4668-BE54-9A1E7A4F7556}") = "Bom.Models", "src\bom\bom.models\Bom.Models.csproj", "{25779A6A-4EED-4787-AE4D-134EF3CA2FD0}"
EndProject
Project("{9A19103F-16F7-4668-BE54-9A1E7A4F7556}") = "Bom.Service", "src\bom\bom.service\Bom.Service.csproj", "{25C4D4E0-EC41-40D5-B581-A25486A622F7}"
EndProject
Project("{9A19103F-16F7-4668-BE54-9A1E7A4F7556}") = "Drawer.Models", "src\drawer\drawer.models\Drawer.Models.csproj", "{26A953C6-D56C-4218-A809-2699844E0422}"
EndProject
Project("{9A19103F-16F7-4668-BE54-9A1E7A4F7556}") = "Drawer.Service", "src\drawer\drawer.service\Drawer.Service.csproj", "{5D53431F-1403-4840-856B-AE7089846E70}"
EndProject
Project("{9A19103F-16F7-4668-BE54-9A1E7A4F7556}") = "Analizer.Models", "src\analizer\analizer.models\Analizer.Models.csproj", "{3671A314-6667-473B-9917-4D4C6063376D}"
EndProject
Project("{9A19103F-16F7-4668-BE54-9A1E7A4F7556}") = "Analizer.Service", "src\analizer\analizer.service\Analizer.Service.csproj", "{7EBA9536-ABB6-49D1-A3E7-EB82224D8EF0}"
EndProject
Project("{9A19103F-16F7-4668-BE54-9A1E7A4F7556}") = "Framework", "src\framework\Framework.csproj", "{C637E2B8-DD0A-4F5A-B5DF-587031A8699A}"
EndProject
Project("{9A19103F-16F7-4668-BE54-9A1E7A4F7556}") = "Designer.Repository", "src\designer\designer.repository\Designer.Repository.csproj", "{73F399A6-F877-496B-AECA-5A9E33F5F21F}"
EndProject
Project("{9A19103F-16F7-4668-BE54-9A1E7A4F7556}") = "Game.Repository", "src\game\game.repository\Game.Repository.csproj", "{9926ED80-094A-41DA-AE91-0BEC04F72E87}"
EndProject
Project("{9A19103F-16F7-4668-BE54-9A1E7A4F7556}") = "Bom.Repository", "src\bom\bom.repository\Bom.Repository.csproj", "{3F3F67E7-0CBE-4686-9808-6510CF23B8ED}"
EndProject
Project("{9A19103F-16F7-4668-BE54-9A1E7A4F7556}") = "Drawer.Repository", "src\drawer\drawer.repository\Drawer.Repository.csproj", "{911DEF97-B6FA-4B6A-BA26-A22A7ABFFC6C}"
EndProject
Project("{9A19103F-16F7-4668-BE54-9A1E7A4F7556}") = "Analizer.Repository", "src\analizer\analizer.repository\Analizer.Repository.csproj", "{184C9D6D-6884-48E6-81F6-D33B0F87F0A1}"
EndProject
Project("{9A19103F-16F7-4668-BE54-9A1E7A4F7556}") = "Designer.Controller", "src\designer\designer.controller\Designer.Controller.csproj", "{2ADDCF6E-C5C3-430B-A249-87B6E07B1FCB}"
EndProject
Project("{9A19103F-16F7-4668-BE54-9A1E7A4F7556}") = "Game.Controller", "src\game\game.controller\Game.Controller.csproj", "{5A0599D7-DE6F-474C-9BF8-2844A82D0446}"
EndProject
Project("{9A19103F-16F7-4668-BE54-9A1E7A4F7556}") = "Drawer.Controller", "src\drawer\drawer.controller\Drawer.Controller.csproj", "{0D9A9388-9A1C-4EC6-8536-FD7B4250301B}"
EndProject
Project("{9A19103F-16F7-4668-BE54-9A1E7A4F7556}") = "Analizer.Controller", "src\analizer\analizer.controller\Analizer.Controller.csproj", "{835D34DB-8E3C-414A-9ACF-199CA2EAAAE2}"
EndProject
Project("{9A19103F-16F7-4668-BE54-9A1E7A4F7556}") = "Bom.Controller", "src\bom\bom.controller\Bom.Controller.csproj", "{3F701F2E-49E0-4ABE-9351-022A0FCA1D72}"
EndProject
Project("{9A19103F-16F7-4668-BE54-9A1E7A4F7556}") = "Designer.Test", "src\designer\designer.test\Designer.Test.csproj", "{13F22A58-0498-4CC3-85EC-F63E7AE2C897}"
EndProject
Project("{9A19103F-16F7-4668-BE54-9A1E7A4F7556}") = "Game.Test", "src\game\game.test\Game.Test.csproj", "{353CD44C-5079-4747-B13D-8A9B9036F37F}"
EndProject
Project("{2150E333-8FDC-42A3-9474-1A3956D46DE8}") = "analizer", "analizer", "{B59EDB0E-C176-48BD-9F36-9A107A3E56CA}"
EndProject
Project("{2150E333-8FDC-42A3-9474-1A3956D46DE8}") = "src", "src", "{E8734945-6427-4FEC-AA09-DE3E72E9B628}"
EndProject
Project("{2150E333-8FDC-42A3-9474-1A3956D46DE8}") = "bom", "bom", "{12FDD3AC-6875-4306-990B-368A55F3BF70}"
EndProject
Project("{2150E333-8FDC-42A3-9474-1A3956D46DE8}") = "designer", "designer", "{AF26FD1B-3D47-4D4D-B82A-618528D93853}"
EndProject
Project("{2150E333-8FDC-42A3-9474-1A3956D46DE8}") = "drawer", "drawer", "{EE6A75D1-2419-4148-8AE2-6D1B81EE6266}"
EndProject
Project("{2150E333-8FDC-42A3-9474-1A3956D46DE8}") = "game", "game", "{30805ED3-7708-4116-B501-864AEF327753}"
EndProject
Project("{9A19103F-16F7-4668-BE54-9A1E7A4F7556}") = "Api", "app\api\Api.csproj", "{7E92519D-83EA-483F-BE8A-5CB0B4A91927}"
EndProject
Project("{2150E333-8FDC-42A3-9474-1A3956D46DE8}") = "driver", "driver", "{AB81EB77-0CC6-46B3-A18B-D64FCAB058C3}"
EndProject
Project("{9A19103F-16F7-4668-BE54-9A1E7A4F7556}") = "Driver.Models", "src\driver\driver.models\Driver.Models.csproj", "{72A56CA3-C14F-47F3-9412-DF70C5DC67D8}"
EndProject
Project("{9A19103F-16F7-4668-BE54-9A1E7A4F7556}") = "Driver.Repository", "src\driver\driver.repository\Driver.Repository.csproj", "{BDA97C57-1DC9-4034-8611-D79B73656548}"
EndProject
Project("{9A19103F-16F7-4668-BE54-9A1E7A4F7556}") = "Driver.Service", "src\driver\driver.service\Driver.Service.csproj", "{77837587-5C17-415E-9127-E05C764DDD02}"
EndProject
Project("{9A19103F-16F7-4668-BE54-9A1E7A4F7556}") = "Driver.Controller", "src\driver\driver.controller\Driver.Controller.csproj", "{AB598477-F054-4035-BA98-49EE36E263D8}"
EndProject
Project("{2150E333-8FDC-42A3-9474-1A3956D46DE8}") = "calendar", "calendar", "{C55E2A30-8381-4638-B164-9F4893EBFA93}"
EndProject
Project("{2150E333-8FDC-42A3-9474-1A3956D46DE8}") = "imaging", "imaging", "{3C733D87-AC62-4E89-A368-FA3C0145A563}"
EndProject
Project("{2150E333-8FDC-42A3-9474-1A3956D46DE8}") = "mobility", "mobility", "{8026BCB4-31E3-42E0-B24E-07A72B450E39}"
EndProject
Project("{9A19103F-16F7-4668-BE54-9A1E7A4F7556}") = "Imaging.Models", "src\imaging\imaging.models\Imaging.Models.csproj", "{D8473C03-1604-4893-97F3-15C6C021ED9F}"
EndProject
Project("{9A19103F-16F7-4668-BE54-9A1E7A4F7556}") = "Imaging.Repository", "src\imaging\imaging.repository\Imaging.Repository.csproj", "{355BDF75-94C2-455F-9B97-D351DAA2106C}"
EndProject
Project("{9A19103F-16F7-4668-BE54-9A1E7A4F7556}") = "Imaging.Service", "src\imaging\imaging.service\Imaging.Service.csproj", "{07CE98D7-FB0E-43B1-8BD7-8FD1DF5F23F2}"
EndProject
Project("{9A19103F-16F7-4668-BE54-9A1E7A4F7556}") = "Imaging.Controller", "src\imaging\imaging.controller\Imaging.Controller.csproj", "{259D08BD-D161-4DEE-8990-10516A170CDB}"
EndProject
Project("{9A19103F-16F7-4668-BE54-9A1E7A4F7556}") = "Mobility.Models", "src\mobility\mobility.models\Mobility.Models.csproj", "{EDFF61BF-CF12-448F-A68B-77EF968947DF}"
EndProject
Project("{9A19103F-16F7-4668-BE54-9A1E7A4F7556}") = "Mobility.Repository", "src\mobility\mobility.repository\Mobility.Repository.csproj", "{497455FF-2468-4BC1-B392-9C88D3018453}"
EndProject
Project("{9A19103F-16F7-4668-BE54-9A1E7A4F7556}") = "Mobility.Service", "src\mobility\mobility.service\Mobility.Service.csproj", "{518859B0-18D3-4526-B28B-6479758BC810}"
EndProject
Project("{9A19103F-16F7-4668-BE54-9A1E7A4F7556}") = "Mobility.Controller", "src\mobility\mobility.controller\Mobility.Controller.csproj", "{2AF1562E-CE99-4A74-859C-BF0C670399D6}"
EndProject
Project("{9A19103F-16F7-4668-BE54-9A1E7A4F7556}") = "Calendar.Models", "src\calendar\calendar.models\Calendar.Models.csproj", "{1434C842-F12D-490D-B4CD-99DE99E19EA7}"
EndProject
Project("{9A19103F-16F7-4668-BE54-9A1E7A4F7556}") = "Calendar.Repository", "src\calendar\calendar.repository\Calendar.Repository.csproj", "{C638F21A-6786-4651-9A00-4EE1F64ADC33}"
EndProject
Project("{9A19103F-16F7-4668-BE54-9A1E7A4F7556}") = "Calendar.Service", "src\calendar\calendar.service\Calendar.Service.csproj", "{E67F5F3A-7AEF-4B7F-B815-017EADFBB370}"
EndProject
Project("{9A19103F-16F7-4668-BE54-9A1E7A4F7556}") = "Calendar.Controller", "src\calendar\calendar.controller\Calendar.Controller.csproj", "{16C22087-45FF-4053-B333-2186DC2A7586}"
EndProject
Project("{9A19103F-16F7-4668-BE54-9A1E7A4F7556}") = "Lib", "lib\Lib.csproj", "{61DF748F-A35C-48FC-9984-07B540712FB5}"
EndProject
Project("{FAE04EC0-301F-11D3-BF4B-00C04F79EFBC}") = "Analizer.Test", "src\analizer\Analizer.Test\Analizer.Test.csproj", "{C233528B-49B9-441E-B8A9-B5BC4D94B936}"
EndProject
Global
	GlobalSection(SolutionConfigurationPlatforms) = preSolution
		Debug|Any CPU = Debug|Any CPU
		Release|Any CPU = Release|Any CPU
	EndGlobalSection
	GlobalSection(ProjectConfigurationPlatforms) = postSolution
		{3E8328E2-8D91-4F05-AE24-8FB076969901}.Debug|Any CPU.ActiveCfg = Debug|Any CPU
		{3E8328E2-8D91-4F05-AE24-8FB076969901}.Debug|Any CPU.Build.0 = Debug|Any CPU
		{3E8328E2-8D91-4F05-AE24-8FB076969901}.Release|Any CPU.ActiveCfg = Release|Any CPU
		{3E8328E2-8D91-4F05-AE24-8FB076969901}.Release|Any CPU.Build.0 = Release|Any CPU
		{91059EAE-ACBE-447D-B163-62B927F696DA}.Debug|Any CPU.ActiveCfg = Debug|Any CPU
		{91059EAE-ACBE-447D-B163-62B927F696DA}.Debug|Any CPU.Build.0 = Debug|Any CPU
		{91059EAE-ACBE-447D-B163-62B927F696DA}.Release|Any CPU.ActiveCfg = Release|Any CPU
		{91059EAE-ACBE-447D-B163-62B927F696DA}.Release|Any CPU.Build.0 = Release|Any CPU
		{58795326-B5A7-4BE2-91A2-EC409CCD3057}.Debug|Any CPU.ActiveCfg = Debug|Any CPU
		{58795326-B5A7-4BE2-91A2-EC409CCD3057}.Debug|Any CPU.Build.0 = Debug|Any CPU
		{58795326-B5A7-4BE2-91A2-EC409CCD3057}.Release|Any CPU.ActiveCfg = Release|Any CPU
		{58795326-B5A7-4BE2-91A2-EC409CCD3057}.Release|Any CPU.Build.0 = Release|Any CPU
		{9DB59F57-98ED-4D5D-92E8-1BFACE2AE80C}.Debug|Any CPU.ActiveCfg = Debug|Any CPU
		{9DB59F57-98ED-4D5D-92E8-1BFACE2AE80C}.Debug|Any CPU.Build.0 = Debug|Any CPU
		{9DB59F57-98ED-4D5D-92E8-1BFACE2AE80C}.Release|Any CPU.ActiveCfg = Release|Any CPU
		{9DB59F57-98ED-4D5D-92E8-1BFACE2AE80C}.Release|Any CPU.Build.0 = Release|Any CPU
		{232D5ED0-27AB-4349-8EA9-EC379ECE8CFF}.Debug|Any CPU.ActiveCfg = Debug|Any CPU
		{232D5ED0-27AB-4349-8EA9-EC379ECE8CFF}.Debug|Any CPU.Build.0 = Debug|Any CPU
		{232D5ED0-27AB-4349-8EA9-EC379ECE8CFF}.Release|Any CPU.ActiveCfg = Release|Any CPU
		{232D5ED0-27AB-4349-8EA9-EC379ECE8CFF}.Release|Any CPU.Build.0 = Release|Any CPU
		{25779A6A-4EED-4787-AE4D-134EF3CA2FD0}.Debug|Any CPU.ActiveCfg = Debug|Any CPU
		{25779A6A-4EED-4787-AE4D-134EF3CA2FD0}.Debug|Any CPU.Build.0 = Debug|Any CPU
		{25779A6A-4EED-4787-AE4D-134EF3CA2FD0}.Release|Any CPU.ActiveCfg = Release|Any CPU
		{25779A6A-4EED-4787-AE4D-134EF3CA2FD0}.Release|Any CPU.Build.0 = Release|Any CPU
		{25C4D4E0-EC41-40D5-B581-A25486A622F7}.Debug|Any CPU.ActiveCfg = Debug|Any CPU
		{25C4D4E0-EC41-40D5-B581-A25486A622F7}.Debug|Any CPU.Build.0 = Debug|Any CPU
		{25C4D4E0-EC41-40D5-B581-A25486A622F7}.Release|Any CPU.ActiveCfg = Release|Any CPU
		{25C4D4E0-EC41-40D5-B581-A25486A622F7}.Release|Any CPU.Build.0 = Release|Any CPU
		{26A953C6-D56C-4218-A809-2699844E0422}.Debug|Any CPU.ActiveCfg = Debug|Any CPU
		{26A953C6-D56C-4218-A809-2699844E0422}.Debug|Any CPU.Build.0 = Debug|Any CPU
		{26A953C6-D56C-4218-A809-2699844E0422}.Release|Any CPU.ActiveCfg = Release|Any CPU
		{26A953C6-D56C-4218-A809-2699844E0422}.Release|Any CPU.Build.0 = Release|Any CPU
		{5D53431F-1403-4840-856B-AE7089846E70}.Debug|Any CPU.ActiveCfg = Debug|Any CPU
		{5D53431F-1403-4840-856B-AE7089846E70}.Debug|Any CPU.Build.0 = Debug|Any CPU
		{5D53431F-1403-4840-856B-AE7089846E70}.Release|Any CPU.ActiveCfg = Release|Any CPU
		{5D53431F-1403-4840-856B-AE7089846E70}.Release|Any CPU.Build.0 = Release|Any CPU
		{3671A314-6667-473B-9917-4D4C6063376D}.Debug|Any CPU.ActiveCfg = Debug|Any CPU
		{3671A314-6667-473B-9917-4D4C6063376D}.Debug|Any CPU.Build.0 = Debug|Any CPU
		{3671A314-6667-473B-9917-4D4C6063376D}.Release|Any CPU.ActiveCfg = Release|Any CPU
		{3671A314-6667-473B-9917-4D4C6063376D}.Release|Any CPU.Build.0 = Release|Any CPU
		{7EBA9536-ABB6-49D1-A3E7-EB82224D8EF0}.Debug|Any CPU.ActiveCfg = Debug|Any CPU
		{7EBA9536-ABB6-49D1-A3E7-EB82224D8EF0}.Debug|Any CPU.Build.0 = Debug|Any CPU
		{7EBA9536-ABB6-49D1-A3E7-EB82224D8EF0}.Release|Any CPU.ActiveCfg = Release|Any CPU
		{7EBA9536-ABB6-49D1-A3E7-EB82224D8EF0}.Release|Any CPU.Build.0 = Release|Any CPU
		{C637E2B8-DD0A-4F5A-B5DF-587031A8699A}.Debug|Any CPU.ActiveCfg = Debug|Any CPU
		{C637E2B8-DD0A-4F5A-B5DF-587031A8699A}.Debug|Any CPU.Build.0 = Debug|Any CPU
		{C637E2B8-DD0A-4F5A-B5DF-587031A8699A}.Release|Any CPU.ActiveCfg = Release|Any CPU
		{C637E2B8-DD0A-4F5A-B5DF-587031A8699A}.Release|Any CPU.Build.0 = Release|Any CPU
		{73F399A6-F877-496B-AECA-5A9E33F5F21F}.Debug|Any CPU.ActiveCfg = Debug|Any CPU
		{73F399A6-F877-496B-AECA-5A9E33F5F21F}.Debug|Any CPU.Build.0 = Debug|Any CPU
		{73F399A6-F877-496B-AECA-5A9E33F5F21F}.Release|Any CPU.ActiveCfg = Release|Any CPU
		{73F399A6-F877-496B-AECA-5A9E33F5F21F}.Release|Any CPU.Build.0 = Release|Any CPU
		{9926ED80-094A-41DA-AE91-0BEC04F72E87}.Debug|Any CPU.ActiveCfg = Debug|Any CPU
		{9926ED80-094A-41DA-AE91-0BEC04F72E87}.Debug|Any CPU.Build.0 = Debug|Any CPU
		{9926ED80-094A-41DA-AE91-0BEC04F72E87}.Release|Any CPU.ActiveCfg = Release|Any CPU
		{9926ED80-094A-41DA-AE91-0BEC04F72E87}.Release|Any CPU.Build.0 = Release|Any CPU
		{3F3F67E7-0CBE-4686-9808-6510CF23B8ED}.Debug|Any CPU.ActiveCfg = Debug|Any CPU
		{3F3F67E7-0CBE-4686-9808-6510CF23B8ED}.Debug|Any CPU.Build.0 = Debug|Any CPU
		{3F3F67E7-0CBE-4686-9808-6510CF23B8ED}.Release|Any CPU.ActiveCfg = Release|Any CPU
		{3F3F67E7-0CBE-4686-9808-6510CF23B8ED}.Release|Any CPU.Build.0 = Release|Any CPU
		{911DEF97-B6FA-4B6A-BA26-A22A7ABFFC6C}.Debug|Any CPU.ActiveCfg = Debug|Any CPU
		{911DEF97-B6FA-4B6A-BA26-A22A7ABFFC6C}.Debug|Any CPU.Build.0 = Debug|Any CPU
		{911DEF97-B6FA-4B6A-BA26-A22A7ABFFC6C}.Release|Any CPU.ActiveCfg = Release|Any CPU
		{911DEF97-B6FA-4B6A-BA26-A22A7ABFFC6C}.Release|Any CPU.Build.0 = Release|Any CPU
		{184C9D6D-6884-48E6-81F6-D33B0F87F0A1}.Debug|Any CPU.ActiveCfg = Debug|Any CPU
		{184C9D6D-6884-48E6-81F6-D33B0F87F0A1}.Debug|Any CPU.Build.0 = Debug|Any CPU
		{184C9D6D-6884-48E6-81F6-D33B0F87F0A1}.Release|Any CPU.ActiveCfg = Release|Any CPU
		{184C9D6D-6884-48E6-81F6-D33B0F87F0A1}.Release|Any CPU.Build.0 = Release|Any CPU
		{2ADDCF6E-C5C3-430B-A249-87B6E07B1FCB}.Debug|Any CPU.ActiveCfg = Debug|Any CPU
		{2ADDCF6E-C5C3-430B-A249-87B6E07B1FCB}.Debug|Any CPU.Build.0 = Debug|Any CPU
		{2ADDCF6E-C5C3-430B-A249-87B6E07B1FCB}.Release|Any CPU.ActiveCfg = Release|Any CPU
		{2ADDCF6E-C5C3-430B-A249-87B6E07B1FCB}.Release|Any CPU.Build.0 = Release|Any CPU
		{5A0599D7-DE6F-474C-9BF8-2844A82D0446}.Debug|Any CPU.ActiveCfg = Debug|Any CPU
		{5A0599D7-DE6F-474C-9BF8-2844A82D0446}.Debug|Any CPU.Build.0 = Debug|Any CPU
		{5A0599D7-DE6F-474C-9BF8-2844A82D0446}.Release|Any CPU.ActiveCfg = Release|Any CPU
		{5A0599D7-DE6F-474C-9BF8-2844A82D0446}.Release|Any CPU.Build.0 = Release|Any CPU
		{0D9A9388-9A1C-4EC6-8536-FD7B4250301B}.Debug|Any CPU.ActiveCfg = Debug|Any CPU
		{0D9A9388-9A1C-4EC6-8536-FD7B4250301B}.Debug|Any CPU.Build.0 = Debug|Any CPU
		{0D9A9388-9A1C-4EC6-8536-FD7B4250301B}.Release|Any CPU.ActiveCfg = Release|Any CPU
		{0D9A9388-9A1C-4EC6-8536-FD7B4250301B}.Release|Any CPU.Build.0 = Release|Any CPU
		{835D34DB-8E3C-414A-9ACF-199CA2EAAAE2}.Debug|Any CPU.ActiveCfg = Debug|Any CPU
		{835D34DB-8E3C-414A-9ACF-199CA2EAAAE2}.Debug|Any CPU.Build.0 = Debug|Any CPU
		{835D34DB-8E3C-414A-9ACF-199CA2EAAAE2}.Release|Any CPU.ActiveCfg = Release|Any CPU
		{835D34DB-8E3C-414A-9ACF-199CA2EAAAE2}.Release|Any CPU.Build.0 = Release|Any CPU
		{3F701F2E-49E0-4ABE-9351-022A0FCA1D72}.Debug|Any CPU.ActiveCfg = Debug|Any CPU
		{3F701F2E-49E0-4ABE-9351-022A0FCA1D72}.Debug|Any CPU.Build.0 = Debug|Any CPU
		{3F701F2E-49E0-4ABE-9351-022A0FCA1D72}.Release|Any CPU.ActiveCfg = Release|Any CPU
		{3F701F2E-49E0-4ABE-9351-022A0FCA1D72}.Release|Any CPU.Build.0 = Release|Any CPU
		{13F22A58-0498-4CC3-85EC-F63E7AE2C897}.Debug|Any CPU.ActiveCfg = Debug|Any CPU
		{13F22A58-0498-4CC3-85EC-F63E7AE2C897}.Debug|Any CPU.Build.0 = Debug|Any CPU
		{13F22A58-0498-4CC3-85EC-F63E7AE2C897}.Release|Any CPU.ActiveCfg = Release|Any CPU
		{13F22A58-0498-4CC3-85EC-F63E7AE2C897}.Release|Any CPU.Build.0 = Release|Any CPU
		{353CD44C-5079-4747-B13D-8A9B9036F37F}.Debug|Any CPU.ActiveCfg = Debug|Any CPU
		{353CD44C-5079-4747-B13D-8A9B9036F37F}.Debug|Any CPU.Build.0 = Debug|Any CPU
		{353CD44C-5079-4747-B13D-8A9B9036F37F}.Release|Any CPU.ActiveCfg = Release|Any CPU
		{353CD44C-5079-4747-B13D-8A9B9036F37F}.Release|Any CPU.Build.0 = Release|Any CPU
		{7E92519D-83EA-483F-BE8A-5CB0B4A91927}.Debug|Any CPU.ActiveCfg = Debug|Any CPU
		{7E92519D-83EA-483F-BE8A-5CB0B4A91927}.Debug|Any CPU.Build.0 = Debug|Any CPU
		{7E92519D-83EA-483F-BE8A-5CB0B4A91927}.Release|Any CPU.ActiveCfg = Release|Any CPU
		{7E92519D-83EA-483F-BE8A-5CB0B4A91927}.Release|Any CPU.Build.0 = Release|Any CPU
		{72A56CA3-C14F-47F3-9412-DF70C5DC67D8}.Debug|Any CPU.ActiveCfg = Debug|Any CPU
		{72A56CA3-C14F-47F3-9412-DF70C5DC67D8}.Debug|Any CPU.Build.0 = Debug|Any CPU
		{72A56CA3-C14F-47F3-9412-DF70C5DC67D8}.Release|Any CPU.ActiveCfg = Release|Any CPU
		{72A56CA3-C14F-47F3-9412-DF70C5DC67D8}.Release|Any CPU.Build.0 = Release|Any CPU
		{BDA97C57-1DC9-4034-8611-D79B73656548}.Debug|Any CPU.ActiveCfg = Debug|Any CPU
		{BDA97C57-1DC9-4034-8611-D79B73656548}.Debug|Any CPU.Build.0 = Debug|Any CPU
		{BDA97C57-1DC9-4034-8611-D79B73656548}.Release|Any CPU.ActiveCfg = Release|Any CPU
		{BDA97C57-1DC9-4034-8611-D79B73656548}.Release|Any CPU.Build.0 = Release|Any CPU
		{77837587-5C17-415E-9127-E05C764DDD02}.Debug|Any CPU.ActiveCfg = Debug|Any CPU
		{77837587-5C17-415E-9127-E05C764DDD02}.Debug|Any CPU.Build.0 = Debug|Any CPU
		{77837587-5C17-415E-9127-E05C764DDD02}.Release|Any CPU.ActiveCfg = Release|Any CPU
		{77837587-5C17-415E-9127-E05C764DDD02}.Release|Any CPU.Build.0 = Release|Any CPU
		{AB598477-F054-4035-BA98-49EE36E263D8}.Debug|Any CPU.ActiveCfg = Debug|Any CPU
		{AB598477-F054-4035-BA98-49EE36E263D8}.Debug|Any CPU.Build.0 = Debug|Any CPU
		{AB598477-F054-4035-BA98-49EE36E263D8}.Release|Any CPU.ActiveCfg = Release|Any CPU
		{AB598477-F054-4035-BA98-49EE36E263D8}.Release|Any CPU.Build.0 = Release|Any CPU
		{D8473C03-1604-4893-97F3-15C6C021ED9F}.Debug|Any CPU.ActiveCfg = Debug|Any CPU
		{D8473C03-1604-4893-97F3-15C6C021ED9F}.Debug|Any CPU.Build.0 = Debug|Any CPU
		{D8473C03-1604-4893-97F3-15C6C021ED9F}.Release|Any CPU.ActiveCfg = Release|Any CPU
		{D8473C03-1604-4893-97F3-15C6C021ED9F}.Release|Any CPU.Build.0 = Release|Any CPU
		{355BDF75-94C2-455F-9B97-D351DAA2106C}.Debug|Any CPU.ActiveCfg = Debug|Any CPU
		{355BDF75-94C2-455F-9B97-D351DAA2106C}.Debug|Any CPU.Build.0 = Debug|Any CPU
		{355BDF75-94C2-455F-9B97-D351DAA2106C}.Release|Any CPU.ActiveCfg = Release|Any CPU
		{355BDF75-94C2-455F-9B97-D351DAA2106C}.Release|Any CPU.Build.0 = Release|Any CPU
		{07CE98D7-FB0E-43B1-8BD7-8FD1DF5F23F2}.Debug|Any CPU.ActiveCfg = Debug|Any CPU
		{07CE98D7-FB0E-43B1-8BD7-8FD1DF5F23F2}.Debug|Any CPU.Build.0 = Debug|Any CPU
		{07CE98D7-FB0E-43B1-8BD7-8FD1DF5F23F2}.Release|Any CPU.ActiveCfg = Release|Any CPU
		{07CE98D7-FB0E-43B1-8BD7-8FD1DF5F23F2}.Release|Any CPU.Build.0 = Release|Any CPU
		{259D08BD-D161-4DEE-8990-10516A170CDB}.Debug|Any CPU.ActiveCfg = Debug|Any CPU
		{259D08BD-D161-4DEE-8990-10516A170CDB}.Debug|Any CPU.Build.0 = Debug|Any CPU
		{259D08BD-D161-4DEE-8990-10516A170CDB}.Release|Any CPU.ActiveCfg = Release|Any CPU
		{259D08BD-D161-4DEE-8990-10516A170CDB}.Release|Any CPU.Build.0 = Release|Any CPU
		{EDFF61BF-CF12-448F-A68B-77EF968947DF}.Debug|Any CPU.ActiveCfg = Debug|Any CPU
		{EDFF61BF-CF12-448F-A68B-77EF968947DF}.Debug|Any CPU.Build.0 = Debug|Any CPU
		{EDFF61BF-CF12-448F-A68B-77EF968947DF}.Release|Any CPU.ActiveCfg = Release|Any CPU
		{EDFF61BF-CF12-448F-A68B-77EF968947DF}.Release|Any CPU.Build.0 = Release|Any CPU
		{497455FF-2468-4BC1-B392-9C88D3018453}.Debug|Any CPU.ActiveCfg = Debug|Any CPU
		{497455FF-2468-4BC1-B392-9C88D3018453}.Debug|Any CPU.Build.0 = Debug|Any CPU
		{497455FF-2468-4BC1-B392-9C88D3018453}.Release|Any CPU.ActiveCfg = Release|Any CPU
		{497455FF-2468-4BC1-B392-9C88D3018453}.Release|Any CPU.Build.0 = Release|Any CPU
		{518859B0-18D3-4526-B28B-6479758BC810}.Debug|Any CPU.ActiveCfg = Debug|Any CPU
		{518859B0-18D3-4526-B28B-6479758BC810}.Debug|Any CPU.Build.0 = Debug|Any CPU
		{518859B0-18D3-4526-B28B-6479758BC810}.Release|Any CPU.ActiveCfg = Release|Any CPU
		{518859B0-18D3-4526-B28B-6479758BC810}.Release|Any CPU.Build.0 = Release|Any CPU
		{2AF1562E-CE99-4A74-859C-BF0C670399D6}.Debug|Any CPU.ActiveCfg = Debug|Any CPU
		{2AF1562E-CE99-4A74-859C-BF0C670399D6}.Debug|Any CPU.Build.0 = Debug|Any CPU
		{2AF1562E-CE99-4A74-859C-BF0C670399D6}.Release|Any CPU.ActiveCfg = Release|Any CPU
		{2AF1562E-CE99-4A74-859C-BF0C670399D6}.Release|Any CPU.Build.0 = Release|Any CPU
		{1434C842-F12D-490D-B4CD-99DE99E19EA7}.Debug|Any CPU.ActiveCfg = Debug|Any CPU
		{1434C842-F12D-490D-B4CD-99DE99E19EA7}.Debug|Any CPU.Build.0 = Debug|Any CPU
		{1434C842-F12D-490D-B4CD-99DE99E19EA7}.Release|Any CPU.ActiveCfg = Release|Any CPU
		{1434C842-F12D-490D-B4CD-99DE99E19EA7}.Release|Any CPU.Build.0 = Release|Any CPU
		{C638F21A-6786-4651-9A00-4EE1F64ADC33}.Debug|Any CPU.ActiveCfg = Debug|Any CPU
		{C638F21A-6786-4651-9A00-4EE1F64ADC33}.Debug|Any CPU.Build.0 = Debug|Any CPU
		{C638F21A-6786-4651-9A00-4EE1F64ADC33}.Release|Any CPU.ActiveCfg = Release|Any CPU
		{C638F21A-6786-4651-9A00-4EE1F64ADC33}.Release|Any CPU.Build.0 = Release|Any CPU
		{E67F5F3A-7AEF-4B7F-B815-017EADFBB370}.Debug|Any CPU.ActiveCfg = Debug|Any CPU
		{E67F5F3A-7AEF-4B7F-B815-017EADFBB370}.Debug|Any CPU.Build.0 = Debug|Any CPU
		{E67F5F3A-7AEF-4B7F-B815-017EADFBB370}.Release|Any CPU.ActiveCfg = Release|Any CPU
		{E67F5F3A-7AEF-4B7F-B815-017EADFBB370}.Release|Any CPU.Build.0 = Release|Any CPU
		{16C22087-45FF-4053-B333-2186DC2A7586}.Debug|Any CPU.ActiveCfg = Debug|Any CPU
		{16C22087-45FF-4053-B333-2186DC2A7586}.Debug|Any CPU.Build.0 = Debug|Any CPU
		{16C22087-45FF-4053-B333-2186DC2A7586}.Release|Any CPU.ActiveCfg = Release|Any CPU
		{16C22087-45FF-4053-B333-2186DC2A7586}.Release|Any CPU.Build.0 = Release|Any CPU
		{61DF748F-A35C-48FC-9984-07B540712FB5}.Debug|Any CPU.ActiveCfg = Debug|Any CPU
		{61DF748F-A35C-48FC-9984-07B540712FB5}.Debug|Any CPU.Build.0 = Debug|Any CPU
		{61DF748F-A35C-48FC-9984-07B540712FB5}.Release|Any CPU.ActiveCfg = Release|Any CPU
		{61DF748F-A35C-48FC-9984-07B540712FB5}.Release|Any CPU.Build.0 = Release|Any CPU
		{C233528B-49B9-441E-B8A9-B5BC4D94B936}.Debug|Any CPU.ActiveCfg = Debug|Any CPU
		{C233528B-49B9-441E-B8A9-B5BC4D94B936}.Debug|Any CPU.Build.0 = Debug|Any CPU
		{C233528B-49B9-441E-B8A9-B5BC4D94B936}.Release|Any CPU.ActiveCfg = Release|Any CPU
		{C233528B-49B9-441E-B8A9-B5BC4D94B936}.Release|Any CPU.Build.0 = Release|Any CPU
	EndGlobalSection
	GlobalSection(SolutionProperties) = preSolution
		HideSolutionNode = FALSE
	EndGlobalSection
	GlobalSection(NestedProjects) = preSolution
		{3E8328E2-8D91-4F05-AE24-8FB076969901} = {44D8CB57-D8CB-4568-A249-AFE8C987AB6F}
		{91059EAE-ACBE-447D-B163-62B927F696DA} = {AF26FD1B-3D47-4D4D-B82A-618528D93853}
		{58795326-B5A7-4BE2-91A2-EC409CCD3057} = {AF26FD1B-3D47-4D4D-B82A-618528D93853}
		{9DB59F57-98ED-4D5D-92E8-1BFACE2AE80C} = {30805ED3-7708-4116-B501-864AEF327753}
		{232D5ED0-27AB-4349-8EA9-EC379ECE8CFF} = {30805ED3-7708-4116-B501-864AEF327753}
		{25779A6A-4EED-4787-AE4D-134EF3CA2FD0} = {12FDD3AC-6875-4306-990B-368A55F3BF70}
		{25C4D4E0-EC41-40D5-B581-A25486A622F7} = {12FDD3AC-6875-4306-990B-368A55F3BF70}
		{26A953C6-D56C-4218-A809-2699844E0422} = {EE6A75D1-2419-4148-8AE2-6D1B81EE6266}
		{5D53431F-1403-4840-856B-AE7089846E70} = {EE6A75D1-2419-4148-8AE2-6D1B81EE6266}
		{3671A314-6667-473B-9917-4D4C6063376D} = {B59EDB0E-C176-48BD-9F36-9A107A3E56CA}
		{7EBA9536-ABB6-49D1-A3E7-EB82224D8EF0} = {B59EDB0E-C176-48BD-9F36-9A107A3E56CA}
		{C637E2B8-DD0A-4F5A-B5DF-587031A8699A} = {E8734945-6427-4FEC-AA09-DE3E72E9B628}
		{73F399A6-F877-496B-AECA-5A9E33F5F21F} = {AF26FD1B-3D47-4D4D-B82A-618528D93853}
		{9926ED80-094A-41DA-AE91-0BEC04F72E87} = {30805ED3-7708-4116-B501-864AEF327753}
		{3F3F67E7-0CBE-4686-9808-6510CF23B8ED} = {12FDD3AC-6875-4306-990B-368A55F3BF70}
		{911DEF97-B6FA-4B6A-BA26-A22A7ABFFC6C} = {EE6A75D1-2419-4148-8AE2-6D1B81EE6266}
		{184C9D6D-6884-48E6-81F6-D33B0F87F0A1} = {B59EDB0E-C176-48BD-9F36-9A107A3E56CA}
		{2ADDCF6E-C5C3-430B-A249-87B6E07B1FCB} = {AF26FD1B-3D47-4D4D-B82A-618528D93853}
		{5A0599D7-DE6F-474C-9BF8-2844A82D0446} = {30805ED3-7708-4116-B501-864AEF327753}
		{0D9A9388-9A1C-4EC6-8536-FD7B4250301B} = {EE6A75D1-2419-4148-8AE2-6D1B81EE6266}
		{835D34DB-8E3C-414A-9ACF-199CA2EAAAE2} = {B59EDB0E-C176-48BD-9F36-9A107A3E56CA}
		{3F701F2E-49E0-4ABE-9351-022A0FCA1D72} = {12FDD3AC-6875-4306-990B-368A55F3BF70}
		{13F22A58-0498-4CC3-85EC-F63E7AE2C897} = {AF26FD1B-3D47-4D4D-B82A-618528D93853}
		{353CD44C-5079-4747-B13D-8A9B9036F37F} = {30805ED3-7708-4116-B501-864AEF327753}
		{B59EDB0E-C176-48BD-9F36-9A107A3E56CA} = {E8734945-6427-4FEC-AA09-DE3E72E9B628}
		{12FDD3AC-6875-4306-990B-368A55F3BF70} = {E8734945-6427-4FEC-AA09-DE3E72E9B628}
		{AF26FD1B-3D47-4D4D-B82A-618528D93853} = {E8734945-6427-4FEC-AA09-DE3E72E9B628}
		{EE6A75D1-2419-4148-8AE2-6D1B81EE6266} = {E8734945-6427-4FEC-AA09-DE3E72E9B628}
		{30805ED3-7708-4116-B501-864AEF327753} = {E8734945-6427-4FEC-AA09-DE3E72E9B628}
		{7E92519D-83EA-483F-BE8A-5CB0B4A91927} = {44D8CB57-D8CB-4568-A249-AFE8C987AB6F}
		{AB81EB77-0CC6-46B3-A18B-D64FCAB058C3} = {E8734945-6427-4FEC-AA09-DE3E72E9B628}
		{72A56CA3-C14F-47F3-9412-DF70C5DC67D8} = {AB81EB77-0CC6-46B3-A18B-D64FCAB058C3}
		{BDA97C57-1DC9-4034-8611-D79B73656548} = {AB81EB77-0CC6-46B3-A18B-D64FCAB058C3}
		{77837587-5C17-415E-9127-E05C764DDD02} = {AB81EB77-0CC6-46B3-A18B-D64FCAB058C3}
		{AB598477-F054-4035-BA98-49EE36E263D8} = {AB81EB77-0CC6-46B3-A18B-D64FCAB058C3}
		{C55E2A30-8381-4638-B164-9F4893EBFA93} = {E8734945-6427-4FEC-AA09-DE3E72E9B628}
		{3C733D87-AC62-4E89-A368-FA3C0145A563} = {E8734945-6427-4FEC-AA09-DE3E72E9B628}
		{8026BCB4-31E3-42E0-B24E-07A72B450E39} = {E8734945-6427-4FEC-AA09-DE3E72E9B628}
		{D8473C03-1604-4893-97F3-15C6C021ED9F} = {3C733D87-AC62-4E89-A368-FA3C0145A563}
		{355BDF75-94C2-455F-9B97-D351DAA2106C} = {3C733D87-AC62-4E89-A368-FA3C0145A563}
		{07CE98D7-FB0E-43B1-8BD7-8FD1DF5F23F2} = {3C733D87-AC62-4E89-A368-FA3C0145A563}
		{259D08BD-D161-4DEE-8990-10516A170CDB} = {3C733D87-AC62-4E89-A368-FA3C0145A563}
		{EDFF61BF-CF12-448F-A68B-77EF968947DF} = {8026BCB4-31E3-42E0-B24E-07A72B450E39}
		{497455FF-2468-4BC1-B392-9C88D3018453} = {8026BCB4-31E3-42E0-B24E-07A72B450E39}
		{518859B0-18D3-4526-B28B-6479758BC810} = {8026BCB4-31E3-42E0-B24E-07A72B450E39}
		{2AF1562E-CE99-4A74-859C-BF0C670399D6} = {8026BCB4-31E3-42E0-B24E-07A72B450E39}
		{1434C842-F12D-490D-B4CD-99DE99E19EA7} = {C55E2A30-8381-4638-B164-9F4893EBFA93}
		{C638F21A-6786-4651-9A00-4EE1F64ADC33} = {C55E2A30-8381-4638-B164-9F4893EBFA93}
		{E67F5F3A-7AEF-4B7F-B815-017EADFBB370} = {C55E2A30-8381-4638-B164-9F4893EBFA93}
		{16C22087-45FF-4053-B333-2186DC2A7586} = {C55E2A30-8381-4638-B164-9F4893EBFA93}
		{C233528B-49B9-441E-B8A9-B5BC4D94B936} = {B59EDB0E-C176-48BD-9F36-9A107A3E56CA}
	EndGlobalSection
	GlobalSection(ExtensibilityGlobals) = postSolution
		SolutionGuid = {CD9C3231-BF2C-413C-B738-70985D9981AE}
	EndGlobalSection
EndGlobal
