
Microsoft Visual Studio Solution File, Format Version 12.00
# Visual Studio Version 16
VisualStudioVersion = 16.0.31515.178
MinimumVisualStudioVersion = 10.0.40219.1
Project("{2150E333-8FDC-42A3-9474-1A3956D46DE8}") = "src", "src", "{378C4934-8725-4F0C-9C6E-3EC35A6BA68F}"
EndProject
Project("{2150E333-8FDC-42A3-9474-1A3956D46DE8}") = "infrastructures", "infrastructures", "{12313AF5-0452-4C20-8955-3E8ECDE42301}"
EndProject
Project("{9A19103F-16F7-4668-BE54-9A1E7A4F7556}") = "Accessors", "src\infrastructures\accessors\Accessors.csproj", "{4A1EFB9E-CC9B-4110-8F7D-7B32DE114D08}"
EndProject
Project("{9A19103F-16F7-4668-BE54-9A1E7A4F7556}") = "Utilities", "src\infrastructures\utilities\Utilities.csproj", "{A63FC7AE-D24B-40A9-A6D6-0A03C4387F4C}"
EndProject
Project("{9A19103F-16F7-4668-BE54-9A1E7A4F7556}") = "WpfControls", "src\infrastructures\wpfcontrols\WpfControls.csproj", "{AA79707B-6926-4F76-B0CE-6CBDDE0742DC}"
EndProject
Project("{9A19103F-16F7-4668-BE54-9A1E7A4F7556}") = "Authorizer.Models", "src\domains\authorizer.models\Authorizer.Models.csproj", "{9146ADCB-1B7A-4E07-8F60-C505D43E2624}"
EndProject
Project("{9A19103F-16F7-4668-BE54-9A1E7A4F7556}") = "Authorizer.Repository", "src\applications\authorizer.repository\Authorizer.Repository.csproj", "{8C904199-DB4D-4699-8573-4F1CEC718717}"
EndProject
Project("{9A19103F-16F7-4668-BE54-9A1E7A4F7556}") = "Configurator.Models", "src\domains\configurator.models\Configurator.Models.csproj", "{B564B571-0103-4879-A54A-726AC6C8DC2C}"
EndProject
Project("{9A19103F-16F7-4668-BE54-9A1E7A4F7556}") = "Configurator.Repository", "src\applications\configurator.repository\Configurator.Repository.csproj", "{52379A88-6CF3-42A9-9B9F-62C62829FBC1}"
EndProject
Project("{9A19103F-16F7-4668-BE54-9A1E7A4F7556}") = "Designer.Models", "src\domains\designer.models\Designer.Models.csproj", "{91059EAE-ACBE-447D-B163-62B927F696DA}"
EndProject
Project("{9A19103F-16F7-4668-BE54-9A1E7A4F7556}") = "Designer.Repository", "src\applications\designer.repository\Designer.Repository.csproj", "{73F399A6-F877-496B-AECA-5A9E33F5F21F}"
EndProject
Project("{9A19103F-16F7-4668-BE54-9A1E7A4F7556}") = "Scheduler.Models", "src\domains\scheduler.models\Scheduler.Models.csproj", "{8693F28A-6455-4EF9-94D9-65DDD7F72B12}"
EndProject
Project("{9A19103F-16F7-4668-BE54-9A1E7A4F7556}") = "Scheduler.Repository", "src\applications\scheduler.repository\Scheduler.Repository.csproj", "{1699D1CF-0A82-4EC3-8327-BC55F68D971A}"
EndProject
Project("{9A19103F-16F7-4668-BE54-9A1E7A4F7556}") = "Translator.Models", "src\domains\translator.models\Translator.Models.csproj", "{4BD45BAD-FA50-4127-9F50-21FB66580634}"
EndProject
Project("{9A19103F-16F7-4668-BE54-9A1E7A4F7556}") = "Translator.Repository", "src\applications\translator.repository\Translator.Repository.csproj", "{1D693629-AAB3-4ACB-884C-44D792255600}"
EndProject
Project("{2150E333-8FDC-42A3-9474-1A3956D46DE8}") = "app", "app", "{44D8CB57-D8CB-4568-A249-AFE8C987AB6F}"
EndProject
Project("{9A19103F-16F7-4668-BE54-9A1E7A4F7556}") = "Designer.Service", "src\applications\designer.service\Designer.Service.csproj", "{2ADDCF6E-C5C3-430B-A249-87B6E07B1FCB}"
EndProject
Project("{9A19103F-16F7-4668-BE54-9A1E7A4F7556}") = "Configurator.Service", "src\applications\configurator.service\Configurator.Service.csproj", "{1B846C98-3CA3-473A-A974-2EC5D9D4FED2}"
EndProject
Project("{9A19103F-16F7-4668-BE54-9A1E7A4F7556}") = "Authorizer.Service", "src\applications\authorizer.service\Authorizer.Service.csproj", "{4E4645AA-B023-431E-8296-860BB198A546}"
EndProject
Project("{9A19103F-16F7-4668-BE54-9A1E7A4F7556}") = "Scheduler.Service", "src\applications\scheduler.service\Scheduler.Service.csproj", "{17FD151F-48BB-485A-AE50-879DC3D0E21E}"
EndProject
Project("{9A19103F-16F7-4668-BE54-9A1E7A4F7556}") = "Translator.Service", "src\applications\translator.service\Translator.Service.csproj", "{E231058F-D3FE-4055-AC3D-6C04B5DD00A6}"
EndProject
Project("{9A19103F-16F7-4668-BE54-9A1E7A4F7556}") = "Wpf", "app\wpf\Wpf.csproj", "{F5F1E59C-747B-4CAE-BA8C-9EC761A8F8E2}"
EndProject
Project("{9A19103F-16F7-4668-BE54-9A1E7A4F7556}") = "WpfDesigns", "src\infrastructures\wpfdesigns\WpfDesigns.csproj", "{B4C24F0A-3910-4BB0-8B24-5EEA28C1B85A}"
EndProject
Project("{9A19103F-16F7-4668-BE54-9A1E7A4F7556}") = "Mov", "app\mov\Mov.csproj", "{3E8328E2-8D91-4F05-AE24-8FB076969901}"
EndProject
Project("{9A19103F-16F7-4668-BE54-9A1E7A4F7556}") = "Loggers", "src\infrastructures\loggers\Loggers.csproj", "{CCD6D19B-1136-4B7E-AAD8-0BFFCE9A58E9}"
EndProject
Project("{9A19103F-16F7-4668-BE54-9A1E7A4F7556}") = "Configurator.Views", "src\presentations\wpf\configurator.views\Configurator.Views.csproj", "{2E8D6B9A-EEB1-4A9F-8776-0BFCCA0D37F1}"
EndProject
Project("{9A19103F-16F7-4668-BE54-9A1E7A4F7556}") = "Configurator.ViewModels", "src\presentations\wpf\configurator.viewmodels\Configurator.ViewModels.csproj", "{EBF9E709-A012-4237-BF07-DB35D1C0701D}"
EndProject
Project("{9A19103F-16F7-4668-BE54-9A1E7A4F7556}") = "WpfViewModels", "src\presentations\wpf\wpfviewmodels\WpfViewModels.csproj", "{0EFC27C6-8C1A-4859-9923-51F277A5AAF7}"
EndProject
Project("{2150E333-8FDC-42A3-9474-1A3956D46DE8}") = "lib", "lib", "{B0FDCC6E-7726-4952-BF3C-9FE1757E6C82}"
EndProject
Project("{9A19103F-16F7-4668-BE54-9A1E7A4F7556}") = "WpfLib", "lib\wpflib\WpfLib.csproj", "{D90AD652-2142-4D9D-9624-7925EFA1180D}"
EndProject
Project("{9A19103F-16F7-4668-BE54-9A1E7A4F7556}") = "BaseLib", "lib\baselib\BaseLib.csproj", "{199E705E-E94E-4201-8C40-CDCB0E1CD936}"
EndProject
Project("{9A19103F-16F7-4668-BE54-9A1E7A4F7556}") = "WpfViews", "src\presentations\wpf\wpfviews\WpfViews.csproj", "{03C92467-1851-4354-871D-7B29BF9AC15B}"
EndProject
Project("{9A19103F-16F7-4668-BE54-9A1E7A4F7556}") = "Authorizer.ViewModels", "src\presentations\wpf\authorizer.viewmodels\Authorizer.ViewModels.csproj", "{9E361CDF-DCA5-43D3-A5DD-63D6BA288B1E}"
EndProject
Project("{9A19103F-16F7-4668-BE54-9A1E7A4F7556}") = "Authorizer.Views", "src\presentations\wpf\authorizer.views\Authorizer.Views.csproj", "{FCA87D7D-5DC4-4FDC-A7C6-43279D92D1A5}"
EndProject
Project("{9A19103F-16F7-4668-BE54-9A1E7A4F7556}") = "Designer.ViewModels", "src\presentations\wpf\designer.viewmodels\Designer.ViewModels.csproj", "{4E3D0BEF-9979-44F4-9060-06DA6D5EC7B2}"
EndProject
Project("{9A19103F-16F7-4668-BE54-9A1E7A4F7556}") = "Designer.Views", "src\presentations\wpf\designer.views\Designer.Views.csproj", "{10DA5AF9-9A6C-4D36-B256-179B998BE482}"
EndProject
Project("{9A19103F-16F7-4668-BE54-9A1E7A4F7556}") = "Scheduler.ViewModels", "src\presentations\wpf\scheduler.viewmodels\Scheduler.ViewModels.csproj", "{11F15860-6B32-4B46-A1A5-5A74EF2C7BE4}"
EndProject
Project("{9A19103F-16F7-4668-BE54-9A1E7A4F7556}") = "Scheduler.Views", "src\presentations\wpf\scheduler.views\Scheduler.Views.csproj", "{0F753566-5420-45DD-9727-EFA687B37AFF}"
EndProject
Project("{9A19103F-16F7-4668-BE54-9A1E7A4F7556}") = "Translator.ViewModels", "src\presentations\wpf\translator.viewmodels\Translator.ViewModels.csproj", "{A58D9A0C-1A23-4001-ABC9-29F30BCB37B7}"
EndProject
Project("{9A19103F-16F7-4668-BE54-9A1E7A4F7556}") = "Translator.Views", "src\presentations\wpf\translator.views\Translator.Views.csproj", "{0E02A298-D9CD-4DD0-8374-D40C801B344F}"
EndProject
Project("{2150E333-8FDC-42A3-9474-1A3956D46DE8}") = "domains", "domains", "{438402C2-B5EF-4CB6-9BFB-EDA2D4132DE4}"
EndProject
Project("{2150E333-8FDC-42A3-9474-1A3956D46DE8}") = "applications", "applications", "{F450BFE0-7F0F-496C-9BF6-8D349A2F3584}"
EndProject
Project("{2150E333-8FDC-42A3-9474-1A3956D46DE8}") = "presentations", "presentations", "{36380A23-6F9F-4225-A693-DBF4E98630F7}"
EndProject
Project("{2150E333-8FDC-42A3-9474-1A3956D46DE8}") = "wpf", "wpf", "{C849D8F6-439F-467D-A7A8-8996F6ECF9E4}"
EndProject
Project("{9A19103F-16F7-4668-BE54-9A1E7A4F7556}") = "Asp", "app\Asp\Asp.csproj", "{247C1D7D-DFE0-4E98-B8D5-D4D02795F26C}"
EndProject
Project("{2150E333-8FDC-42A3-9474-1A3956D46DE8}") = "pages", "pages", "{358B5A71-E6E3-45BC-B4AC-D69904811509}"
EndProject
Project("{9A19103F-16F7-4668-BE54-9A1E7A4F7556}") = "Macro.Models", "src\domains\macro.models\Macro.Models.csproj", "{A90063AA-3D0F-4D58-868B-79E677D82119}"
EndProject
Project("{9A19103F-16F7-4668-BE54-9A1E7A4F7556}") = "Macro.Repository", "src\applications\macro.repository\Macro.Repository.csproj", "{04F95A32-F9ED-4042-9E06-BCCBDDB8F2CF}"
EndProject
Project("{9A19103F-16F7-4668-BE54-9A1E7A4F7556}") = "Designer.Service.Test", "src\applications\designer.service.test\Designer.Service.Test.csproj", "{13F22A58-0498-4CC3-85EC-F63E7AE2C897}"
EndProject
Project("{9A19103F-16F7-4668-BE54-9A1E7A4F7556}") = "Game.Models", "src\domains\game.models\Game.Models.csproj", "{9DB59F57-98ED-4D5D-92E8-1BFACE2AE80C}"
EndProject
Project("{9A19103F-16F7-4668-BE54-9A1E7A4F7556}") = "Game.Repository", "src\applications\game.repository\Game.Repository.csproj", "{9926ED80-094A-41DA-AE91-0BEC04F72E87}"
EndProject
Project("{9A19103F-16F7-4668-BE54-9A1E7A4F7556}") = "Game.Service", "src\applications\game.service\Game.Service.csproj", "{5A0599D7-DE6F-474C-9BF8-2844A82D0446}"
EndProject
Project("{9A19103F-16F7-4668-BE54-9A1E7A4F7556}") = "Game.ViewModels", "src\presentations\wpf\game.viewmodels\Game.ViewModels.csproj", "{3536363D-06DC-4213-93AE-4D9D0DBF54AF}"
EndProject
Project("{9A19103F-16F7-4668-BE54-9A1E7A4F7556}") = "Game.Views", "src\presentations\wpf\game.views\Game.Views.csproj", "{8B49221A-AD98-4035-9EBD-B4CC9D700147}"
EndProject
Project("{9A19103F-16F7-4668-BE54-9A1E7A4F7556}") = "Game.Service.Test", "src\applications\game.service.test\Game.Service.Test.csproj", "{353CD44C-5079-4747-B13D-8A9B9036F37F}"
EndProject
Project("{9A19103F-16F7-4668-BE54-9A1E7A4F7556}") = "Driver.Models", "src\domains\driver.models\Driver.Models.csproj", "{6053982A-A697-45D4-9501-D16183E0BB37}"
EndProject
Project("{9A19103F-16F7-4668-BE54-9A1E7A4F7556}") = "Driver.Repository", "src\applications\driver.repository\Driver.Repository.csproj", "{1B745B07-EBEF-41A4-A8E2-1555D878D690}"
EndProject
Project("{9A19103F-16F7-4668-BE54-9A1E7A4F7556}") = "Driver.Service", "src\applications\driver.service\Driver.Service.csproj", "{C47F2C6B-2A03-4280-91FE-6B3A201DDBC2}"
EndProject
Global
	GlobalSection(SolutionConfigurationPlatforms) = preSolution
		Debug|Any CPU = Debug|Any CPU
		Release|Any CPU = Release|Any CPU
	EndGlobalSection
	GlobalSection(ProjectConfigurationPlatforms) = postSolution
		{4A1EFB9E-CC9B-4110-8F7D-7B32DE114D08}.Debug|Any CPU.ActiveCfg = Debug|Any CPU
		{4A1EFB9E-CC9B-4110-8F7D-7B32DE114D08}.Debug|Any CPU.Build.0 = Debug|Any CPU
		{4A1EFB9E-CC9B-4110-8F7D-7B32DE114D08}.Release|Any CPU.ActiveCfg = Release|Any CPU
		{4A1EFB9E-CC9B-4110-8F7D-7B32DE114D08}.Release|Any CPU.Build.0 = Release|Any CPU
		{A63FC7AE-D24B-40A9-A6D6-0A03C4387F4C}.Debug|Any CPU.ActiveCfg = Debug|Any CPU
		{A63FC7AE-D24B-40A9-A6D6-0A03C4387F4C}.Debug|Any CPU.Build.0 = Debug|Any CPU
		{A63FC7AE-D24B-40A9-A6D6-0A03C4387F4C}.Release|Any CPU.ActiveCfg = Release|Any CPU
		{A63FC7AE-D24B-40A9-A6D6-0A03C4387F4C}.Release|Any CPU.Build.0 = Release|Any CPU
		{AA79707B-6926-4F76-B0CE-6CBDDE0742DC}.Debug|Any CPU.ActiveCfg = Debug|Any CPU
		{AA79707B-6926-4F76-B0CE-6CBDDE0742DC}.Debug|Any CPU.Build.0 = Debug|Any CPU
		{AA79707B-6926-4F76-B0CE-6CBDDE0742DC}.Release|Any CPU.ActiveCfg = Release|Any CPU
		{AA79707B-6926-4F76-B0CE-6CBDDE0742DC}.Release|Any CPU.Build.0 = Release|Any CPU
		{9146ADCB-1B7A-4E07-8F60-C505D43E2624}.Debug|Any CPU.ActiveCfg = Debug|Any CPU
		{9146ADCB-1B7A-4E07-8F60-C505D43E2624}.Debug|Any CPU.Build.0 = Debug|Any CPU
		{9146ADCB-1B7A-4E07-8F60-C505D43E2624}.Release|Any CPU.ActiveCfg = Release|Any CPU
		{9146ADCB-1B7A-4E07-8F60-C505D43E2624}.Release|Any CPU.Build.0 = Release|Any CPU
		{8C904199-DB4D-4699-8573-4F1CEC718717}.Debug|Any CPU.ActiveCfg = Debug|Any CPU
		{8C904199-DB4D-4699-8573-4F1CEC718717}.Debug|Any CPU.Build.0 = Debug|Any CPU
		{8C904199-DB4D-4699-8573-4F1CEC718717}.Release|Any CPU.ActiveCfg = Release|Any CPU
		{8C904199-DB4D-4699-8573-4F1CEC718717}.Release|Any CPU.Build.0 = Release|Any CPU
		{B564B571-0103-4879-A54A-726AC6C8DC2C}.Debug|Any CPU.ActiveCfg = Debug|Any CPU
		{B564B571-0103-4879-A54A-726AC6C8DC2C}.Debug|Any CPU.Build.0 = Debug|Any CPU
		{B564B571-0103-4879-A54A-726AC6C8DC2C}.Release|Any CPU.ActiveCfg = Release|Any CPU
		{B564B571-0103-4879-A54A-726AC6C8DC2C}.Release|Any CPU.Build.0 = Release|Any CPU
		{52379A88-6CF3-42A9-9B9F-62C62829FBC1}.Debug|Any CPU.ActiveCfg = Debug|Any CPU
		{52379A88-6CF3-42A9-9B9F-62C62829FBC1}.Debug|Any CPU.Build.0 = Debug|Any CPU
		{52379A88-6CF3-42A9-9B9F-62C62829FBC1}.Release|Any CPU.ActiveCfg = Release|Any CPU
		{52379A88-6CF3-42A9-9B9F-62C62829FBC1}.Release|Any CPU.Build.0 = Release|Any CPU
		{91059EAE-ACBE-447D-B163-62B927F696DA}.Debug|Any CPU.ActiveCfg = Debug|Any CPU
		{91059EAE-ACBE-447D-B163-62B927F696DA}.Debug|Any CPU.Build.0 = Debug|Any CPU
		{91059EAE-ACBE-447D-B163-62B927F696DA}.Release|Any CPU.ActiveCfg = Release|Any CPU
		{91059EAE-ACBE-447D-B163-62B927F696DA}.Release|Any CPU.Build.0 = Release|Any CPU
		{73F399A6-F877-496B-AECA-5A9E33F5F21F}.Debug|Any CPU.ActiveCfg = Debug|Any CPU
		{73F399A6-F877-496B-AECA-5A9E33F5F21F}.Debug|Any CPU.Build.0 = Debug|Any CPU
		{73F399A6-F877-496B-AECA-5A9E33F5F21F}.Release|Any CPU.ActiveCfg = Release|Any CPU
		{73F399A6-F877-496B-AECA-5A9E33F5F21F}.Release|Any CPU.Build.0 = Release|Any CPU
		{8693F28A-6455-4EF9-94D9-65DDD7F72B12}.Debug|Any CPU.ActiveCfg = Debug|Any CPU
		{8693F28A-6455-4EF9-94D9-65DDD7F72B12}.Debug|Any CPU.Build.0 = Debug|Any CPU
		{8693F28A-6455-4EF9-94D9-65DDD7F72B12}.Release|Any CPU.ActiveCfg = Release|Any CPU
		{8693F28A-6455-4EF9-94D9-65DDD7F72B12}.Release|Any CPU.Build.0 = Release|Any CPU
		{1699D1CF-0A82-4EC3-8327-BC55F68D971A}.Debug|Any CPU.ActiveCfg = Debug|Any CPU
		{1699D1CF-0A82-4EC3-8327-BC55F68D971A}.Debug|Any CPU.Build.0 = Debug|Any CPU
		{1699D1CF-0A82-4EC3-8327-BC55F68D971A}.Release|Any CPU.ActiveCfg = Release|Any CPU
		{1699D1CF-0A82-4EC3-8327-BC55F68D971A}.Release|Any CPU.Build.0 = Release|Any CPU
		{4BD45BAD-FA50-4127-9F50-21FB66580634}.Debug|Any CPU.ActiveCfg = Debug|Any CPU
		{4BD45BAD-FA50-4127-9F50-21FB66580634}.Debug|Any CPU.Build.0 = Debug|Any CPU
		{4BD45BAD-FA50-4127-9F50-21FB66580634}.Release|Any CPU.ActiveCfg = Release|Any CPU
		{4BD45BAD-FA50-4127-9F50-21FB66580634}.Release|Any CPU.Build.0 = Release|Any CPU
		{1D693629-AAB3-4ACB-884C-44D792255600}.Debug|Any CPU.ActiveCfg = Debug|Any CPU
		{1D693629-AAB3-4ACB-884C-44D792255600}.Debug|Any CPU.Build.0 = Debug|Any CPU
		{1D693629-AAB3-4ACB-884C-44D792255600}.Release|Any CPU.ActiveCfg = Release|Any CPU
		{1D693629-AAB3-4ACB-884C-44D792255600}.Release|Any CPU.Build.0 = Release|Any CPU
		{2ADDCF6E-C5C3-430B-A249-87B6E07B1FCB}.Debug|Any CPU.ActiveCfg = Debug|Any CPU
		{2ADDCF6E-C5C3-430B-A249-87B6E07B1FCB}.Debug|Any CPU.Build.0 = Debug|Any CPU
		{2ADDCF6E-C5C3-430B-A249-87B6E07B1FCB}.Release|Any CPU.ActiveCfg = Release|Any CPU
		{2ADDCF6E-C5C3-430B-A249-87B6E07B1FCB}.Release|Any CPU.Build.0 = Release|Any CPU
		{1B846C98-3CA3-473A-A974-2EC5D9D4FED2}.Debug|Any CPU.ActiveCfg = Debug|Any CPU
		{1B846C98-3CA3-473A-A974-2EC5D9D4FED2}.Debug|Any CPU.Build.0 = Debug|Any CPU
		{1B846C98-3CA3-473A-A974-2EC5D9D4FED2}.Release|Any CPU.ActiveCfg = Release|Any CPU
		{1B846C98-3CA3-473A-A974-2EC5D9D4FED2}.Release|Any CPU.Build.0 = Release|Any CPU
		{4E4645AA-B023-431E-8296-860BB198A546}.Debug|Any CPU.ActiveCfg = Debug|Any CPU
		{4E4645AA-B023-431E-8296-860BB198A546}.Debug|Any CPU.Build.0 = Debug|Any CPU
		{4E4645AA-B023-431E-8296-860BB198A546}.Release|Any CPU.ActiveCfg = Release|Any CPU
		{4E4645AA-B023-431E-8296-860BB198A546}.Release|Any CPU.Build.0 = Release|Any CPU
		{17FD151F-48BB-485A-AE50-879DC3D0E21E}.Debug|Any CPU.ActiveCfg = Debug|Any CPU
		{17FD151F-48BB-485A-AE50-879DC3D0E21E}.Debug|Any CPU.Build.0 = Debug|Any CPU
		{17FD151F-48BB-485A-AE50-879DC3D0E21E}.Release|Any CPU.ActiveCfg = Release|Any CPU
		{17FD151F-48BB-485A-AE50-879DC3D0E21E}.Release|Any CPU.Build.0 = Release|Any CPU
		{E231058F-D3FE-4055-AC3D-6C04B5DD00A6}.Debug|Any CPU.ActiveCfg = Debug|Any CPU
		{E231058F-D3FE-4055-AC3D-6C04B5DD00A6}.Debug|Any CPU.Build.0 = Debug|Any CPU
		{E231058F-D3FE-4055-AC3D-6C04B5DD00A6}.Release|Any CPU.ActiveCfg = Release|Any CPU
		{E231058F-D3FE-4055-AC3D-6C04B5DD00A6}.Release|Any CPU.Build.0 = Release|Any CPU
		{F5F1E59C-747B-4CAE-BA8C-9EC761A8F8E2}.Debug|Any CPU.ActiveCfg = Debug|Any CPU
		{F5F1E59C-747B-4CAE-BA8C-9EC761A8F8E2}.Debug|Any CPU.Build.0 = Debug|Any CPU
		{F5F1E59C-747B-4CAE-BA8C-9EC761A8F8E2}.Release|Any CPU.ActiveCfg = Release|Any CPU
		{F5F1E59C-747B-4CAE-BA8C-9EC761A8F8E2}.Release|Any CPU.Build.0 = Release|Any CPU
		{B4C24F0A-3910-4BB0-8B24-5EEA28C1B85A}.Debug|Any CPU.ActiveCfg = Debug|Any CPU
		{B4C24F0A-3910-4BB0-8B24-5EEA28C1B85A}.Debug|Any CPU.Build.0 = Debug|Any CPU
		{B4C24F0A-3910-4BB0-8B24-5EEA28C1B85A}.Release|Any CPU.ActiveCfg = Release|Any CPU
		{B4C24F0A-3910-4BB0-8B24-5EEA28C1B85A}.Release|Any CPU.Build.0 = Release|Any CPU
		{3E8328E2-8D91-4F05-AE24-8FB076969901}.Debug|Any CPU.ActiveCfg = Debug|Any CPU
		{3E8328E2-8D91-4F05-AE24-8FB076969901}.Debug|Any CPU.Build.0 = Debug|Any CPU
		{3E8328E2-8D91-4F05-AE24-8FB076969901}.Release|Any CPU.ActiveCfg = Release|Any CPU
		{3E8328E2-8D91-4F05-AE24-8FB076969901}.Release|Any CPU.Build.0 = Release|Any CPU
		{CCD6D19B-1136-4B7E-AAD8-0BFFCE9A58E9}.Debug|Any CPU.ActiveCfg = Debug|Any CPU
		{CCD6D19B-1136-4B7E-AAD8-0BFFCE9A58E9}.Debug|Any CPU.Build.0 = Debug|Any CPU
		{CCD6D19B-1136-4B7E-AAD8-0BFFCE9A58E9}.Release|Any CPU.ActiveCfg = Release|Any CPU
		{CCD6D19B-1136-4B7E-AAD8-0BFFCE9A58E9}.Release|Any CPU.Build.0 = Release|Any CPU
		{2E8D6B9A-EEB1-4A9F-8776-0BFCCA0D37F1}.Debug|Any CPU.ActiveCfg = Debug|Any CPU
		{2E8D6B9A-EEB1-4A9F-8776-0BFCCA0D37F1}.Debug|Any CPU.Build.0 = Debug|Any CPU
		{2E8D6B9A-EEB1-4A9F-8776-0BFCCA0D37F1}.Release|Any CPU.ActiveCfg = Release|Any CPU
		{2E8D6B9A-EEB1-4A9F-8776-0BFCCA0D37F1}.Release|Any CPU.Build.0 = Release|Any CPU
		{EBF9E709-A012-4237-BF07-DB35D1C0701D}.Debug|Any CPU.ActiveCfg = Debug|Any CPU
		{EBF9E709-A012-4237-BF07-DB35D1C0701D}.Debug|Any CPU.Build.0 = Debug|Any CPU
		{EBF9E709-A012-4237-BF07-DB35D1C0701D}.Release|Any CPU.ActiveCfg = Release|Any CPU
		{EBF9E709-A012-4237-BF07-DB35D1C0701D}.Release|Any CPU.Build.0 = Release|Any CPU
		{0EFC27C6-8C1A-4859-9923-51F277A5AAF7}.Debug|Any CPU.ActiveCfg = Debug|Any CPU
		{0EFC27C6-8C1A-4859-9923-51F277A5AAF7}.Debug|Any CPU.Build.0 = Debug|Any CPU
		{0EFC27C6-8C1A-4859-9923-51F277A5AAF7}.Release|Any CPU.ActiveCfg = Release|Any CPU
		{0EFC27C6-8C1A-4859-9923-51F277A5AAF7}.Release|Any CPU.Build.0 = Release|Any CPU
		{D90AD652-2142-4D9D-9624-7925EFA1180D}.Debug|Any CPU.ActiveCfg = Debug|Any CPU
		{D90AD652-2142-4D9D-9624-7925EFA1180D}.Debug|Any CPU.Build.0 = Debug|Any CPU
		{D90AD652-2142-4D9D-9624-7925EFA1180D}.Release|Any CPU.ActiveCfg = Release|Any CPU
		{D90AD652-2142-4D9D-9624-7925EFA1180D}.Release|Any CPU.Build.0 = Release|Any CPU
		{199E705E-E94E-4201-8C40-CDCB0E1CD936}.Debug|Any CPU.ActiveCfg = Debug|Any CPU
		{199E705E-E94E-4201-8C40-CDCB0E1CD936}.Debug|Any CPU.Build.0 = Debug|Any CPU
		{199E705E-E94E-4201-8C40-CDCB0E1CD936}.Release|Any CPU.ActiveCfg = Release|Any CPU
		{199E705E-E94E-4201-8C40-CDCB0E1CD936}.Release|Any CPU.Build.0 = Release|Any CPU
		{03C92467-1851-4354-871D-7B29BF9AC15B}.Debug|Any CPU.ActiveCfg = Debug|Any CPU
		{03C92467-1851-4354-871D-7B29BF9AC15B}.Debug|Any CPU.Build.0 = Debug|Any CPU
		{03C92467-1851-4354-871D-7B29BF9AC15B}.Release|Any CPU.ActiveCfg = Release|Any CPU
		{03C92467-1851-4354-871D-7B29BF9AC15B}.Release|Any CPU.Build.0 = Release|Any CPU
		{9E361CDF-DCA5-43D3-A5DD-63D6BA288B1E}.Debug|Any CPU.ActiveCfg = Debug|Any CPU
		{9E361CDF-DCA5-43D3-A5DD-63D6BA288B1E}.Debug|Any CPU.Build.0 = Debug|Any CPU
		{9E361CDF-DCA5-43D3-A5DD-63D6BA288B1E}.Release|Any CPU.ActiveCfg = Release|Any CPU
		{9E361CDF-DCA5-43D3-A5DD-63D6BA288B1E}.Release|Any CPU.Build.0 = Release|Any CPU
		{FCA87D7D-5DC4-4FDC-A7C6-43279D92D1A5}.Debug|Any CPU.ActiveCfg = Debug|Any CPU
		{FCA87D7D-5DC4-4FDC-A7C6-43279D92D1A5}.Debug|Any CPU.Build.0 = Debug|Any CPU
		{FCA87D7D-5DC4-4FDC-A7C6-43279D92D1A5}.Release|Any CPU.ActiveCfg = Release|Any CPU
		{FCA87D7D-5DC4-4FDC-A7C6-43279D92D1A5}.Release|Any CPU.Build.0 = Release|Any CPU
		{4E3D0BEF-9979-44F4-9060-06DA6D5EC7B2}.Debug|Any CPU.ActiveCfg = Debug|Any CPU
		{4E3D0BEF-9979-44F4-9060-06DA6D5EC7B2}.Debug|Any CPU.Build.0 = Debug|Any CPU
		{4E3D0BEF-9979-44F4-9060-06DA6D5EC7B2}.Release|Any CPU.ActiveCfg = Release|Any CPU
		{4E3D0BEF-9979-44F4-9060-06DA6D5EC7B2}.Release|Any CPU.Build.0 = Release|Any CPU
		{10DA5AF9-9A6C-4D36-B256-179B998BE482}.Debug|Any CPU.ActiveCfg = Debug|Any CPU
		{10DA5AF9-9A6C-4D36-B256-179B998BE482}.Debug|Any CPU.Build.0 = Debug|Any CPU
		{10DA5AF9-9A6C-4D36-B256-179B998BE482}.Release|Any CPU.ActiveCfg = Release|Any CPU
		{10DA5AF9-9A6C-4D36-B256-179B998BE482}.Release|Any CPU.Build.0 = Release|Any CPU
		{11F15860-6B32-4B46-A1A5-5A74EF2C7BE4}.Debug|Any CPU.ActiveCfg = Debug|Any CPU
		{11F15860-6B32-4B46-A1A5-5A74EF2C7BE4}.Debug|Any CPU.Build.0 = Debug|Any CPU
		{11F15860-6B32-4B46-A1A5-5A74EF2C7BE4}.Release|Any CPU.ActiveCfg = Release|Any CPU
		{11F15860-6B32-4B46-A1A5-5A74EF2C7BE4}.Release|Any CPU.Build.0 = Release|Any CPU
		{0F753566-5420-45DD-9727-EFA687B37AFF}.Debug|Any CPU.ActiveCfg = Debug|Any CPU
		{0F753566-5420-45DD-9727-EFA687B37AFF}.Debug|Any CPU.Build.0 = Debug|Any CPU
		{0F753566-5420-45DD-9727-EFA687B37AFF}.Release|Any CPU.ActiveCfg = Release|Any CPU
		{0F753566-5420-45DD-9727-EFA687B37AFF}.Release|Any CPU.Build.0 = Release|Any CPU
		{A58D9A0C-1A23-4001-ABC9-29F30BCB37B7}.Debug|Any CPU.ActiveCfg = Debug|Any CPU
		{A58D9A0C-1A23-4001-ABC9-29F30BCB37B7}.Debug|Any CPU.Build.0 = Debug|Any CPU
		{A58D9A0C-1A23-4001-ABC9-29F30BCB37B7}.Release|Any CPU.ActiveCfg = Release|Any CPU
		{A58D9A0C-1A23-4001-ABC9-29F30BCB37B7}.Release|Any CPU.Build.0 = Release|Any CPU
		{0E02A298-D9CD-4DD0-8374-D40C801B344F}.Debug|Any CPU.ActiveCfg = Debug|Any CPU
		{0E02A298-D9CD-4DD0-8374-D40C801B344F}.Debug|Any CPU.Build.0 = Debug|Any CPU
		{0E02A298-D9CD-4DD0-8374-D40C801B344F}.Release|Any CPU.ActiveCfg = Release|Any CPU
		{0E02A298-D9CD-4DD0-8374-D40C801B344F}.Release|Any CPU.Build.0 = Release|Any CPU
		{247C1D7D-DFE0-4E98-B8D5-D4D02795F26C}.Debug|Any CPU.ActiveCfg = Debug|Any CPU
		{247C1D7D-DFE0-4E98-B8D5-D4D02795F26C}.Debug|Any CPU.Build.0 = Debug|Any CPU
		{247C1D7D-DFE0-4E98-B8D5-D4D02795F26C}.Release|Any CPU.ActiveCfg = Release|Any CPU
		{247C1D7D-DFE0-4E98-B8D5-D4D02795F26C}.Release|Any CPU.Build.0 = Release|Any CPU
		{A90063AA-3D0F-4D58-868B-79E677D82119}.Debug|Any CPU.ActiveCfg = Debug|Any CPU
		{A90063AA-3D0F-4D58-868B-79E677D82119}.Debug|Any CPU.Build.0 = Debug|Any CPU
		{A90063AA-3D0F-4D58-868B-79E677D82119}.Release|Any CPU.ActiveCfg = Release|Any CPU
		{A90063AA-3D0F-4D58-868B-79E677D82119}.Release|Any CPU.Build.0 = Release|Any CPU
		{04F95A32-F9ED-4042-9E06-BCCBDDB8F2CF}.Debug|Any CPU.ActiveCfg = Debug|Any CPU
		{04F95A32-F9ED-4042-9E06-BCCBDDB8F2CF}.Debug|Any CPU.Build.0 = Debug|Any CPU
		{04F95A32-F9ED-4042-9E06-BCCBDDB8F2CF}.Release|Any CPU.ActiveCfg = Release|Any CPU
		{04F95A32-F9ED-4042-9E06-BCCBDDB8F2CF}.Release|Any CPU.Build.0 = Release|Any CPU
		{13F22A58-0498-4CC3-85EC-F63E7AE2C897}.Debug|Any CPU.ActiveCfg = Debug|Any CPU
		{13F22A58-0498-4CC3-85EC-F63E7AE2C897}.Debug|Any CPU.Build.0 = Debug|Any CPU
		{13F22A58-0498-4CC3-85EC-F63E7AE2C897}.Release|Any CPU.ActiveCfg = Release|Any CPU
		{13F22A58-0498-4CC3-85EC-F63E7AE2C897}.Release|Any CPU.Build.0 = Release|Any CPU
		{9DB59F57-98ED-4D5D-92E8-1BFACE2AE80C}.Debug|Any CPU.ActiveCfg = Debug|Any CPU
		{9DB59F57-98ED-4D5D-92E8-1BFACE2AE80C}.Debug|Any CPU.Build.0 = Debug|Any CPU
		{9DB59F57-98ED-4D5D-92E8-1BFACE2AE80C}.Release|Any CPU.ActiveCfg = Release|Any CPU
		{9DB59F57-98ED-4D5D-92E8-1BFACE2AE80C}.Release|Any CPU.Build.0 = Release|Any CPU
		{9926ED80-094A-41DA-AE91-0BEC04F72E87}.Debug|Any CPU.ActiveCfg = Debug|Any CPU
		{9926ED80-094A-41DA-AE91-0BEC04F72E87}.Debug|Any CPU.Build.0 = Debug|Any CPU
		{9926ED80-094A-41DA-AE91-0BEC04F72E87}.Release|Any CPU.ActiveCfg = Release|Any CPU
		{9926ED80-094A-41DA-AE91-0BEC04F72E87}.Release|Any CPU.Build.0 = Release|Any CPU
		{5A0599D7-DE6F-474C-9BF8-2844A82D0446}.Debug|Any CPU.ActiveCfg = Debug|Any CPU
		{5A0599D7-DE6F-474C-9BF8-2844A82D0446}.Debug|Any CPU.Build.0 = Debug|Any CPU
		{5A0599D7-DE6F-474C-9BF8-2844A82D0446}.Release|Any CPU.ActiveCfg = Release|Any CPU
		{5A0599D7-DE6F-474C-9BF8-2844A82D0446}.Release|Any CPU.Build.0 = Release|Any CPU
		{3536363D-06DC-4213-93AE-4D9D0DBF54AF}.Debug|Any CPU.ActiveCfg = Debug|Any CPU
		{3536363D-06DC-4213-93AE-4D9D0DBF54AF}.Debug|Any CPU.Build.0 = Debug|Any CPU
		{3536363D-06DC-4213-93AE-4D9D0DBF54AF}.Release|Any CPU.ActiveCfg = Release|Any CPU
		{3536363D-06DC-4213-93AE-4D9D0DBF54AF}.Release|Any CPU.Build.0 = Release|Any CPU
		{8B49221A-AD98-4035-9EBD-B4CC9D700147}.Debug|Any CPU.ActiveCfg = Debug|Any CPU
		{8B49221A-AD98-4035-9EBD-B4CC9D700147}.Debug|Any CPU.Build.0 = Debug|Any CPU
		{8B49221A-AD98-4035-9EBD-B4CC9D700147}.Release|Any CPU.ActiveCfg = Release|Any CPU
		{8B49221A-AD98-4035-9EBD-B4CC9D700147}.Release|Any CPU.Build.0 = Release|Any CPU
		{353CD44C-5079-4747-B13D-8A9B9036F37F}.Debug|Any CPU.ActiveCfg = Debug|Any CPU
		{353CD44C-5079-4747-B13D-8A9B9036F37F}.Debug|Any CPU.Build.0 = Debug|Any CPU
		{353CD44C-5079-4747-B13D-8A9B9036F37F}.Release|Any CPU.ActiveCfg = Release|Any CPU
		{353CD44C-5079-4747-B13D-8A9B9036F37F}.Release|Any CPU.Build.0 = Release|Any CPU
		{6053982A-A697-45D4-9501-D16183E0BB37}.Debug|Any CPU.ActiveCfg = Debug|Any CPU
		{6053982A-A697-45D4-9501-D16183E0BB37}.Debug|Any CPU.Build.0 = Debug|Any CPU
		{6053982A-A697-45D4-9501-D16183E0BB37}.Release|Any CPU.ActiveCfg = Release|Any CPU
		{6053982A-A697-45D4-9501-D16183E0BB37}.Release|Any CPU.Build.0 = Release|Any CPU
		{1B745B07-EBEF-41A4-A8E2-1555D878D690}.Debug|Any CPU.ActiveCfg = Debug|Any CPU
		{1B745B07-EBEF-41A4-A8E2-1555D878D690}.Debug|Any CPU.Build.0 = Debug|Any CPU
		{1B745B07-EBEF-41A4-A8E2-1555D878D690}.Release|Any CPU.ActiveCfg = Release|Any CPU
		{1B745B07-EBEF-41A4-A8E2-1555D878D690}.Release|Any CPU.Build.0 = Release|Any CPU
		{C47F2C6B-2A03-4280-91FE-6B3A201DDBC2}.Debug|Any CPU.ActiveCfg = Debug|Any CPU
		{C47F2C6B-2A03-4280-91FE-6B3A201DDBC2}.Debug|Any CPU.Build.0 = Debug|Any CPU
		{C47F2C6B-2A03-4280-91FE-6B3A201DDBC2}.Release|Any CPU.ActiveCfg = Release|Any CPU
		{C47F2C6B-2A03-4280-91FE-6B3A201DDBC2}.Release|Any CPU.Build.0 = Release|Any CPU
	EndGlobalSection
	GlobalSection(SolutionProperties) = preSolution
		HideSolutionNode = FALSE
	EndGlobalSection
	GlobalSection(NestedProjects) = preSolution
		{12313AF5-0452-4C20-8955-3E8ECDE42301} = {378C4934-8725-4F0C-9C6E-3EC35A6BA68F}
		{4A1EFB9E-CC9B-4110-8F7D-7B32DE114D08} = {12313AF5-0452-4C20-8955-3E8ECDE42301}
		{A63FC7AE-D24B-40A9-A6D6-0A03C4387F4C} = {12313AF5-0452-4C20-8955-3E8ECDE42301}
		{AA79707B-6926-4F76-B0CE-6CBDDE0742DC} = {12313AF5-0452-4C20-8955-3E8ECDE42301}
		{9146ADCB-1B7A-4E07-8F60-C505D43E2624} = {438402C2-B5EF-4CB6-9BFB-EDA2D4132DE4}
		{8C904199-DB4D-4699-8573-4F1CEC718717} = {F450BFE0-7F0F-496C-9BF6-8D349A2F3584}
		{B564B571-0103-4879-A54A-726AC6C8DC2C} = {438402C2-B5EF-4CB6-9BFB-EDA2D4132DE4}
		{52379A88-6CF3-42A9-9B9F-62C62829FBC1} = {F450BFE0-7F0F-496C-9BF6-8D349A2F3584}
		{91059EAE-ACBE-447D-B163-62B927F696DA} = {438402C2-B5EF-4CB6-9BFB-EDA2D4132DE4}
		{73F399A6-F877-496B-AECA-5A9E33F5F21F} = {F450BFE0-7F0F-496C-9BF6-8D349A2F3584}
		{8693F28A-6455-4EF9-94D9-65DDD7F72B12} = {438402C2-B5EF-4CB6-9BFB-EDA2D4132DE4}
		{1699D1CF-0A82-4EC3-8327-BC55F68D971A} = {F450BFE0-7F0F-496C-9BF6-8D349A2F3584}
		{4BD45BAD-FA50-4127-9F50-21FB66580634} = {438402C2-B5EF-4CB6-9BFB-EDA2D4132DE4}
		{1D693629-AAB3-4ACB-884C-44D792255600} = {F450BFE0-7F0F-496C-9BF6-8D349A2F3584}
		{2ADDCF6E-C5C3-430B-A249-87B6E07B1FCB} = {F450BFE0-7F0F-496C-9BF6-8D349A2F3584}
		{1B846C98-3CA3-473A-A974-2EC5D9D4FED2} = {F450BFE0-7F0F-496C-9BF6-8D349A2F3584}
		{4E4645AA-B023-431E-8296-860BB198A546} = {F450BFE0-7F0F-496C-9BF6-8D349A2F3584}
		{17FD151F-48BB-485A-AE50-879DC3D0E21E} = {F450BFE0-7F0F-496C-9BF6-8D349A2F3584}
		{E231058F-D3FE-4055-AC3D-6C04B5DD00A6} = {F450BFE0-7F0F-496C-9BF6-8D349A2F3584}
		{F5F1E59C-747B-4CAE-BA8C-9EC761A8F8E2} = {44D8CB57-D8CB-4568-A249-AFE8C987AB6F}
		{B4C24F0A-3910-4BB0-8B24-5EEA28C1B85A} = {12313AF5-0452-4C20-8955-3E8ECDE42301}
		{3E8328E2-8D91-4F05-AE24-8FB076969901} = {44D8CB57-D8CB-4568-A249-AFE8C987AB6F}
		{CCD6D19B-1136-4B7E-AAD8-0BFFCE9A58E9} = {12313AF5-0452-4C20-8955-3E8ECDE42301}
		{2E8D6B9A-EEB1-4A9F-8776-0BFCCA0D37F1} = {C849D8F6-439F-467D-A7A8-8996F6ECF9E4}
		{EBF9E709-A012-4237-BF07-DB35D1C0701D} = {C849D8F6-439F-467D-A7A8-8996F6ECF9E4}
		{0EFC27C6-8C1A-4859-9923-51F277A5AAF7} = {C849D8F6-439F-467D-A7A8-8996F6ECF9E4}
		{D90AD652-2142-4D9D-9624-7925EFA1180D} = {B0FDCC6E-7726-4952-BF3C-9FE1757E6C82}
		{199E705E-E94E-4201-8C40-CDCB0E1CD936} = {B0FDCC6E-7726-4952-BF3C-9FE1757E6C82}
		{03C92467-1851-4354-871D-7B29BF9AC15B} = {C849D8F6-439F-467D-A7A8-8996F6ECF9E4}
		{9E361CDF-DCA5-43D3-A5DD-63D6BA288B1E} = {358B5A71-E6E3-45BC-B4AC-D69904811509}
		{FCA87D7D-5DC4-4FDC-A7C6-43279D92D1A5} = {358B5A71-E6E3-45BC-B4AC-D69904811509}
		{4E3D0BEF-9979-44F4-9060-06DA6D5EC7B2} = {C849D8F6-439F-467D-A7A8-8996F6ECF9E4}
		{10DA5AF9-9A6C-4D36-B256-179B998BE482} = {C849D8F6-439F-467D-A7A8-8996F6ECF9E4}
		{11F15860-6B32-4B46-A1A5-5A74EF2C7BE4} = {C849D8F6-439F-467D-A7A8-8996F6ECF9E4}
		{0F753566-5420-45DD-9727-EFA687B37AFF} = {C849D8F6-439F-467D-A7A8-8996F6ECF9E4}
		{A58D9A0C-1A23-4001-ABC9-29F30BCB37B7} = {358B5A71-E6E3-45BC-B4AC-D69904811509}
		{0E02A298-D9CD-4DD0-8374-D40C801B344F} = {358B5A71-E6E3-45BC-B4AC-D69904811509}
		{438402C2-B5EF-4CB6-9BFB-EDA2D4132DE4} = {378C4934-8725-4F0C-9C6E-3EC35A6BA68F}
		{F450BFE0-7F0F-496C-9BF6-8D349A2F3584} = {378C4934-8725-4F0C-9C6E-3EC35A6BA68F}
		{36380A23-6F9F-4225-A693-DBF4E98630F7} = {378C4934-8725-4F0C-9C6E-3EC35A6BA68F}
		{C849D8F6-439F-467D-A7A8-8996F6ECF9E4} = {36380A23-6F9F-4225-A693-DBF4E98630F7}
		{247C1D7D-DFE0-4E98-B8D5-D4D02795F26C} = {44D8CB57-D8CB-4568-A249-AFE8C987AB6F}
		{358B5A71-E6E3-45BC-B4AC-D69904811509} = {C849D8F6-439F-467D-A7A8-8996F6ECF9E4}
		{A90063AA-3D0F-4D58-868B-79E677D82119} = {438402C2-B5EF-4CB6-9BFB-EDA2D4132DE4}
		{04F95A32-F9ED-4042-9E06-BCCBDDB8F2CF} = {F450BFE0-7F0F-496C-9BF6-8D349A2F3584}
		{13F22A58-0498-4CC3-85EC-F63E7AE2C897} = {F450BFE0-7F0F-496C-9BF6-8D349A2F3584}
		{9DB59F57-98ED-4D5D-92E8-1BFACE2AE80C} = {438402C2-B5EF-4CB6-9BFB-EDA2D4132DE4}
		{9926ED80-094A-41DA-AE91-0BEC04F72E87} = {F450BFE0-7F0F-496C-9BF6-8D349A2F3584}
		{5A0599D7-DE6F-474C-9BF8-2844A82D0446} = {F450BFE0-7F0F-496C-9BF6-8D349A2F3584}
		{3536363D-06DC-4213-93AE-4D9D0DBF54AF} = {C849D8F6-439F-467D-A7A8-8996F6ECF9E4}
		{8B49221A-AD98-4035-9EBD-B4CC9D700147} = {C849D8F6-439F-467D-A7A8-8996F6ECF9E4}
		{353CD44C-5079-4747-B13D-8A9B9036F37F} = {F450BFE0-7F0F-496C-9BF6-8D349A2F3584}
		{6053982A-A697-45D4-9501-D16183E0BB37} = {438402C2-B5EF-4CB6-9BFB-EDA2D4132DE4}
		{1B745B07-EBEF-41A4-A8E2-1555D878D690} = {F450BFE0-7F0F-496C-9BF6-8D349A2F3584}
		{C47F2C6B-2A03-4280-91FE-6B3A201DDBC2} = {F450BFE0-7F0F-496C-9BF6-8D349A2F3584}
	EndGlobalSection
	GlobalSection(ExtensibilityGlobals) = postSolution
		SolutionGuid = {CD9C3231-BF2C-413C-B738-70985D9981AE}
	EndGlobalSection
EndGlobal
