
Microsoft Visual Studio Solution File, Format Version 12.00
# Visual Studio Version 16
VisualStudioVersion = 16.0.31515.178
MinimumVisualStudioVersion = 10.0.40219.1
Project("{2150E333-8FDC-42A3-9474-1A3956D46DE8}") = "src", "src", "{378C4934-8725-4F0C-9C6E-3EC35A6BA68F}"
EndProject
Project("{2150E333-8FDC-42A3-9474-1A3956D46DE8}") = "drivers", "drivers", "{12313AF5-0452-4C20-8955-3E8ECDE42301}"
EndProject
Project("{2150E333-8FDC-42A3-9474-1A3956D46DE8}") = "services", "services", "{E6233FE9-0B25-42B2-951A-142A4A3EA8AC}"
EndProject
Project("{2150E333-8FDC-42A3-9474-1A3956D46DE8}") = "authorizer", "authorizer", "{22524120-B0D4-4BE1-8098-81FB71B78284}"
EndProject
Project("{9A19103F-16F7-4668-BE54-9A1E7A4F7556}") = "Accessors", "src\drivers\accessors\Accessors.csproj", "{4A1EFB9E-CC9B-4110-8F7D-7B32DE114D08}"
EndProject
Project("{9A19103F-16F7-4668-BE54-9A1E7A4F7556}") = "Utilities", "src\drivers\utilities\Utilities.csproj", "{A63FC7AE-D24B-40A9-A6D6-0A03C4387F4C}"
EndProject
Project("{9A19103F-16F7-4668-BE54-9A1E7A4F7556}") = "WpfControls", "src\drivers\wpfcontrols\WpfControls.csproj", "{AA79707B-6926-4F76-B0CE-6CBDDE0742DC}"
EndProject
Project("{9A19103F-16F7-4668-BE54-9A1E7A4F7556}") = "Authorizer.Models", "src\services\authorizer\models\Authorizer.Models.csproj", "{9146ADCB-1B7A-4E07-8F60-C505D43E2624}"
EndProject
Project("{9A19103F-16F7-4668-BE54-9A1E7A4F7556}") = "Authorizer.Repository", "src\services\authorizer\repository\Authorizer.Repository.csproj", "{8C904199-DB4D-4699-8573-4F1CEC718717}"
EndProject
Project("{2150E333-8FDC-42A3-9474-1A3956D46DE8}") = "configurator", "configurator", "{9997D1F6-BE41-49D4-96E6-43DCB40867DC}"
EndProject
Project("{2150E333-8FDC-42A3-9474-1A3956D46DE8}") = "designer", "designer", "{CA768697-C4FD-46F8-A353-CE1E178BBC36}"
EndProject
Project("{2150E333-8FDC-42A3-9474-1A3956D46DE8}") = "scheduler", "scheduler", "{138E7390-228F-41B3-8CCB-F3D5B07CC484}"
EndProject
Project("{2150E333-8FDC-42A3-9474-1A3956D46DE8}") = "translator", "translator", "{71B4E72E-4352-4A48-B364-660B10C1824F}"
EndProject
Project("{9A19103F-16F7-4668-BE54-9A1E7A4F7556}") = "Configurator.Models", "src\services\configurator\models\Configurator.Models.csproj", "{B564B571-0103-4879-A54A-726AC6C8DC2C}"
EndProject
Project("{9A19103F-16F7-4668-BE54-9A1E7A4F7556}") = "Configurator.Repository", "src\services\configurator\repository\Configurator.Repository.csproj", "{52379A88-6CF3-42A9-9B9F-62C62829FBC1}"
EndProject
Project("{9A19103F-16F7-4668-BE54-9A1E7A4F7556}") = "Designer.Models", "src\services\designer\models\Designer.Models.csproj", "{91059EAE-ACBE-447D-B163-62B927F696DA}"
EndProject
Project("{9A19103F-16F7-4668-BE54-9A1E7A4F7556}") = "Designer.Repository", "src\services\designer\repository\Designer.Repository.csproj", "{73F399A6-F877-496B-AECA-5A9E33F5F21F}"
EndProject
Project("{9A19103F-16F7-4668-BE54-9A1E7A4F7556}") = "Scheduler.Models", "src\services\scheduler\models\Scheduler.Models.csproj", "{8693F28A-6455-4EF9-94D9-65DDD7F72B12}"
EndProject
Project("{9A19103F-16F7-4668-BE54-9A1E7A4F7556}") = "Scheduler.Repository", "src\services\scheduler\repository\Scheduler.Repository.csproj", "{1699D1CF-0A82-4EC3-8327-BC55F68D971A}"
EndProject
Project("{9A19103F-16F7-4668-BE54-9A1E7A4F7556}") = "Translator.Models", "src\services\translator\models\Translator.Models.csproj", "{4BD45BAD-FA50-4127-9F50-21FB66580634}"
EndProject
Project("{9A19103F-16F7-4668-BE54-9A1E7A4F7556}") = "Translator.Repository", "src\services\translator\repository\Translator.Repository.csproj", "{1D693629-AAB3-4ACB-884C-44D792255600}"
EndProject
Project("{2150E333-8FDC-42A3-9474-1A3956D46DE8}") = "app", "app", "{44D8CB57-D8CB-4568-A249-AFE8C987AB6F}"
EndProject
Project("{9A19103F-16F7-4668-BE54-9A1E7A4F7556}") = "Designer.Service", "src\services\designer\service\Designer.Service.csproj", "{2ADDCF6E-C5C3-430B-A249-87B6E07B1FCB}"
EndProject
Project("{9A19103F-16F7-4668-BE54-9A1E7A4F7556}") = "Configurator.Service", "src\services\configurator\service\Configurator.Service.csproj", "{1B846C98-3CA3-473A-A974-2EC5D9D4FED2}"
EndProject
Project("{9A19103F-16F7-4668-BE54-9A1E7A4F7556}") = "Authorizer.Service", "src\services\authorizer\service\Authorizer.Service.csproj", "{4E4645AA-B023-431E-8296-860BB198A546}"
EndProject
Project("{9A19103F-16F7-4668-BE54-9A1E7A4F7556}") = "Scheduler.Service", "src\services\scheduler\service\Scheduler.Service.csproj", "{17FD151F-48BB-485A-AE50-879DC3D0E21E}"
EndProject
Project("{9A19103F-16F7-4668-BE54-9A1E7A4F7556}") = "Translator.Service", "src\services\translator\service\Translator.Service.csproj", "{E231058F-D3FE-4055-AC3D-6C04B5DD00A6}"
EndProject
Project("{9A19103F-16F7-4668-BE54-9A1E7A4F7556}") = "Wpf", "app\wpf\Wpf.csproj", "{F5F1E59C-747B-4CAE-BA8C-9EC761A8F8E2}"
EndProject
Global
	GlobalSection(SolutionConfigurationPlatforms) = preSolution
		Debug|Any CPU = Debug|Any CPU
		Release|Any CPU = Release|Any CPU
	EndGlobalSection
	GlobalSection(ProjectConfigurationPlatforms) = postSolution
		{4A1EFB9E-CC9B-4110-8F7D-7B32DE114D08}.Debug|Any CPU.ActiveCfg = Debug|Any CPU
		{4A1EFB9E-CC9B-4110-8F7D-7B32DE114D08}.Debug|Any CPU.Build.0 = Debug|Any CPU
		{4A1EFB9E-CC9B-4110-8F7D-7B32DE114D08}.Release|Any CPU.ActiveCfg = Release|Any CPU
		{4A1EFB9E-CC9B-4110-8F7D-7B32DE114D08}.Release|Any CPU.Build.0 = Release|Any CPU
		{A63FC7AE-D24B-40A9-A6D6-0A03C4387F4C}.Debug|Any CPU.ActiveCfg = Debug|Any CPU
		{A63FC7AE-D24B-40A9-A6D6-0A03C4387F4C}.Debug|Any CPU.Build.0 = Debug|Any CPU
		{A63FC7AE-D24B-40A9-A6D6-0A03C4387F4C}.Release|Any CPU.ActiveCfg = Release|Any CPU
		{A63FC7AE-D24B-40A9-A6D6-0A03C4387F4C}.Release|Any CPU.Build.0 = Release|Any CPU
		{AA79707B-6926-4F76-B0CE-6CBDDE0742DC}.Debug|Any CPU.ActiveCfg = Debug|Any CPU
		{AA79707B-6926-4F76-B0CE-6CBDDE0742DC}.Debug|Any CPU.Build.0 = Debug|Any CPU
		{AA79707B-6926-4F76-B0CE-6CBDDE0742DC}.Release|Any CPU.ActiveCfg = Release|Any CPU
		{AA79707B-6926-4F76-B0CE-6CBDDE0742DC}.Release|Any CPU.Build.0 = Release|Any CPU
		{9146ADCB-1B7A-4E07-8F60-C505D43E2624}.Debug|Any CPU.ActiveCfg = Debug|Any CPU
		{9146ADCB-1B7A-4E07-8F60-C505D43E2624}.Debug|Any CPU.Build.0 = Debug|Any CPU
		{9146ADCB-1B7A-4E07-8F60-C505D43E2624}.Release|Any CPU.ActiveCfg = Release|Any CPU
		{9146ADCB-1B7A-4E07-8F60-C505D43E2624}.Release|Any CPU.Build.0 = Release|Any CPU
		{8C904199-DB4D-4699-8573-4F1CEC718717}.Debug|Any CPU.ActiveCfg = Debug|Any CPU
		{8C904199-DB4D-4699-8573-4F1CEC718717}.Debug|Any CPU.Build.0 = Debug|Any CPU
		{8C904199-DB4D-4699-8573-4F1CEC718717}.Release|Any CPU.ActiveCfg = Release|Any CPU
		{8C904199-DB4D-4699-8573-4F1CEC718717}.Release|Any CPU.Build.0 = Release|Any CPU
		{B564B571-0103-4879-A54A-726AC6C8DC2C}.Debug|Any CPU.ActiveCfg = Debug|Any CPU
		{B564B571-0103-4879-A54A-726AC6C8DC2C}.Debug|Any CPU.Build.0 = Debug|Any CPU
		{B564B571-0103-4879-A54A-726AC6C8DC2C}.Release|Any CPU.ActiveCfg = Release|Any CPU
		{B564B571-0103-4879-A54A-726AC6C8DC2C}.Release|Any CPU.Build.0 = Release|Any CPU
		{52379A88-6CF3-42A9-9B9F-62C62829FBC1}.Debug|Any CPU.ActiveCfg = Debug|Any CPU
		{52379A88-6CF3-42A9-9B9F-62C62829FBC1}.Debug|Any CPU.Build.0 = Debug|Any CPU
		{52379A88-6CF3-42A9-9B9F-62C62829FBC1}.Release|Any CPU.ActiveCfg = Release|Any CPU
		{52379A88-6CF3-42A9-9B9F-62C62829FBC1}.Release|Any CPU.Build.0 = Release|Any CPU
		{91059EAE-ACBE-447D-B163-62B927F696DA}.Debug|Any CPU.ActiveCfg = Debug|Any CPU
		{91059EAE-ACBE-447D-B163-62B927F696DA}.Debug|Any CPU.Build.0 = Debug|Any CPU
		{91059EAE-ACBE-447D-B163-62B927F696DA}.Release|Any CPU.ActiveCfg = Release|Any CPU
		{91059EAE-ACBE-447D-B163-62B927F696DA}.Release|Any CPU.Build.0 = Release|Any CPU
		{73F399A6-F877-496B-AECA-5A9E33F5F21F}.Debug|Any CPU.ActiveCfg = Debug|Any CPU
		{73F399A6-F877-496B-AECA-5A9E33F5F21F}.Debug|Any CPU.Build.0 = Debug|Any CPU
		{73F399A6-F877-496B-AECA-5A9E33F5F21F}.Release|Any CPU.ActiveCfg = Release|Any CPU
		{73F399A6-F877-496B-AECA-5A9E33F5F21F}.Release|Any CPU.Build.0 = Release|Any CPU
		{8693F28A-6455-4EF9-94D9-65DDD7F72B12}.Debug|Any CPU.ActiveCfg = Debug|Any CPU
		{8693F28A-6455-4EF9-94D9-65DDD7F72B12}.Debug|Any CPU.Build.0 = Debug|Any CPU
		{8693F28A-6455-4EF9-94D9-65DDD7F72B12}.Release|Any CPU.ActiveCfg = Release|Any CPU
		{8693F28A-6455-4EF9-94D9-65DDD7F72B12}.Release|Any CPU.Build.0 = Release|Any CPU
		{1699D1CF-0A82-4EC3-8327-BC55F68D971A}.Debug|Any CPU.ActiveCfg = Debug|Any CPU
		{1699D1CF-0A82-4EC3-8327-BC55F68D971A}.Debug|Any CPU.Build.0 = Debug|Any CPU
		{1699D1CF-0A82-4EC3-8327-BC55F68D971A}.Release|Any CPU.ActiveCfg = Release|Any CPU
		{1699D1CF-0A82-4EC3-8327-BC55F68D971A}.Release|Any CPU.Build.0 = Release|Any CPU
		{4BD45BAD-FA50-4127-9F50-21FB66580634}.Debug|Any CPU.ActiveCfg = Debug|Any CPU
		{4BD45BAD-FA50-4127-9F50-21FB66580634}.Debug|Any CPU.Build.0 = Debug|Any CPU
		{4BD45BAD-FA50-4127-9F50-21FB66580634}.Release|Any CPU.ActiveCfg = Release|Any CPU
		{4BD45BAD-FA50-4127-9F50-21FB66580634}.Release|Any CPU.Build.0 = Release|Any CPU
		{1D693629-AAB3-4ACB-884C-44D792255600}.Debug|Any CPU.ActiveCfg = Debug|Any CPU
		{1D693629-AAB3-4ACB-884C-44D792255600}.Debug|Any CPU.Build.0 = Debug|Any CPU
		{1D693629-AAB3-4ACB-884C-44D792255600}.Release|Any CPU.ActiveCfg = Release|Any CPU
		{1D693629-AAB3-4ACB-884C-44D792255600}.Release|Any CPU.Build.0 = Release|Any CPU
		{2ADDCF6E-C5C3-430B-A249-87B6E07B1FCB}.Debug|Any CPU.ActiveCfg = Debug|Any CPU
		{2ADDCF6E-C5C3-430B-A249-87B6E07B1FCB}.Debug|Any CPU.Build.0 = Debug|Any CPU
		{2ADDCF6E-C5C3-430B-A249-87B6E07B1FCB}.Release|Any CPU.ActiveCfg = Release|Any CPU
		{2ADDCF6E-C5C3-430B-A249-87B6E07B1FCB}.Release|Any CPU.Build.0 = Release|Any CPU
		{1B846C98-3CA3-473A-A974-2EC5D9D4FED2}.Debug|Any CPU.ActiveCfg = Debug|Any CPU
		{1B846C98-3CA3-473A-A974-2EC5D9D4FED2}.Debug|Any CPU.Build.0 = Debug|Any CPU
		{1B846C98-3CA3-473A-A974-2EC5D9D4FED2}.Release|Any CPU.ActiveCfg = Release|Any CPU
		{1B846C98-3CA3-473A-A974-2EC5D9D4FED2}.Release|Any CPU.Build.0 = Release|Any CPU
		{4E4645AA-B023-431E-8296-860BB198A546}.Debug|Any CPU.ActiveCfg = Debug|Any CPU
		{4E4645AA-B023-431E-8296-860BB198A546}.Debug|Any CPU.Build.0 = Debug|Any CPU
		{4E4645AA-B023-431E-8296-860BB198A546}.Release|Any CPU.ActiveCfg = Release|Any CPU
		{4E4645AA-B023-431E-8296-860BB198A546}.Release|Any CPU.Build.0 = Release|Any CPU
		{17FD151F-48BB-485A-AE50-879DC3D0E21E}.Debug|Any CPU.ActiveCfg = Debug|Any CPU
		{17FD151F-48BB-485A-AE50-879DC3D0E21E}.Debug|Any CPU.Build.0 = Debug|Any CPU
		{17FD151F-48BB-485A-AE50-879DC3D0E21E}.Release|Any CPU.ActiveCfg = Release|Any CPU
		{17FD151F-48BB-485A-AE50-879DC3D0E21E}.Release|Any CPU.Build.0 = Release|Any CPU
		{E231058F-D3FE-4055-AC3D-6C04B5DD00A6}.Debug|Any CPU.ActiveCfg = Debug|Any CPU
		{E231058F-D3FE-4055-AC3D-6C04B5DD00A6}.Debug|Any CPU.Build.0 = Debug|Any CPU
		{E231058F-D3FE-4055-AC3D-6C04B5DD00A6}.Release|Any CPU.ActiveCfg = Release|Any CPU
		{E231058F-D3FE-4055-AC3D-6C04B5DD00A6}.Release|Any CPU.Build.0 = Release|Any CPU
		{F5F1E59C-747B-4CAE-BA8C-9EC761A8F8E2}.Debug|Any CPU.ActiveCfg = Debug|Any CPU
		{F5F1E59C-747B-4CAE-BA8C-9EC761A8F8E2}.Debug|Any CPU.Build.0 = Debug|Any CPU
		{F5F1E59C-747B-4CAE-BA8C-9EC761A8F8E2}.Release|Any CPU.ActiveCfg = Release|Any CPU
		{F5F1E59C-747B-4CAE-BA8C-9EC761A8F8E2}.Release|Any CPU.Build.0 = Release|Any CPU
	EndGlobalSection
	GlobalSection(SolutionProperties) = preSolution
		HideSolutionNode = FALSE
	EndGlobalSection
	GlobalSection(NestedProjects) = preSolution
		{12313AF5-0452-4C20-8955-3E8ECDE42301} = {378C4934-8725-4F0C-9C6E-3EC35A6BA68F}
		{E6233FE9-0B25-42B2-951A-142A4A3EA8AC} = {378C4934-8725-4F0C-9C6E-3EC35A6BA68F}
		{22524120-B0D4-4BE1-8098-81FB71B78284} = {E6233FE9-0B25-42B2-951A-142A4A3EA8AC}
		{4A1EFB9E-CC9B-4110-8F7D-7B32DE114D08} = {12313AF5-0452-4C20-8955-3E8ECDE42301}
		{A63FC7AE-D24B-40A9-A6D6-0A03C4387F4C} = {12313AF5-0452-4C20-8955-3E8ECDE42301}
		{AA79707B-6926-4F76-B0CE-6CBDDE0742DC} = {12313AF5-0452-4C20-8955-3E8ECDE42301}
		{9146ADCB-1B7A-4E07-8F60-C505D43E2624} = {22524120-B0D4-4BE1-8098-81FB71B78284}
		{8C904199-DB4D-4699-8573-4F1CEC718717} = {22524120-B0D4-4BE1-8098-81FB71B78284}
		{9997D1F6-BE41-49D4-96E6-43DCB40867DC} = {E6233FE9-0B25-42B2-951A-142A4A3EA8AC}
		{CA768697-C4FD-46F8-A353-CE1E178BBC36} = {E6233FE9-0B25-42B2-951A-142A4A3EA8AC}
		{138E7390-228F-41B3-8CCB-F3D5B07CC484} = {E6233FE9-0B25-42B2-951A-142A4A3EA8AC}
		{71B4E72E-4352-4A48-B364-660B10C1824F} = {E6233FE9-0B25-42B2-951A-142A4A3EA8AC}
		{B564B571-0103-4879-A54A-726AC6C8DC2C} = {9997D1F6-BE41-49D4-96E6-43DCB40867DC}
		{52379A88-6CF3-42A9-9B9F-62C62829FBC1} = {9997D1F6-BE41-49D4-96E6-43DCB40867DC}
		{91059EAE-ACBE-447D-B163-62B927F696DA} = {CA768697-C4FD-46F8-A353-CE1E178BBC36}
		{73F399A6-F877-496B-AECA-5A9E33F5F21F} = {CA768697-C4FD-46F8-A353-CE1E178BBC36}
		{8693F28A-6455-4EF9-94D9-65DDD7F72B12} = {138E7390-228F-41B3-8CCB-F3D5B07CC484}
		{1699D1CF-0A82-4EC3-8327-BC55F68D971A} = {138E7390-228F-41B3-8CCB-F3D5B07CC484}
		{4BD45BAD-FA50-4127-9F50-21FB66580634} = {71B4E72E-4352-4A48-B364-660B10C1824F}
		{1D693629-AAB3-4ACB-884C-44D792255600} = {71B4E72E-4352-4A48-B364-660B10C1824F}
		{2ADDCF6E-C5C3-430B-A249-87B6E07B1FCB} = {CA768697-C4FD-46F8-A353-CE1E178BBC36}
		{1B846C98-3CA3-473A-A974-2EC5D9D4FED2} = {9997D1F6-BE41-49D4-96E6-43DCB40867DC}
		{4E4645AA-B023-431E-8296-860BB198A546} = {22524120-B0D4-4BE1-8098-81FB71B78284}
		{17FD151F-48BB-485A-AE50-879DC3D0E21E} = {138E7390-228F-41B3-8CCB-F3D5B07CC484}
		{E231058F-D3FE-4055-AC3D-6C04B5DD00A6} = {71B4E72E-4352-4A48-B364-660B10C1824F}
		{F5F1E59C-747B-4CAE-BA8C-9EC761A8F8E2} = {44D8CB57-D8CB-4568-A249-AFE8C987AB6F}
	EndGlobalSection
	GlobalSection(ExtensibilityGlobals) = postSolution
		SolutionGuid = {CD9C3231-BF2C-413C-B738-70985D9981AE}
	EndGlobalSection
EndGlobal
