
Microsoft Visual Studio Solution File, Format Version 12.00
# Visual Studio Version 17
VisualStudioVersion = 17.4.33205.214
MinimumVisualStudioVersion = 10.0.40219.1
Project("{9A19103F-16F7-4668-BE54-9A1E7A4F7556}") = "AspReact", "asp_react\AspReact.csproj", "{1DA09D6B-D02A-44DD-A3B3-D1C8DD316B99}"
EndProject
Global
	GlobalSection(SolutionConfigurationPlatforms) = preSolution
		Debug|Any CPU = Debug|Any CPU
		Release|Any CPU = Release|Any CPU
	EndGlobalSection
	GlobalSection(ProjectConfigurationPlatforms) = postSolution
		{1DA09D6B-D02A-44DD-A3B3-D1C8DD316B99}.Debug|Any CPU.ActiveCfg = Debug|Any CPU
		{1DA09D6B-D02A-44DD-A3B3-D1C8DD316B99}.Debug|Any CPU.Build.0 = Debug|Any CPU
		{1DA09D6B-D02A-44DD-A3B3-D1C8DD316B99}.Release|Any CPU.ActiveCfg = Release|Any CPU
		{1DA09D6B-D02A-44DD-A3B3-D1C8DD316B99}.Release|Any CPU.Build.0 = Release|Any CPU
	EndGlobalSection
	GlobalSection(SolutionProperties) = preSolution
		HideSolutionNode = FALSE
	EndGlobalSection
	GlobalSection(ExtensibilityGlobals) = postSolution
		SolutionGuid = {C449C78B-AE10-431D-A113-E69FD4C38B9D}
	EndGlobalSection
EndGlobal
