
Microsoft Visual Studio Solution File, Format Version 12.00
# Visual Studio Version 17
VisualStudioVersion = 17.4.33205.214
MinimumVisualStudioVersion = 10.0.40219.1
Project("{9A19103F-16F7-4668-BE54-9A1E7A4F7556}") = "Accessors", "src\io\accessors\Accessors.csproj", "{6D19314A-2BA6-4E5F-A115-68C08E01CDBF}"
EndProject
Project("{9A19103F-16F7-4668-BE54-9A1E7A4F7556}") = "Authorizers", "src\service\authorizers\Authorizers.csproj", "{DB23A5ED-C270-46A5-9DFF-EC8F5E6C60EA}"
EndProject
Project("{9A19103F-16F7-4668-BE54-9A1E7A4F7556}") = "Functions", "src\service\functions\Functions.csproj", "{09F2A233-FCC7-45AA-AF7B-D5B601F54F38}"
EndProject
Project("{9A19103F-16F7-4668-BE54-9A1E7A4F7556}") = "Graphicers", "src\ui\graphicers\Graphicers.csproj", "{44BB7CC6-C3C7-4BD9-8603-F6C3C7E04957}"
EndProject
Project("{9A19103F-16F7-4668-BE54-9A1E7A4F7556}") = "Layouts", "src\ui\layouts\Layouts.csproj", "{19CE38C4-53F3-4E2C-8A0D-921781D325A2}"
EndProject
Project("{9A19103F-16F7-4668-BE54-9A1E7A4F7556}") = "Loggers", "src\io\loggers\Loggers.csproj", "{4EB4DE8B-C4D6-436B-BCF3-785423068BE0}"
EndProject
Project("{9A19103F-16F7-4668-BE54-9A1E7A4F7556}") = "Repositories", "src\io\repositories\Repositories.csproj", "{4759DBD1-1C3E-4260-9485-DDB1360CE10B}"
EndProject
Project("{9A19103F-16F7-4668-BE54-9A1E7A4F7556}") = "Core", "src\core\Core.csproj", "{AD854D36-46D1-4A80-BFDE-4324DA74DC95}"
EndProject
Project("{9A19103F-16F7-4668-BE54-9A1E7A4F7556}") = "Authorizers.Test", "src\service\authorizers.test\Authorizers.Test.csproj", "{CB88BF72-1685-44B9-9F12-E8C849BCD196}"
EndProject
Project("{9A19103F-16F7-4668-BE54-9A1E7A4F7556}") = "Layouts.Test", "src\ui\layouts.test\Layouts.Test.csproj", "{F2660E77-5E8F-4058-9BF8-50ECA3AB29A5}"
EndProject
Project("{9A19103F-16F7-4668-BE54-9A1E7A4F7556}") = "Learnings", "src\service\learnings\Learnings.csproj", "{4AE0E32C-CC1B-4870-8C3A-2CC6A7FED8D8}"
EndProject
Project("{9A19103F-16F7-4668-BE54-9A1E7A4F7556}") = "Schedulers", "src\service\schedulers\Schedulers.csproj", "{5B1CAD83-6968-42F8-8B33-D1A363CB7143}"
EndProject
Project("{2150E333-8FDC-42A3-9474-1A3956D46DE8}") = "app", "app", "{C473869C-111D-4DBC-968A-0BB81150E71F}"
EndProject
Project("{2150E333-8FDC-42A3-9474-1A3956D46DE8}") = "src", "src", "{6C3B2F28-7138-4D1E-BCC9-30CAADBF49A5}"
EndProject
Project("{9A19103F-16F7-4668-BE54-9A1E7A4F7556}") = "ConsoleApp", "app\ConsoleApp\ConsoleApp.csproj", "{1A12931B-4151-486E-A6EF-75EA40208E2E}"
EndProject
Project("{9A19103F-16F7-4668-BE54-9A1E7A4F7556}") = "Lib", "lib\Lib.csproj", "{C9CB943E-B163-4AB4-85A8-A72C03FF1A0A}"
EndProject
Project("{2150E333-8FDC-42A3-9474-1A3956D46DE8}") = "io", "io", "{577A5743-EC91-4754-A4F2-3549E18DC3E2}"
EndProject
Project("{2150E333-8FDC-42A3-9474-1A3956D46DE8}") = "ui", "ui", "{408ECFBF-DB7C-4700-966A-8C2A50E1B389}"
EndProject
Project("{2150E333-8FDC-42A3-9474-1A3956D46DE8}") = "service", "service", "{665B38D0-566F-467A-BD52-F67561D180EE}"
EndProject
Project("{9A19103F-16F7-4668-BE54-9A1E7A4F7556}") = "Core.Test", "src\core.test\Core.Test.csproj", "{13260975-37C7-415B-B530-205085AD4758}"
EndProject
Project("{9A19103F-16F7-4668-BE54-9A1E7A4F7556}") = "Translators", "src\io\translators\Translators.csproj", "{C54ECF00-D4B0-4FF4-BAAB-8E18AE406650}"
EndProject
Project("{9A19103F-16F7-4668-BE54-9A1E7A4F7556}") = "Resources", "src\io\resources\Resources.csproj", "{D6862A7F-6058-4895-A964-232FBA1016A1}"
EndProject
Project("{9A19103F-16F7-4668-BE54-9A1E7A4F7556}") = "Errors", "src\io\errors\Errors.csproj", "{6B219F6C-D09F-4933-B7D7-D8FCC3D5FF35}"
EndProject
Project("{9A19103F-16F7-4668-BE54-9A1E7A4F7556}") = "Configurators", "src\io\configurators\Configurators.csproj", "{F7A3E8E3-CEBF-464F-9C41-604D5ABE3D8D}"
EndProject
Project("{9A19103F-16F7-4668-BE54-9A1E7A4F7556}") = "Repositories.Test", "src\io\repositories.test\Repositories.Test.csproj", "{19A5C4CC-9C0D-4648-AE01-6CFD89657C11}"
EndProject
Project("{9A19103F-16F7-4668-BE54-9A1E7A4F7556}") = "Api", "app\Api\Api.csproj", "{9CFA2A9D-C853-4FA6-80C6-D87EB77B7047}"
EndProject
Project("{9A19103F-16F7-4668-BE54-9A1E7A4F7556}") = "Accessors.Test", "src\io\Accessors.Test\Accessors.Test.csproj", "{8E0359DA-AA1C-4639-BC8A-EBDA968599F8}"
EndProject
Project("{9A19103F-16F7-4668-BE54-9A1E7A4F7556}") = "Configurators.Test", "src\io\configurators.test\Configurators.Test.csproj", "{563B3773-82E2-417C-A5A7-50A01966CA29}"
EndProject
Project("{9A19103F-16F7-4668-BE54-9A1E7A4F7556}") = "Translators.Test", "src\io\translators.test\Translators.Test.csproj", "{01AE926C-A186-40FF-BEA3-75CFA0FF5471}"
EndProject
Project("{9A19103F-16F7-4668-BE54-9A1E7A4F7556}") = "Robots", "src\service\robots\Robots.csproj", "{D9F082B5-C7CA-4227-BA08-080B49E4A3D6}"
EndProject
Project("{9A19103F-16F7-4668-BE54-9A1E7A4F7556}") = "Loggers.Test", "src\io\Loggers.Test\Loggers.Test.csproj", "{3CC106C0-F126-4AD5-A1CE-82AF1A5946F7}"
EndProject
Project("{9A19103F-16F7-4668-BE54-9A1E7A4F7556}") = "Errors.Test", "src\io\Errors.Test\Errors.Test.csproj", "{283E9B72-6972-4BA1-870E-E131AA9A64CA}"
EndProject
Project("{9A19103F-16F7-4668-BE54-9A1E7A4F7556}") = "Functions.Test", "src\service\functions.test\Functions.Test.csproj", "{0C754453-7EAB-4BB3-B48B-521681B289BA}"
EndProject
Project("{9A19103F-16F7-4668-BE54-9A1E7A4F7556}") = "Maths", "src\service\maths\Maths.csproj", "{EA302F8A-89ED-4CA0-B46B-DE64B5770DE0}"
EndProject
Project("{9A19103F-16F7-4668-BE54-9A1E7A4F7556}") = "Shields", "src\service\shields\Shields.csproj", "{62CB838C-C9EF-4555-9752-EE4360311B55}"
EndProject
Project("{9A19103F-16F7-4668-BE54-9A1E7A4F7556}") = "Stores", "src\service\stores\Stores.csproj", "{9ABE35AC-C084-4974-9757-B7EC84D2CF56}"
EndProject
Project("{FAE04EC0-301F-11D3-BF4B-00C04F79EFBC}") = "Products", "src\service\Products\Products.csproj", "{4AC8CB18-9E06-4A91-B18A-019A13822C79}"
EndProject
Project("{FAE04EC0-301F-11D3-BF4B-00C04F79EFBC}") = "Characters", "src\service\Characters\Characters.csproj", "{22A595B5-D15C-4A7C-ACF0-77A0D9996CC0}"
EndProject
Project("{FAE04EC0-301F-11D3-BF4B-00C04F79EFBC}") = "Valuables", "src\service\Valuables\Valuables.csproj", "{CBD3BC9A-1DC5-4FE8-A722-71064FB37312}"
EndProject
Project("{FAE04EC0-301F-11D3-BF4B-00C04F79EFBC}") = "Locations", "src\service\Locations\Locations.csproj", "{4745E176-904A-4BBB-91C4-39D441DD1A31}"
EndProject
Global
	GlobalSection(SolutionConfigurationPlatforms) = preSolution
		Debug|Any CPU = Debug|Any CPU
		Release|Any CPU = Release|Any CPU
	EndGlobalSection
	GlobalSection(ProjectConfigurationPlatforms) = postSolution
		{6D19314A-2BA6-4E5F-A115-68C08E01CDBF}.Debug|Any CPU.ActiveCfg = Debug|Any CPU
		{6D19314A-2BA6-4E5F-A115-68C08E01CDBF}.Debug|Any CPU.Build.0 = Debug|Any CPU
		{6D19314A-2BA6-4E5F-A115-68C08E01CDBF}.Release|Any CPU.ActiveCfg = Release|Any CPU
		{6D19314A-2BA6-4E5F-A115-68C08E01CDBF}.Release|Any CPU.Build.0 = Release|Any CPU
		{DB23A5ED-C270-46A5-9DFF-EC8F5E6C60EA}.Debug|Any CPU.ActiveCfg = Debug|Any CPU
		{DB23A5ED-C270-46A5-9DFF-EC8F5E6C60EA}.Debug|Any CPU.Build.0 = Debug|Any CPU
		{DB23A5ED-C270-46A5-9DFF-EC8F5E6C60EA}.Release|Any CPU.ActiveCfg = Release|Any CPU
		{DB23A5ED-C270-46A5-9DFF-EC8F5E6C60EA}.Release|Any CPU.Build.0 = Release|Any CPU
		{09F2A233-FCC7-45AA-AF7B-D5B601F54F38}.Debug|Any CPU.ActiveCfg = Debug|Any CPU
		{09F2A233-FCC7-45AA-AF7B-D5B601F54F38}.Debug|Any CPU.Build.0 = Debug|Any CPU
		{09F2A233-FCC7-45AA-AF7B-D5B601F54F38}.Release|Any CPU.ActiveCfg = Release|Any CPU
		{09F2A233-FCC7-45AA-AF7B-D5B601F54F38}.Release|Any CPU.Build.0 = Release|Any CPU
		{44BB7CC6-C3C7-4BD9-8603-F6C3C7E04957}.Debug|Any CPU.ActiveCfg = Debug|Any CPU
		{44BB7CC6-C3C7-4BD9-8603-F6C3C7E04957}.Debug|Any CPU.Build.0 = Debug|Any CPU
		{44BB7CC6-C3C7-4BD9-8603-F6C3C7E04957}.Release|Any CPU.ActiveCfg = Release|Any CPU
		{44BB7CC6-C3C7-4BD9-8603-F6C3C7E04957}.Release|Any CPU.Build.0 = Release|Any CPU
		{19CE38C4-53F3-4E2C-8A0D-921781D325A2}.Debug|Any CPU.ActiveCfg = Debug|Any CPU
		{19CE38C4-53F3-4E2C-8A0D-921781D325A2}.Debug|Any CPU.Build.0 = Debug|Any CPU
		{19CE38C4-53F3-4E2C-8A0D-921781D325A2}.Release|Any CPU.ActiveCfg = Release|Any CPU
		{19CE38C4-53F3-4E2C-8A0D-921781D325A2}.Release|Any CPU.Build.0 = Release|Any CPU
		{4EB4DE8B-C4D6-436B-BCF3-785423068BE0}.Debug|Any CPU.ActiveCfg = Debug|Any CPU
		{4EB4DE8B-C4D6-436B-BCF3-785423068BE0}.Debug|Any CPU.Build.0 = Debug|Any CPU
		{4EB4DE8B-C4D6-436B-BCF3-785423068BE0}.Release|Any CPU.ActiveCfg = Release|Any CPU
		{4EB4DE8B-C4D6-436B-BCF3-785423068BE0}.Release|Any CPU.Build.0 = Release|Any CPU
		{4759DBD1-1C3E-4260-9485-DDB1360CE10B}.Debug|Any CPU.ActiveCfg = Debug|Any CPU
		{4759DBD1-1C3E-4260-9485-DDB1360CE10B}.Debug|Any CPU.Build.0 = Debug|Any CPU
		{4759DBD1-1C3E-4260-9485-DDB1360CE10B}.Release|Any CPU.ActiveCfg = Release|Any CPU
		{4759DBD1-1C3E-4260-9485-DDB1360CE10B}.Release|Any CPU.Build.0 = Release|Any CPU
		{AD854D36-46D1-4A80-BFDE-4324DA74DC95}.Debug|Any CPU.ActiveCfg = Debug|Any CPU
		{AD854D36-46D1-4A80-BFDE-4324DA74DC95}.Debug|Any CPU.Build.0 = Debug|Any CPU
		{AD854D36-46D1-4A80-BFDE-4324DA74DC95}.Release|Any CPU.ActiveCfg = Release|Any CPU
		{AD854D36-46D1-4A80-BFDE-4324DA74DC95}.Release|Any CPU.Build.0 = Release|Any CPU
		{CB88BF72-1685-44B9-9F12-E8C849BCD196}.Debug|Any CPU.ActiveCfg = Debug|Any CPU
		{CB88BF72-1685-44B9-9F12-E8C849BCD196}.Debug|Any CPU.Build.0 = Debug|Any CPU
		{CB88BF72-1685-44B9-9F12-E8C849BCD196}.Release|Any CPU.ActiveCfg = Release|Any CPU
		{CB88BF72-1685-44B9-9F12-E8C849BCD196}.Release|Any CPU.Build.0 = Release|Any CPU
		{F2660E77-5E8F-4058-9BF8-50ECA3AB29A5}.Debug|Any CPU.ActiveCfg = Debug|Any CPU
		{F2660E77-5E8F-4058-9BF8-50ECA3AB29A5}.Debug|Any CPU.Build.0 = Debug|Any CPU
		{F2660E77-5E8F-4058-9BF8-50ECA3AB29A5}.Release|Any CPU.ActiveCfg = Release|Any CPU
		{F2660E77-5E8F-4058-9BF8-50ECA3AB29A5}.Release|Any CPU.Build.0 = Release|Any CPU
		{4AE0E32C-CC1B-4870-8C3A-2CC6A7FED8D8}.Debug|Any CPU.ActiveCfg = Debug|Any CPU
		{4AE0E32C-CC1B-4870-8C3A-2CC6A7FED8D8}.Debug|Any CPU.Build.0 = Debug|Any CPU
		{4AE0E32C-CC1B-4870-8C3A-2CC6A7FED8D8}.Release|Any CPU.ActiveCfg = Release|Any CPU
		{4AE0E32C-CC1B-4870-8C3A-2CC6A7FED8D8}.Release|Any CPU.Build.0 = Release|Any CPU
		{5B1CAD83-6968-42F8-8B33-D1A363CB7143}.Debug|Any CPU.ActiveCfg = Debug|Any CPU
		{5B1CAD83-6968-42F8-8B33-D1A363CB7143}.Debug|Any CPU.Build.0 = Debug|Any CPU
		{5B1CAD83-6968-42F8-8B33-D1A363CB7143}.Release|Any CPU.ActiveCfg = Release|Any CPU
		{5B1CAD83-6968-42F8-8B33-D1A363CB7143}.Release|Any CPU.Build.0 = Release|Any CPU
		{1A12931B-4151-486E-A6EF-75EA40208E2E}.Debug|Any CPU.ActiveCfg = Debug|Any CPU
		{1A12931B-4151-486E-A6EF-75EA40208E2E}.Debug|Any CPU.Build.0 = Debug|Any CPU
		{1A12931B-4151-486E-A6EF-75EA40208E2E}.Release|Any CPU.ActiveCfg = Release|Any CPU
		{1A12931B-4151-486E-A6EF-75EA40208E2E}.Release|Any CPU.Build.0 = Release|Any CPU
		{C9CB943E-B163-4AB4-85A8-A72C03FF1A0A}.Debug|Any CPU.ActiveCfg = Debug|Any CPU
		{C9CB943E-B163-4AB4-85A8-A72C03FF1A0A}.Debug|Any CPU.Build.0 = Debug|Any CPU
		{C9CB943E-B163-4AB4-85A8-A72C03FF1A0A}.Release|Any CPU.ActiveCfg = Release|Any CPU
		{C9CB943E-B163-4AB4-85A8-A72C03FF1A0A}.Release|Any CPU.Build.0 = Release|Any CPU
		{13260975-37C7-415B-B530-205085AD4758}.Debug|Any CPU.ActiveCfg = Debug|Any CPU
		{13260975-37C7-415B-B530-205085AD4758}.Debug|Any CPU.Build.0 = Debug|Any CPU
		{13260975-37C7-415B-B530-205085AD4758}.Release|Any CPU.ActiveCfg = Release|Any CPU
		{13260975-37C7-415B-B530-205085AD4758}.Release|Any CPU.Build.0 = Release|Any CPU
		{C54ECF00-D4B0-4FF4-BAAB-8E18AE406650}.Debug|Any CPU.ActiveCfg = Debug|Any CPU
		{C54ECF00-D4B0-4FF4-BAAB-8E18AE406650}.Debug|Any CPU.Build.0 = Debug|Any CPU
		{C54ECF00-D4B0-4FF4-BAAB-8E18AE406650}.Release|Any CPU.ActiveCfg = Release|Any CPU
		{C54ECF00-D4B0-4FF4-BAAB-8E18AE406650}.Release|Any CPU.Build.0 = Release|Any CPU
		{D6862A7F-6058-4895-A964-232FBA1016A1}.Debug|Any CPU.ActiveCfg = Debug|Any CPU
		{D6862A7F-6058-4895-A964-232FBA1016A1}.Debug|Any CPU.Build.0 = Debug|Any CPU
		{D6862A7F-6058-4895-A964-232FBA1016A1}.Release|Any CPU.ActiveCfg = Release|Any CPU
		{D6862A7F-6058-4895-A964-232FBA1016A1}.Release|Any CPU.Build.0 = Release|Any CPU
		{6B219F6C-D09F-4933-B7D7-D8FCC3D5FF35}.Debug|Any CPU.ActiveCfg = Debug|Any CPU
		{6B219F6C-D09F-4933-B7D7-D8FCC3D5FF35}.Debug|Any CPU.Build.0 = Debug|Any CPU
		{6B219F6C-D09F-4933-B7D7-D8FCC3D5FF35}.Release|Any CPU.ActiveCfg = Release|Any CPU
		{6B219F6C-D09F-4933-B7D7-D8FCC3D5FF35}.Release|Any CPU.Build.0 = Release|Any CPU
		{F7A3E8E3-CEBF-464F-9C41-604D5ABE3D8D}.Debug|Any CPU.ActiveCfg = Debug|Any CPU
		{F7A3E8E3-CEBF-464F-9C41-604D5ABE3D8D}.Debug|Any CPU.Build.0 = Debug|Any CPU
		{F7A3E8E3-CEBF-464F-9C41-604D5ABE3D8D}.Release|Any CPU.ActiveCfg = Release|Any CPU
		{F7A3E8E3-CEBF-464F-9C41-604D5ABE3D8D}.Release|Any CPU.Build.0 = Release|Any CPU
		{19A5C4CC-9C0D-4648-AE01-6CFD89657C11}.Debug|Any CPU.ActiveCfg = Debug|Any CPU
		{19A5C4CC-9C0D-4648-AE01-6CFD89657C11}.Debug|Any CPU.Build.0 = Debug|Any CPU
		{19A5C4CC-9C0D-4648-AE01-6CFD89657C11}.Release|Any CPU.ActiveCfg = Release|Any CPU
		{19A5C4CC-9C0D-4648-AE01-6CFD89657C11}.Release|Any CPU.Build.0 = Release|Any CPU
		{9CFA2A9D-C853-4FA6-80C6-D87EB77B7047}.Debug|Any CPU.ActiveCfg = Debug|Any CPU
		{9CFA2A9D-C853-4FA6-80C6-D87EB77B7047}.Debug|Any CPU.Build.0 = Debug|Any CPU
		{9CFA2A9D-C853-4FA6-80C6-D87EB77B7047}.Release|Any CPU.ActiveCfg = Release|Any CPU
		{9CFA2A9D-C853-4FA6-80C6-D87EB77B7047}.Release|Any CPU.Build.0 = Release|Any CPU
		{8E0359DA-AA1C-4639-BC8A-EBDA968599F8}.Debug|Any CPU.ActiveCfg = Debug|Any CPU
		{8E0359DA-AA1C-4639-BC8A-EBDA968599F8}.Debug|Any CPU.Build.0 = Debug|Any CPU
		{8E0359DA-AA1C-4639-BC8A-EBDA968599F8}.Release|Any CPU.ActiveCfg = Release|Any CPU
		{8E0359DA-AA1C-4639-BC8A-EBDA968599F8}.Release|Any CPU.Build.0 = Release|Any CPU
		{563B3773-82E2-417C-A5A7-50A01966CA29}.Debug|Any CPU.ActiveCfg = Debug|Any CPU
		{563B3773-82E2-417C-A5A7-50A01966CA29}.Debug|Any CPU.Build.0 = Debug|Any CPU
		{563B3773-82E2-417C-A5A7-50A01966CA29}.Release|Any CPU.ActiveCfg = Release|Any CPU
		{563B3773-82E2-417C-A5A7-50A01966CA29}.Release|Any CPU.Build.0 = Release|Any CPU
		{01AE926C-A186-40FF-BEA3-75CFA0FF5471}.Debug|Any CPU.ActiveCfg = Debug|Any CPU
		{01AE926C-A186-40FF-BEA3-75CFA0FF5471}.Debug|Any CPU.Build.0 = Debug|Any CPU
		{01AE926C-A186-40FF-BEA3-75CFA0FF5471}.Release|Any CPU.ActiveCfg = Release|Any CPU
		{01AE926C-A186-40FF-BEA3-75CFA0FF5471}.Release|Any CPU.Build.0 = Release|Any CPU
		{D9F082B5-C7CA-4227-BA08-080B49E4A3D6}.Debug|Any CPU.ActiveCfg = Debug|Any CPU
		{D9F082B5-C7CA-4227-BA08-080B49E4A3D6}.Debug|Any CPU.Build.0 = Debug|Any CPU
		{D9F082B5-C7CA-4227-BA08-080B49E4A3D6}.Release|Any CPU.ActiveCfg = Release|Any CPU
		{D9F082B5-C7CA-4227-BA08-080B49E4A3D6}.Release|Any CPU.Build.0 = Release|Any CPU
		{3CC106C0-F126-4AD5-A1CE-82AF1A5946F7}.Debug|Any CPU.ActiveCfg = Debug|Any CPU
		{3CC106C0-F126-4AD5-A1CE-82AF1A5946F7}.Debug|Any CPU.Build.0 = Debug|Any CPU
		{3CC106C0-F126-4AD5-A1CE-82AF1A5946F7}.Release|Any CPU.ActiveCfg = Release|Any CPU
		{3CC106C0-F126-4AD5-A1CE-82AF1A5946F7}.Release|Any CPU.Build.0 = Release|Any CPU
		{283E9B72-6972-4BA1-870E-E131AA9A64CA}.Debug|Any CPU.ActiveCfg = Debug|Any CPU
		{283E9B72-6972-4BA1-870E-E131AA9A64CA}.Debug|Any CPU.Build.0 = Debug|Any CPU
		{283E9B72-6972-4BA1-870E-E131AA9A64CA}.Release|Any CPU.ActiveCfg = Release|Any CPU
		{283E9B72-6972-4BA1-870E-E131AA9A64CA}.Release|Any CPU.Build.0 = Release|Any CPU
		{0C754453-7EAB-4BB3-B48B-521681B289BA}.Debug|Any CPU.ActiveCfg = Debug|Any CPU
		{0C754453-7EAB-4BB3-B48B-521681B289BA}.Debug|Any CPU.Build.0 = Debug|Any CPU
		{0C754453-7EAB-4BB3-B48B-521681B289BA}.Release|Any CPU.ActiveCfg = Release|Any CPU
		{0C754453-7EAB-4BB3-B48B-521681B289BA}.Release|Any CPU.Build.0 = Release|Any CPU
		{EA302F8A-89ED-4CA0-B46B-DE64B5770DE0}.Debug|Any CPU.ActiveCfg = Debug|Any CPU
		{EA302F8A-89ED-4CA0-B46B-DE64B5770DE0}.Debug|Any CPU.Build.0 = Debug|Any CPU
		{EA302F8A-89ED-4CA0-B46B-DE64B5770DE0}.Release|Any CPU.ActiveCfg = Release|Any CPU
		{EA302F8A-89ED-4CA0-B46B-DE64B5770DE0}.Release|Any CPU.Build.0 = Release|Any CPU
		{62CB838C-C9EF-4555-9752-EE4360311B55}.Debug|Any CPU.ActiveCfg = Debug|Any CPU
		{62CB838C-C9EF-4555-9752-EE4360311B55}.Debug|Any CPU.Build.0 = Debug|Any CPU
		{62CB838C-C9EF-4555-9752-EE4360311B55}.Release|Any CPU.ActiveCfg = Release|Any CPU
		{62CB838C-C9EF-4555-9752-EE4360311B55}.Release|Any CPU.Build.0 = Release|Any CPU
		{9ABE35AC-C084-4974-9757-B7EC84D2CF56}.Debug|Any CPU.ActiveCfg = Debug|Any CPU
		{9ABE35AC-C084-4974-9757-B7EC84D2CF56}.Debug|Any CPU.Build.0 = Debug|Any CPU
		{9ABE35AC-C084-4974-9757-B7EC84D2CF56}.Release|Any CPU.ActiveCfg = Release|Any CPU
		{9ABE35AC-C084-4974-9757-B7EC84D2CF56}.Release|Any CPU.Build.0 = Release|Any CPU
		{4AC8CB18-9E06-4A91-B18A-019A13822C79}.Debug|Any CPU.ActiveCfg = Debug|Any CPU
		{4AC8CB18-9E06-4A91-B18A-019A13822C79}.Debug|Any CPU.Build.0 = Debug|Any CPU
		{4AC8CB18-9E06-4A91-B18A-019A13822C79}.Release|Any CPU.ActiveCfg = Release|Any CPU
		{4AC8CB18-9E06-4A91-B18A-019A13822C79}.Release|Any CPU.Build.0 = Release|Any CPU
		{22A595B5-D15C-4A7C-ACF0-77A0D9996CC0}.Debug|Any CPU.ActiveCfg = Debug|Any CPU
		{22A595B5-D15C-4A7C-ACF0-77A0D9996CC0}.Debug|Any CPU.Build.0 = Debug|Any CPU
		{22A595B5-D15C-4A7C-ACF0-77A0D9996CC0}.Release|Any CPU.ActiveCfg = Release|Any CPU
		{22A595B5-D15C-4A7C-ACF0-77A0D9996CC0}.Release|Any CPU.Build.0 = Release|Any CPU
		{CBD3BC9A-1DC5-4FE8-A722-71064FB37312}.Debug|Any CPU.ActiveCfg = Debug|Any CPU
		{CBD3BC9A-1DC5-4FE8-A722-71064FB37312}.Debug|Any CPU.Build.0 = Debug|Any CPU
		{CBD3BC9A-1DC5-4FE8-A722-71064FB37312}.Release|Any CPU.ActiveCfg = Release|Any CPU
		{CBD3BC9A-1DC5-4FE8-A722-71064FB37312}.Release|Any CPU.Build.0 = Release|Any CPU
		{4745E176-904A-4BBB-91C4-39D441DD1A31}.Debug|Any CPU.ActiveCfg = Debug|Any CPU
		{4745E176-904A-4BBB-91C4-39D441DD1A31}.Debug|Any CPU.Build.0 = Debug|Any CPU
		{4745E176-904A-4BBB-91C4-39D441DD1A31}.Release|Any CPU.ActiveCfg = Release|Any CPU
		{4745E176-904A-4BBB-91C4-39D441DD1A31}.Release|Any CPU.Build.0 = Release|Any CPU
	EndGlobalSection
	GlobalSection(SolutionProperties) = preSolution
		HideSolutionNode = FALSE
	EndGlobalSection
	GlobalSection(NestedProjects) = preSolution
		{6D19314A-2BA6-4E5F-A115-68C08E01CDBF} = {577A5743-EC91-4754-A4F2-3549E18DC3E2}
		{DB23A5ED-C270-46A5-9DFF-EC8F5E6C60EA} = {665B38D0-566F-467A-BD52-F67561D180EE}
		{09F2A233-FCC7-45AA-AF7B-D5B601F54F38} = {665B38D0-566F-467A-BD52-F67561D180EE}
		{44BB7CC6-C3C7-4BD9-8603-F6C3C7E04957} = {408ECFBF-DB7C-4700-966A-8C2A50E1B389}
		{19CE38C4-53F3-4E2C-8A0D-921781D325A2} = {408ECFBF-DB7C-4700-966A-8C2A50E1B389}
		{4EB4DE8B-C4D6-436B-BCF3-785423068BE0} = {577A5743-EC91-4754-A4F2-3549E18DC3E2}
		{4759DBD1-1C3E-4260-9485-DDB1360CE10B} = {577A5743-EC91-4754-A4F2-3549E18DC3E2}
		{AD854D36-46D1-4A80-BFDE-4324DA74DC95} = {6C3B2F28-7138-4D1E-BCC9-30CAADBF49A5}
		{CB88BF72-1685-44B9-9F12-E8C849BCD196} = {665B38D0-566F-467A-BD52-F67561D180EE}
		{F2660E77-5E8F-4058-9BF8-50ECA3AB29A5} = {408ECFBF-DB7C-4700-966A-8C2A50E1B389}
		{4AE0E32C-CC1B-4870-8C3A-2CC6A7FED8D8} = {665B38D0-566F-467A-BD52-F67561D180EE}
		{5B1CAD83-6968-42F8-8B33-D1A363CB7143} = {665B38D0-566F-467A-BD52-F67561D180EE}
		{1A12931B-4151-486E-A6EF-75EA40208E2E} = {C473869C-111D-4DBC-968A-0BB81150E71F}
		{577A5743-EC91-4754-A4F2-3549E18DC3E2} = {6C3B2F28-7138-4D1E-BCC9-30CAADBF49A5}
		{408ECFBF-DB7C-4700-966A-8C2A50E1B389} = {6C3B2F28-7138-4D1E-BCC9-30CAADBF49A5}
		{665B38D0-566F-467A-BD52-F67561D180EE} = {6C3B2F28-7138-4D1E-BCC9-30CAADBF49A5}
		{13260975-37C7-415B-B530-205085AD4758} = {6C3B2F28-7138-4D1E-BCC9-30CAADBF49A5}
		{C54ECF00-D4B0-4FF4-BAAB-8E18AE406650} = {665B38D0-566F-467A-BD52-F67561D180EE}
		{D6862A7F-6058-4895-A964-232FBA1016A1} = {577A5743-EC91-4754-A4F2-3549E18DC3E2}
		{6B219F6C-D09F-4933-B7D7-D8FCC3D5FF35} = {577A5743-EC91-4754-A4F2-3549E18DC3E2}
		{F7A3E8E3-CEBF-464F-9C41-604D5ABE3D8D} = {665B38D0-566F-467A-BD52-F67561D180EE}
		{19A5C4CC-9C0D-4648-AE01-6CFD89657C11} = {577A5743-EC91-4754-A4F2-3549E18DC3E2}
		{9CFA2A9D-C853-4FA6-80C6-D87EB77B7047} = {C473869C-111D-4DBC-968A-0BB81150E71F}
		{8E0359DA-AA1C-4639-BC8A-EBDA968599F8} = {577A5743-EC91-4754-A4F2-3549E18DC3E2}
		{563B3773-82E2-417C-A5A7-50A01966CA29} = {665B38D0-566F-467A-BD52-F67561D180EE}
		{01AE926C-A186-40FF-BEA3-75CFA0FF5471} = {665B38D0-566F-467A-BD52-F67561D180EE}
		{D9F082B5-C7CA-4227-BA08-080B49E4A3D6} = {665B38D0-566F-467A-BD52-F67561D180EE}
		{3CC106C0-F126-4AD5-A1CE-82AF1A5946F7} = {577A5743-EC91-4754-A4F2-3549E18DC3E2}
		{283E9B72-6972-4BA1-870E-E131AA9A64CA} = {577A5743-EC91-4754-A4F2-3549E18DC3E2}
		{0C754453-7EAB-4BB3-B48B-521681B289BA} = {665B38D0-566F-467A-BD52-F67561D180EE}
		{EA302F8A-89ED-4CA0-B46B-DE64B5770DE0} = {665B38D0-566F-467A-BD52-F67561D180EE}
		{62CB838C-C9EF-4555-9752-EE4360311B55} = {665B38D0-566F-467A-BD52-F67561D180EE}
		{9ABE35AC-C084-4974-9757-B7EC84D2CF56} = {665B38D0-566F-467A-BD52-F67561D180EE}
		{4AC8CB18-9E06-4A91-B18A-019A13822C79} = {665B38D0-566F-467A-BD52-F67561D180EE}
		{22A595B5-D15C-4A7C-ACF0-77A0D9996CC0} = {665B38D0-566F-467A-BD52-F67561D180EE}
		{CBD3BC9A-1DC5-4FE8-A722-71064FB37312} = {665B38D0-566F-467A-BD52-F67561D180EE}
		{4745E176-904A-4BBB-91C4-39D441DD1A31} = {665B38D0-566F-467A-BD52-F67561D180EE}
	EndGlobalSection
	GlobalSection(ExtensibilityGlobals) = postSolution
		SolutionGuid = {B0560964-0200-47A2-967F-96CD638A381A}
	EndGlobalSection
EndGlobal
