
Microsoft Visual Studio Solution File, Format Version 12.00
# Visual Studio Version 17
VisualStudioVersion = 17.4.33205.214
MinimumVisualStudioVersion = 10.0.40219.1
Project("{2150E333-8FDC-42A3-9474-1A3956D46DE8}") = "presentations", "presentations", "{77C6E1B9-458D-4438-94CE-C9273855C22D}"
EndProject
Project("{2150E333-8FDC-42A3-9474-1A3956D46DE8}") = "commons", "commons", "{5E6BD378-09EA-4DBD-9A39-FE8B81B45A1C}"
EndProject
Project("{2150E333-8FDC-42A3-9474-1A3956D46DE8}") = "src", "src", "{002CF49E-F621-45E2-9F3A-42657D28E133}"
EndProject
Project("{2150E333-8FDC-42A3-9474-1A3956D46DE8}") = "app", "app", "{A3BD9646-A053-4CD6-8661-313889016439}"
EndProject
Project("{2150E333-8FDC-42A3-9474-1A3956D46DE8}") = "applications", "applications", "{3D93E3A7-4409-4143-9563-3FBA2A802F60}"
EndProject
Project("{9A19103F-16F7-4668-BE54-9A1E7A4F7556}") = "WpfModels", "src\commons\wpfmodels\WpfModels.csproj", "{8A661A60-DD71-4B55-8381-7498D6850511}"
EndProject
Project("{9A19103F-16F7-4668-BE54-9A1E7A4F7556}") = "WpfDesigns", "src\commons\wpfdesigns\WpfDesigns.csproj", "{C723B9DE-E732-4F58-BCA9-D95C91A6A17B}"
EndProject
Project("{9A19103F-16F7-4668-BE54-9A1E7A4F7556}") = "WpfViewModels", "src\commons\wpfviewmodels\WpfViewModels.csproj", "{C4CA7BAF-9CFE-4275-833F-40C08269D0F1}"
EndProject
Project("{9A19103F-16F7-4668-BE54-9A1E7A4F7556}") = "Authorizer.ViewModels", "src\presentations\authorizer.viewmodels\Authorizer.ViewModels.csproj", "{CFA7020E-064B-4292-97EF-E4B7DE816475}"
EndProject
Project("{9A19103F-16F7-4668-BE54-9A1E7A4F7556}") = "Authorizer.Views", "src\presentations\authorizer.views\Authorizer.Views.csproj", "{EF084208-4335-478E-8987-99E062A98708}"
EndProject
Project("{9A19103F-16F7-4668-BE54-9A1E7A4F7556}") = "Bom.ViewModels", "src\presentations\bom.viewmodels\Bom.ViewModels.csproj", "{EC5D3F12-76C4-440E-924F-6EF1C99616CE}"
EndProject
Project("{9A19103F-16F7-4668-BE54-9A1E7A4F7556}") = "Bom.Views", "src\presentations\bom.views\Bom.Views.csproj", "{710ACCA3-CEDB-417C-81F4-BFAD327AEA4E}"
EndProject
Project("{9A19103F-16F7-4668-BE54-9A1E7A4F7556}") = "Configurator.ViewModels", "src\presentations\configurator.viewmodels\Configurator.ViewModels.csproj", "{53C926B7-FE75-4E6E-9C32-A7FF64A08B14}"
EndProject
Project("{9A19103F-16F7-4668-BE54-9A1E7A4F7556}") = "Configurator.Views", "src\presentations\configurator.views\Configurator.Views.csproj", "{07CE03E6-C379-4AEA-9C34-607A3C4824C9}"
EndProject
Project("{9A19103F-16F7-4668-BE54-9A1E7A4F7556}") = "Designer.ViewModels", "src\presentations\designer.viewmodels\Designer.ViewModels.csproj", "{1D6609AD-8905-4F39-B8F9-F538B9F3364A}"
EndProject
Project("{9A19103F-16F7-4668-BE54-9A1E7A4F7556}") = "Designer.Views", "src\presentations\designer.views\Designer.Views.csproj", "{F6465982-1864-43A7-95D2-D63C82F76EF0}"
EndProject
Project("{9A19103F-16F7-4668-BE54-9A1E7A4F7556}") = "Drawer.ViewModels", "src\presentations\drawer.viewmodels\Drawer.ViewModels.csproj", "{5E22683F-D784-43FD-AFDA-A3680D6B7415}"
EndProject
Project("{9A19103F-16F7-4668-BE54-9A1E7A4F7556}") = "Drawer.Views", "src\presentations\drawer.views\Drawer.Views.csproj", "{FA69A8E9-A598-4011-B276-9894EC50C9B6}"
EndProject
Project("{9A19103F-16F7-4668-BE54-9A1E7A4F7556}") = "Driver.ViewModels", "src\presentations\driver.viewmodels\Driver.ViewModels.csproj", "{6F938447-5F77-4AB3-BAD7-EC58C111CD75}"
EndProject
Project("{9A19103F-16F7-4668-BE54-9A1E7A4F7556}") = "Driver.Views", "src\presentations\driver.views\Driver.Views.csproj", "{6BC7FFF7-E354-4A0F-889B-7D13AC73BB6F}"
EndProject
Project("{9A19103F-16F7-4668-BE54-9A1E7A4F7556}") = "Game.ViewModels", "src\presentations\game.viewmodels\Game.ViewModels.csproj", "{C4F26440-009B-4673-BA5D-EEDA1B7F1D4D}"
EndProject
Project("{9A19103F-16F7-4668-BE54-9A1E7A4F7556}") = "Game.Views", "src\presentations\game.views\Game.Views.csproj", "{D6FDAD04-9CCE-4704-9CC8-6EF799D35DA5}"
EndProject
Project("{9A19103F-16F7-4668-BE54-9A1E7A4F7556}") = "Scheduler.ViewModels", "src\presentations\scheduler.viewmodels\Scheduler.ViewModels.csproj", "{E5D35E0A-E232-4BD8-8E98-A41E202C01AD}"
EndProject
Project("{9A19103F-16F7-4668-BE54-9A1E7A4F7556}") = "Scheduler.Views", "src\presentations\scheduler.views\Scheduler.Views.csproj", "{B666F356-D3E6-4078-BE44-4028BA40B5AE}"
EndProject
Project("{9A19103F-16F7-4668-BE54-9A1E7A4F7556}") = "Translator.ViewModels", "src\presentations\translator.viewmodels\Translator.ViewModels.csproj", "{F0D1243E-9610-42DD-A71F-806AE225D10B}"
EndProject
Project("{9A19103F-16F7-4668-BE54-9A1E7A4F7556}") = "Translator.Views", "src\presentations\translator.views\Translator.Views.csproj", "{63AFEA8C-EB18-41F8-8182-71B9195A4053}"
EndProject
Project("{9A19103F-16F7-4668-BE54-9A1E7A4F7556}") = "UseCase.ViewModels", "src\presentations\usecase.viewmodels\UseCase.ViewModels.csproj", "{6884C114-E690-42DA-B784-3AC8B438DBDE}"
EndProject
Project("{9A19103F-16F7-4668-BE54-9A1E7A4F7556}") = "UseCase.Views", "src\presentations\usecase.views\UseCase.Views.csproj", "{9227EB6E-F9C1-4F87-9C85-6897E6C55F13}"
EndProject
Project("{9A19103F-16F7-4668-BE54-9A1E7A4F7556}") = "WpfApp", "app\win\WpfApp.csproj", "{EC556C26-C408-4460-9F88-764D05869343}"
EndProject
Project("{9A19103F-16F7-4668-BE54-9A1E7A4F7556}") = "WpfControls", "src\commons\wpfcontrols\WpfControls.csproj", "{2103948B-3CB0-4919-BC05-A245431BFB9D}"
EndProject
Project("{9A19103F-16F7-4668-BE54-9A1E7A4F7556}") = "WpfLayouts", "src\commons\wpflayouts\WpfLayouts.csproj", "{BDB7439C-E75F-423D-A2FF-FB61FFFB9412}"
EndProject
Project("{9A19103F-16F7-4668-BE54-9A1E7A4F7556}") = "WpfMvvms", "src\commons\wpfmvvms\WpfMvvms.csproj", "{E0522DA8-FEBB-4E16-991B-DD3C0AEAE89E}"
EndProject
Project("{9A19103F-16F7-4668-BE54-9A1E7A4F7556}") = "WpfViews", "src\commons\wpfviews\WpfViews.csproj", "{C83D9E29-CBDB-46DB-A63A-634DFE9A4865}"
EndProject
Project("{9A19103F-16F7-4668-BE54-9A1E7A4F7556}") = "Analizer.ViewModels", "src\presentations\analizer.viewmodels\Analizer.ViewModels.csproj", "{F6EBC9C5-E683-4CDB-AF86-A25E7AA0A448}"
EndProject
Project("{9A19103F-16F7-4668-BE54-9A1E7A4F7556}") = "Analizer.Views", "src\presentations\analizer.views\Analizer.Views.csproj", "{EB490256-36CC-4E0B-A4B5-ECA178DD542A}"
EndProject
Global
	GlobalSection(SolutionConfigurationPlatforms) = preSolution
		Debug|Any CPU = Debug|Any CPU
		Release|Any CPU = Release|Any CPU
	EndGlobalSection
	GlobalSection(ProjectConfigurationPlatforms) = postSolution
		{8A661A60-DD71-4B55-8381-7498D6850511}.Debug|Any CPU.ActiveCfg = Debug|Any CPU
		{8A661A60-DD71-4B55-8381-7498D6850511}.Debug|Any CPU.Build.0 = Debug|Any CPU
		{8A661A60-DD71-4B55-8381-7498D6850511}.Release|Any CPU.ActiveCfg = Release|Any CPU
		{8A661A60-DD71-4B55-8381-7498D6850511}.Release|Any CPU.Build.0 = Release|Any CPU
		{C723B9DE-E732-4F58-BCA9-D95C91A6A17B}.Debug|Any CPU.ActiveCfg = Debug|Any CPU
		{C723B9DE-E732-4F58-BCA9-D95C91A6A17B}.Debug|Any CPU.Build.0 = Debug|Any CPU
		{C723B9DE-E732-4F58-BCA9-D95C91A6A17B}.Release|Any CPU.ActiveCfg = Release|Any CPU
		{C723B9DE-E732-4F58-BCA9-D95C91A6A17B}.Release|Any CPU.Build.0 = Release|Any CPU
		{C4CA7BAF-9CFE-4275-833F-40C08269D0F1}.Debug|Any CPU.ActiveCfg = Debug|Any CPU
		{C4CA7BAF-9CFE-4275-833F-40C08269D0F1}.Debug|Any CPU.Build.0 = Debug|Any CPU
		{C4CA7BAF-9CFE-4275-833F-40C08269D0F1}.Release|Any CPU.ActiveCfg = Release|Any CPU
		{C4CA7BAF-9CFE-4275-833F-40C08269D0F1}.Release|Any CPU.Build.0 = Release|Any CPU
		{CFA7020E-064B-4292-97EF-E4B7DE816475}.Debug|Any CPU.ActiveCfg = Debug|Any CPU
		{CFA7020E-064B-4292-97EF-E4B7DE816475}.Debug|Any CPU.Build.0 = Debug|Any CPU
		{CFA7020E-064B-4292-97EF-E4B7DE816475}.Release|Any CPU.ActiveCfg = Release|Any CPU
		{CFA7020E-064B-4292-97EF-E4B7DE816475}.Release|Any CPU.Build.0 = Release|Any CPU
		{EF084208-4335-478E-8987-99E062A98708}.Debug|Any CPU.ActiveCfg = Debug|Any CPU
		{EF084208-4335-478E-8987-99E062A98708}.Debug|Any CPU.Build.0 = Debug|Any CPU
		{EF084208-4335-478E-8987-99E062A98708}.Release|Any CPU.ActiveCfg = Release|Any CPU
		{EF084208-4335-478E-8987-99E062A98708}.Release|Any CPU.Build.0 = Release|Any CPU
		{EC5D3F12-76C4-440E-924F-6EF1C99616CE}.Debug|Any CPU.ActiveCfg = Debug|Any CPU
		{EC5D3F12-76C4-440E-924F-6EF1C99616CE}.Debug|Any CPU.Build.0 = Debug|Any CPU
		{EC5D3F12-76C4-440E-924F-6EF1C99616CE}.Release|Any CPU.ActiveCfg = Release|Any CPU
		{EC5D3F12-76C4-440E-924F-6EF1C99616CE}.Release|Any CPU.Build.0 = Release|Any CPU
		{710ACCA3-CEDB-417C-81F4-BFAD327AEA4E}.Debug|Any CPU.ActiveCfg = Debug|Any CPU
		{710ACCA3-CEDB-417C-81F4-BFAD327AEA4E}.Debug|Any CPU.Build.0 = Debug|Any CPU
		{710ACCA3-CEDB-417C-81F4-BFAD327AEA4E}.Release|Any CPU.ActiveCfg = Release|Any CPU
		{710ACCA3-CEDB-417C-81F4-BFAD327AEA4E}.Release|Any CPU.Build.0 = Release|Any CPU
		{53C926B7-FE75-4E6E-9C32-A7FF64A08B14}.Debug|Any CPU.ActiveCfg = Debug|Any CPU
		{53C926B7-FE75-4E6E-9C32-A7FF64A08B14}.Debug|Any CPU.Build.0 = Debug|Any CPU
		{53C926B7-FE75-4E6E-9C32-A7FF64A08B14}.Release|Any CPU.ActiveCfg = Release|Any CPU
		{53C926B7-FE75-4E6E-9C32-A7FF64A08B14}.Release|Any CPU.Build.0 = Release|Any CPU
		{07CE03E6-C379-4AEA-9C34-607A3C4824C9}.Debug|Any CPU.ActiveCfg = Debug|Any CPU
		{07CE03E6-C379-4AEA-9C34-607A3C4824C9}.Debug|Any CPU.Build.0 = Debug|Any CPU
		{07CE03E6-C379-4AEA-9C34-607A3C4824C9}.Release|Any CPU.ActiveCfg = Release|Any CPU
		{07CE03E6-C379-4AEA-9C34-607A3C4824C9}.Release|Any CPU.Build.0 = Release|Any CPU
		{1D6609AD-8905-4F39-B8F9-F538B9F3364A}.Debug|Any CPU.ActiveCfg = Debug|Any CPU
		{1D6609AD-8905-4F39-B8F9-F538B9F3364A}.Debug|Any CPU.Build.0 = Debug|Any CPU
		{1D6609AD-8905-4F39-B8F9-F538B9F3364A}.Release|Any CPU.ActiveCfg = Release|Any CPU
		{1D6609AD-8905-4F39-B8F9-F538B9F3364A}.Release|Any CPU.Build.0 = Release|Any CPU
		{F6465982-1864-43A7-95D2-D63C82F76EF0}.Debug|Any CPU.ActiveCfg = Debug|Any CPU
		{F6465982-1864-43A7-95D2-D63C82F76EF0}.Debug|Any CPU.Build.0 = Debug|Any CPU
		{F6465982-1864-43A7-95D2-D63C82F76EF0}.Release|Any CPU.ActiveCfg = Release|Any CPU
		{F6465982-1864-43A7-95D2-D63C82F76EF0}.Release|Any CPU.Build.0 = Release|Any CPU
		{5E22683F-D784-43FD-AFDA-A3680D6B7415}.Debug|Any CPU.ActiveCfg = Debug|Any CPU
		{5E22683F-D784-43FD-AFDA-A3680D6B7415}.Debug|Any CPU.Build.0 = Debug|Any CPU
		{5E22683F-D784-43FD-AFDA-A3680D6B7415}.Release|Any CPU.ActiveCfg = Release|Any CPU
		{5E22683F-D784-43FD-AFDA-A3680D6B7415}.Release|Any CPU.Build.0 = Release|Any CPU
		{FA69A8E9-A598-4011-B276-9894EC50C9B6}.Debug|Any CPU.ActiveCfg = Debug|Any CPU
		{FA69A8E9-A598-4011-B276-9894EC50C9B6}.Debug|Any CPU.Build.0 = Debug|Any CPU
		{FA69A8E9-A598-4011-B276-9894EC50C9B6}.Release|Any CPU.ActiveCfg = Release|Any CPU
		{FA69A8E9-A598-4011-B276-9894EC50C9B6}.Release|Any CPU.Build.0 = Release|Any CPU
		{6F938447-5F77-4AB3-BAD7-EC58C111CD75}.Debug|Any CPU.ActiveCfg = Debug|Any CPU
		{6F938447-5F77-4AB3-BAD7-EC58C111CD75}.Debug|Any CPU.Build.0 = Debug|Any CPU
		{6F938447-5F77-4AB3-BAD7-EC58C111CD75}.Release|Any CPU.ActiveCfg = Release|Any CPU
		{6F938447-5F77-4AB3-BAD7-EC58C111CD75}.Release|Any CPU.Build.0 = Release|Any CPU
		{6BC7FFF7-E354-4A0F-889B-7D13AC73BB6F}.Debug|Any CPU.ActiveCfg = Debug|Any CPU
		{6BC7FFF7-E354-4A0F-889B-7D13AC73BB6F}.Debug|Any CPU.Build.0 = Debug|Any CPU
		{6BC7FFF7-E354-4A0F-889B-7D13AC73BB6F}.Release|Any CPU.ActiveCfg = Release|Any CPU
		{6BC7FFF7-E354-4A0F-889B-7D13AC73BB6F}.Release|Any CPU.Build.0 = Release|Any CPU
		{C4F26440-009B-4673-BA5D-EEDA1B7F1D4D}.Debug|Any CPU.ActiveCfg = Debug|Any CPU
		{C4F26440-009B-4673-BA5D-EEDA1B7F1D4D}.Debug|Any CPU.Build.0 = Debug|Any CPU
		{C4F26440-009B-4673-BA5D-EEDA1B7F1D4D}.Release|Any CPU.ActiveCfg = Release|Any CPU
		{C4F26440-009B-4673-BA5D-EEDA1B7F1D4D}.Release|Any CPU.Build.0 = Release|Any CPU
		{D6FDAD04-9CCE-4704-9CC8-6EF799D35DA5}.Debug|Any CPU.ActiveCfg = Debug|Any CPU
		{D6FDAD04-9CCE-4704-9CC8-6EF799D35DA5}.Debug|Any CPU.Build.0 = Debug|Any CPU
		{D6FDAD04-9CCE-4704-9CC8-6EF799D35DA5}.Release|Any CPU.ActiveCfg = Release|Any CPU
		{D6FDAD04-9CCE-4704-9CC8-6EF799D35DA5}.Release|Any CPU.Build.0 = Release|Any CPU
		{E5D35E0A-E232-4BD8-8E98-A41E202C01AD}.Debug|Any CPU.ActiveCfg = Debug|Any CPU
		{E5D35E0A-E232-4BD8-8E98-A41E202C01AD}.Debug|Any CPU.Build.0 = Debug|Any CPU
		{E5D35E0A-E232-4BD8-8E98-A41E202C01AD}.Release|Any CPU.ActiveCfg = Release|Any CPU
		{E5D35E0A-E232-4BD8-8E98-A41E202C01AD}.Release|Any CPU.Build.0 = Release|Any CPU
		{B666F356-D3E6-4078-BE44-4028BA40B5AE}.Debug|Any CPU.ActiveCfg = Debug|Any CPU
		{B666F356-D3E6-4078-BE44-4028BA40B5AE}.Debug|Any CPU.Build.0 = Debug|Any CPU
		{B666F356-D3E6-4078-BE44-4028BA40B5AE}.Release|Any CPU.ActiveCfg = Release|Any CPU
		{B666F356-D3E6-4078-BE44-4028BA40B5AE}.Release|Any CPU.Build.0 = Release|Any CPU
		{F0D1243E-9610-42DD-A71F-806AE225D10B}.Debug|Any CPU.ActiveCfg = Debug|Any CPU
		{F0D1243E-9610-42DD-A71F-806AE225D10B}.Debug|Any CPU.Build.0 = Debug|Any CPU
		{F0D1243E-9610-42DD-A71F-806AE225D10B}.Release|Any CPU.ActiveCfg = Release|Any CPU
		{F0D1243E-9610-42DD-A71F-806AE225D10B}.Release|Any CPU.Build.0 = Release|Any CPU
		{63AFEA8C-EB18-41F8-8182-71B9195A4053}.Debug|Any CPU.ActiveCfg = Debug|Any CPU
		{63AFEA8C-EB18-41F8-8182-71B9195A4053}.Debug|Any CPU.Build.0 = Debug|Any CPU
		{63AFEA8C-EB18-41F8-8182-71B9195A4053}.Release|Any CPU.ActiveCfg = Release|Any CPU
		{63AFEA8C-EB18-41F8-8182-71B9195A4053}.Release|Any CPU.Build.0 = Release|Any CPU
		{6884C114-E690-42DA-B784-3AC8B438DBDE}.Debug|Any CPU.ActiveCfg = Debug|Any CPU
		{6884C114-E690-42DA-B784-3AC8B438DBDE}.Debug|Any CPU.Build.0 = Debug|Any CPU
		{6884C114-E690-42DA-B784-3AC8B438DBDE}.Release|Any CPU.ActiveCfg = Release|Any CPU
		{6884C114-E690-42DA-B784-3AC8B438DBDE}.Release|Any CPU.Build.0 = Release|Any CPU
		{9227EB6E-F9C1-4F87-9C85-6897E6C55F13}.Debug|Any CPU.ActiveCfg = Debug|Any CPU
		{9227EB6E-F9C1-4F87-9C85-6897E6C55F13}.Debug|Any CPU.Build.0 = Debug|Any CPU
		{9227EB6E-F9C1-4F87-9C85-6897E6C55F13}.Release|Any CPU.ActiveCfg = Release|Any CPU
		{9227EB6E-F9C1-4F87-9C85-6897E6C55F13}.Release|Any CPU.Build.0 = Release|Any CPU
		{EC556C26-C408-4460-9F88-764D05869343}.Debug|Any CPU.ActiveCfg = Debug|Any CPU
		{EC556C26-C408-4460-9F88-764D05869343}.Debug|Any CPU.Build.0 = Debug|Any CPU
		{EC556C26-C408-4460-9F88-764D05869343}.Release|Any CPU.ActiveCfg = Release|Any CPU
		{EC556C26-C408-4460-9F88-764D05869343}.Release|Any CPU.Build.0 = Release|Any CPU
		{2103948B-3CB0-4919-BC05-A245431BFB9D}.Debug|Any CPU.ActiveCfg = Debug|Any CPU
		{2103948B-3CB0-4919-BC05-A245431BFB9D}.Debug|Any CPU.Build.0 = Debug|Any CPU
		{2103948B-3CB0-4919-BC05-A245431BFB9D}.Release|Any CPU.ActiveCfg = Release|Any CPU
		{2103948B-3CB0-4919-BC05-A245431BFB9D}.Release|Any CPU.Build.0 = Release|Any CPU
		{BDB7439C-E75F-423D-A2FF-FB61FFFB9412}.Debug|Any CPU.ActiveCfg = Debug|Any CPU
		{BDB7439C-E75F-423D-A2FF-FB61FFFB9412}.Debug|Any CPU.Build.0 = Debug|Any CPU
		{BDB7439C-E75F-423D-A2FF-FB61FFFB9412}.Release|Any CPU.ActiveCfg = Release|Any CPU
		{BDB7439C-E75F-423D-A2FF-FB61FFFB9412}.Release|Any CPU.Build.0 = Release|Any CPU
		{E0522DA8-FEBB-4E16-991B-DD3C0AEAE89E}.Debug|Any CPU.ActiveCfg = Debug|Any CPU
		{E0522DA8-FEBB-4E16-991B-DD3C0AEAE89E}.Debug|Any CPU.Build.0 = Debug|Any CPU
		{E0522DA8-FEBB-4E16-991B-DD3C0AEAE89E}.Release|Any CPU.ActiveCfg = Release|Any CPU
		{E0522DA8-FEBB-4E16-991B-DD3C0AEAE89E}.Release|Any CPU.Build.0 = Release|Any CPU
		{C83D9E29-CBDB-46DB-A63A-634DFE9A4865}.Debug|Any CPU.ActiveCfg = Debug|Any CPU
		{C83D9E29-CBDB-46DB-A63A-634DFE9A4865}.Debug|Any CPU.Build.0 = Debug|Any CPU
		{C83D9E29-CBDB-46DB-A63A-634DFE9A4865}.Release|Any CPU.ActiveCfg = Release|Any CPU
		{C83D9E29-CBDB-46DB-A63A-634DFE9A4865}.Release|Any CPU.Build.0 = Release|Any CPU
		{F6EBC9C5-E683-4CDB-AF86-A25E7AA0A448}.Debug|Any CPU.ActiveCfg = Debug|Any CPU
		{F6EBC9C5-E683-4CDB-AF86-A25E7AA0A448}.Debug|Any CPU.Build.0 = Debug|Any CPU
		{F6EBC9C5-E683-4CDB-AF86-A25E7AA0A448}.Release|Any CPU.ActiveCfg = Release|Any CPU
		{F6EBC9C5-E683-4CDB-AF86-A25E7AA0A448}.Release|Any CPU.Build.0 = Release|Any CPU
		{EB490256-36CC-4E0B-A4B5-ECA178DD542A}.Debug|Any CPU.ActiveCfg = Debug|Any CPU
		{EB490256-36CC-4E0B-A4B5-ECA178DD542A}.Debug|Any CPU.Build.0 = Debug|Any CPU
		{EB490256-36CC-4E0B-A4B5-ECA178DD542A}.Release|Any CPU.ActiveCfg = Release|Any CPU
		{EB490256-36CC-4E0B-A4B5-ECA178DD542A}.Release|Any CPU.Build.0 = Release|Any CPU
	EndGlobalSection
	GlobalSection(SolutionProperties) = preSolution
		HideSolutionNode = FALSE
	EndGlobalSection
	GlobalSection(NestedProjects) = preSolution
		{77C6E1B9-458D-4438-94CE-C9273855C22D} = {002CF49E-F621-45E2-9F3A-42657D28E133}
		{5E6BD378-09EA-4DBD-9A39-FE8B81B45A1C} = {002CF49E-F621-45E2-9F3A-42657D28E133}
		{3D93E3A7-4409-4143-9563-3FBA2A802F60} = {002CF49E-F621-45E2-9F3A-42657D28E133}
		{8A661A60-DD71-4B55-8381-7498D6850511} = {5E6BD378-09EA-4DBD-9A39-FE8B81B45A1C}
		{C723B9DE-E732-4F58-BCA9-D95C91A6A17B} = {5E6BD378-09EA-4DBD-9A39-FE8B81B45A1C}
		{C4CA7BAF-9CFE-4275-833F-40C08269D0F1} = {5E6BD378-09EA-4DBD-9A39-FE8B81B45A1C}
		{CFA7020E-064B-4292-97EF-E4B7DE816475} = {77C6E1B9-458D-4438-94CE-C9273855C22D}
		{EF084208-4335-478E-8987-99E062A98708} = {77C6E1B9-458D-4438-94CE-C9273855C22D}
		{EC5D3F12-76C4-440E-924F-6EF1C99616CE} = {77C6E1B9-458D-4438-94CE-C9273855C22D}
		{710ACCA3-CEDB-417C-81F4-BFAD327AEA4E} = {77C6E1B9-458D-4438-94CE-C9273855C22D}
		{53C926B7-FE75-4E6E-9C32-A7FF64A08B14} = {77C6E1B9-458D-4438-94CE-C9273855C22D}
		{07CE03E6-C379-4AEA-9C34-607A3C4824C9} = {77C6E1B9-458D-4438-94CE-C9273855C22D}
		{1D6609AD-8905-4F39-B8F9-F538B9F3364A} = {77C6E1B9-458D-4438-94CE-C9273855C22D}
		{F6465982-1864-43A7-95D2-D63C82F76EF0} = {77C6E1B9-458D-4438-94CE-C9273855C22D}
		{5E22683F-D784-43FD-AFDA-A3680D6B7415} = {77C6E1B9-458D-4438-94CE-C9273855C22D}
		{FA69A8E9-A598-4011-B276-9894EC50C9B6} = {77C6E1B9-458D-4438-94CE-C9273855C22D}
		{6F938447-5F77-4AB3-BAD7-EC58C111CD75} = {77C6E1B9-458D-4438-94CE-C9273855C22D}
		{6BC7FFF7-E354-4A0F-889B-7D13AC73BB6F} = {77C6E1B9-458D-4438-94CE-C9273855C22D}
		{C4F26440-009B-4673-BA5D-EEDA1B7F1D4D} = {77C6E1B9-458D-4438-94CE-C9273855C22D}
		{D6FDAD04-9CCE-4704-9CC8-6EF799D35DA5} = {77C6E1B9-458D-4438-94CE-C9273855C22D}
		{E5D35E0A-E232-4BD8-8E98-A41E202C01AD} = {77C6E1B9-458D-4438-94CE-C9273855C22D}
		{B666F356-D3E6-4078-BE44-4028BA40B5AE} = {77C6E1B9-458D-4438-94CE-C9273855C22D}
		{F0D1243E-9610-42DD-A71F-806AE225D10B} = {77C6E1B9-458D-4438-94CE-C9273855C22D}
		{63AFEA8C-EB18-41F8-8182-71B9195A4053} = {77C6E1B9-458D-4438-94CE-C9273855C22D}
		{6884C114-E690-42DA-B784-3AC8B438DBDE} = {77C6E1B9-458D-4438-94CE-C9273855C22D}
		{9227EB6E-F9C1-4F87-9C85-6897E6C55F13} = {77C6E1B9-458D-4438-94CE-C9273855C22D}
		{EC556C26-C408-4460-9F88-764D05869343} = {A3BD9646-A053-4CD6-8661-313889016439}
		{2103948B-3CB0-4919-BC05-A245431BFB9D} = {5E6BD378-09EA-4DBD-9A39-FE8B81B45A1C}
		{BDB7439C-E75F-423D-A2FF-FB61FFFB9412} = {5E6BD378-09EA-4DBD-9A39-FE8B81B45A1C}
		{E0522DA8-FEBB-4E16-991B-DD3C0AEAE89E} = {5E6BD378-09EA-4DBD-9A39-FE8B81B45A1C}
		{C83D9E29-CBDB-46DB-A63A-634DFE9A4865} = {5E6BD378-09EA-4DBD-9A39-FE8B81B45A1C}
		{F6EBC9C5-E683-4CDB-AF86-A25E7AA0A448} = {77C6E1B9-458D-4438-94CE-C9273855C22D}
		{EB490256-36CC-4E0B-A4B5-ECA178DD542A} = {77C6E1B9-458D-4438-94CE-C9273855C22D}
	EndGlobalSection
	GlobalSection(ExtensibilityGlobals) = postSolution
		SolutionGuid = {57263AFF-18D0-40CB-8167-68CA01A18E8C}
	EndGlobalSection
EndGlobal
