
Microsoft Visual Studio Solution File, Format Version 12.00
# Visual Studio Version 17
VisualStudioVersion = 17.4.33205.214
MinimumVisualStudioVersion = 10.0.40219.1
Project("{9A19103F-16F7-4668-BE54-9A1E7A4F7556}") = "ConsoleApp", "app\ConsoleApp\ConsoleApp.csproj", "{90974CCB-51BD-4DF6-99E9-4AA6B05DA3D2}"
EndProject
Project("{2150E333-8FDC-42A3-9474-1A3956D46DE8}") = "app", "app", "{E99D1E62-E2EB-4DD0-BB83-76DCCCB328A0}"
EndProject
Project("{2150E333-8FDC-42A3-9474-1A3956D46DE8}") = "src", "src", "{4C143A94-8C11-43B0-89A3-97ACBAD8854A}"
EndProject
Project("{9A19103F-16F7-4668-BE54-9A1E7A4F7556}") = "MobilityClient.Amr.Omron", "src\mobility\mobilityclient.amr.omron\MobilityClient.Amr.Omron.csproj", "{7FD80469-6EF2-40F9-9EC4-4D06DB5D7DAF}"
EndProject
Project("{9A19103F-16F7-4668-BE54-9A1E7A4F7556}") = "CalendarClient.Google", "src\calendar\calendarclient.google\CalendarClient.Google.csproj", "{4FE74A21-9BF8-48D4-943B-9A8597894D70}"
EndProject
Project("{9A19103F-16F7-4668-BE54-9A1E7A4F7556}") = "DriverClient.Cnc.Fanuc", "src\driver\driverclient.cnc.fanuc\DriverClient.Cnc.Fanuc.csproj", "{5D64AC66-56E1-4668-AC1F-E49C56BC82B7}"
EndProject
Project("{9A19103F-16F7-4668-BE54-9A1E7A4F7556}") = "ImagingClient.OpenCV", "src\imaging\imagingclient.opencv\ImagingClient.OpenCV.csproj", "{F4D5AAFD-C0E1-4E01-B0E7-8C38632C794D}"
EndProject
Project("{9A19103F-16F7-4668-BE54-9A1E7A4F7556}") = "DriverClient.Plc.Melsec", "src\driver\driverclient.plc.melsec\DriverClient.Plc.Melsec.csproj", "{5D9CF4B3-A7C6-4AE7-8BB0-4BFABC8424C8}"
EndProject
Project("{9A19103F-16F7-4668-BE54-9A1E7A4F7556}") = "DriverClient.RaspberryPi", "src\driver\driverclient.raspberrypi\DriverClient.RaspberryPi.csproj", "{C078152F-4998-40AD-800C-6DE883B713FA}"
EndProject
Project("{9A19103F-16F7-4668-BE54-9A1E7A4F7556}") = "AnalizerClient.Resas", "src\analizer\analizerclient.resas\AnalizerClient.Resas.csproj", "{7865C330-67C5-4608-9A83-7BD396DE47EE}"
EndProject
Project("{9A19103F-16F7-4668-BE54-9A1E7A4F7556}") = "Lib", "lib\Lib.csproj", "{2202CBDA-5973-4D48-BAEB-6B33DC60E2A0}"
EndProject
Project("{2150E333-8FDC-42A3-9474-1A3956D46DE8}") = "analizer", "analizer", "{C3FFDE82-2130-4EB6-9B14-3174F9C4615D}"
EndProject
Project("{2150E333-8FDC-42A3-9474-1A3956D46DE8}") = "calendar", "calendar", "{F204DBB7-1BF6-461F-A0E7-E29CCDA2944A}"
EndProject
Project("{2150E333-8FDC-42A3-9474-1A3956D46DE8}") = "imaging", "imaging", "{7977850A-D1E2-4715-9B2F-7DADF3E2EA9C}"
EndProject
Project("{2150E333-8FDC-42A3-9474-1A3956D46DE8}") = "mobility", "mobility", "{F640311B-C229-4121-8C46-23DE6AC18E6A}"
EndProject
Project("{2150E333-8FDC-42A3-9474-1A3956D46DE8}") = "driver", "driver", "{681BB893-5169-43C1-B613-FA2455CAB1DA}"
EndProject
Project("{9A19103F-16F7-4668-BE54-9A1E7A4F7556}") = "Api", "app\Api\Api.csproj", "{31CE0387-B214-45D5-BD09-2D99DA47F438}"
EndProject
Project("{9A19103F-16F7-4668-BE54-9A1E7A4F7556}") = "Suite", "src\suite\Suite.csproj", "{5D414B07-18B0-46AD-BFA7-390FCC3EEDD9}"
EndProject
Project("{9A19103F-16F7-4668-BE54-9A1E7A4F7556}") = "WpfApp", "app\WpfApp\WpfApp.csproj", "{8DFFF95E-5E90-4346-8F91-C7DF9D124C84}"
EndProject
Project("{2150E333-8FDC-42A3-9474-1A3956D46DE8}") = "game", "game", "{E9D48FC0-112E-478A-A02E-406A687E1597}"
EndProject
Project("{2150E333-8FDC-42A3-9474-1A3956D46DE8}") = "bom", "bom", "{25E731B2-5A3E-4076-A02A-F34A08604217}"
EndProject
Project("{9A19103F-16F7-4668-BE54-9A1E7A4F7556}") = "GameClient.FiniteStateMechine", "src\game\gameclient.finitestatemechine\GameClient.FiniteStateMechine.csproj", "{F1E0DFFA-01BF-421F-AEA8-A6DFF265357F}"
EndProject
Project("{9A19103F-16F7-4668-BE54-9A1E7A4F7556}") = "GameClient.Inference", "src\game\gameclient.inference\GameClient.Inference.csproj", "{9A33ABCA-FCAE-40AB-ACCC-18D80336301E}"
EndProject
Project("{9A19103F-16F7-4668-BE54-9A1E7A4F7556}") = "GameClient.ZeroSum", "src\game\gameclient.zerosum\GameClient.ZeroSum.csproj", "{71738DC5-B8F7-44FE-8493-C0C9CE9CA888}"
EndProject
Project("{9A19103F-16F7-4668-BE54-9A1E7A4F7556}") = "BomClient.Misumi", "src\bom\bomclient.misumi\BomClient.Misumi.csproj", "{BF28954C-2D3F-4DAD-B6B6-90DA3D75B20E}"
EndProject
Project("{9A19103F-16F7-4668-BE54-9A1E7A4F7556}") = "GameClient.Recursive", "src\game\gameclient.recursive\GameClient.Recursive.csproj", "{D03B12FF-C08C-4CA3-9E6F-14D2E90FAC50}"
EndProject
Project("{2150E333-8FDC-42A3-9474-1A3956D46DE8}") = "designer", "designer", "{1EDB23C9-6666-49A2-9E1A-3F6EC60D95DF}"
EndProject
Project("{2150E333-8FDC-42A3-9474-1A3956D46DE8}") = "drawer", "drawer", "{7C4BEF18-0A88-4023-80A9-A8C4C35DA465}"
EndProject
Project("{9A19103F-16F7-4668-BE54-9A1E7A4F7556}") = "GameClient.Tracking", "src\game\gameclient.tracking\GameClient.Tracking.csproj", "{3619A477-7F9C-4EC4-A9E6-F9D77D4009C2}"
EndProject
Project("{9A19103F-16F7-4668-BE54-9A1E7A4F7556}") = "ReactApp", "app\ReactApp\ReactApp.csproj", "{E28E9D37-A248-40F7-9EFC-501053399BA1}"
EndProject
Project("{9A19103F-16F7-4668-BE54-9A1E7A4F7556}") = "GameClient.Test", "src\game\gameclient.test\GameClient.Test.csproj", "{198DCEA7-8019-42BD-9A5E-E65790FF6D88}"
EndProject
Project("{9A19103F-16F7-4668-BE54-9A1E7A4F7556}") = "DesignerClient.Wpf", "src\designer\designerclient.wpf\DesignerClient.Wpf.csproj", "{D53C0CBF-CC9A-4470-98D2-2F71A9BC5385}"
EndProject
Project("{9A19103F-16F7-4668-BE54-9A1E7A4F7556}") = "DrawerClient.Bitmap", "src\drawer\drawerclient.bitmap\DrawerClient.Bitmap.csproj", "{E9272C0A-E7CB-4C13-A9EC-2D138A4878D9}"
EndProject
Project("{9A19103F-16F7-4668-BE54-9A1E7A4F7556}") = "BlazorWpfApp", "app\BlazorWpfApp\BlazorWpfApp.csproj", "{CA25FF45-3B7A-4B4D-B33A-909F8C66B4C4}"
EndProject
Project("{9A19103F-16F7-4668-BE54-9A1E7A4F7556}") = "AnalizerClient.Test", "src\analizer\AnalizerClient.Test\AnalizerClient.Test.csproj", "{C6A41CCE-E6C4-4B2E-8A0F-000B510CBD60}"
EndProject
Project("{FAE04EC0-301F-11D3-BF4B-00C04F79EFBC}") = "TrackerApp", "TrackerApp\TrackerApp.csproj", "{BBC2572C-1233-4673-8023-66C89068DC65}"
EndProject
Global
	GlobalSection(SolutionConfigurationPlatforms) = preSolution
		Debug|Any CPU = Debug|Any CPU
		Release|Any CPU = Release|Any CPU
	EndGlobalSection
	GlobalSection(ProjectConfigurationPlatforms) = postSolution
		{90974CCB-51BD-4DF6-99E9-4AA6B05DA3D2}.Debug|Any CPU.ActiveCfg = Debug|Any CPU
		{90974CCB-51BD-4DF6-99E9-4AA6B05DA3D2}.Debug|Any CPU.Build.0 = Debug|Any CPU
		{90974CCB-51BD-4DF6-99E9-4AA6B05DA3D2}.Release|Any CPU.ActiveCfg = Release|Any CPU
		{90974CCB-51BD-4DF6-99E9-4AA6B05DA3D2}.Release|Any CPU.Build.0 = Release|Any CPU
		{7FD80469-6EF2-40F9-9EC4-4D06DB5D7DAF}.Debug|Any CPU.ActiveCfg = Debug|Any CPU
		{7FD80469-6EF2-40F9-9EC4-4D06DB5D7DAF}.Debug|Any CPU.Build.0 = Debug|Any CPU
		{7FD80469-6EF2-40F9-9EC4-4D06DB5D7DAF}.Release|Any CPU.ActiveCfg = Release|Any CPU
		{7FD80469-6EF2-40F9-9EC4-4D06DB5D7DAF}.Release|Any CPU.Build.0 = Release|Any CPU
		{4FE74A21-9BF8-48D4-943B-9A8597894D70}.Debug|Any CPU.ActiveCfg = Debug|Any CPU
		{4FE74A21-9BF8-48D4-943B-9A8597894D70}.Debug|Any CPU.Build.0 = Debug|Any CPU
		{4FE74A21-9BF8-48D4-943B-9A8597894D70}.Release|Any CPU.ActiveCfg = Release|Any CPU
		{4FE74A21-9BF8-48D4-943B-9A8597894D70}.Release|Any CPU.Build.0 = Release|Any CPU
		{5D64AC66-56E1-4668-AC1F-E49C56BC82B7}.Debug|Any CPU.ActiveCfg = Debug|Any CPU
		{5D64AC66-56E1-4668-AC1F-E49C56BC82B7}.Debug|Any CPU.Build.0 = Debug|Any CPU
		{5D64AC66-56E1-4668-AC1F-E49C56BC82B7}.Release|Any CPU.ActiveCfg = Release|Any CPU
		{5D64AC66-56E1-4668-AC1F-E49C56BC82B7}.Release|Any CPU.Build.0 = Release|Any CPU
		{F4D5AAFD-C0E1-4E01-B0E7-8C38632C794D}.Debug|Any CPU.ActiveCfg = Debug|Any CPU
		{F4D5AAFD-C0E1-4E01-B0E7-8C38632C794D}.Debug|Any CPU.Build.0 = Debug|Any CPU
		{F4D5AAFD-C0E1-4E01-B0E7-8C38632C794D}.Release|Any CPU.ActiveCfg = Release|Any CPU
		{F4D5AAFD-C0E1-4E01-B0E7-8C38632C794D}.Release|Any CPU.Build.0 = Release|Any CPU
		{5D9CF4B3-A7C6-4AE7-8BB0-4BFABC8424C8}.Debug|Any CPU.ActiveCfg = Debug|Any CPU
		{5D9CF4B3-A7C6-4AE7-8BB0-4BFABC8424C8}.Debug|Any CPU.Build.0 = Debug|Any CPU
		{5D9CF4B3-A7C6-4AE7-8BB0-4BFABC8424C8}.Release|Any CPU.ActiveCfg = Release|Any CPU
		{5D9CF4B3-A7C6-4AE7-8BB0-4BFABC8424C8}.Release|Any CPU.Build.0 = Release|Any CPU
		{C078152F-4998-40AD-800C-6DE883B713FA}.Debug|Any CPU.ActiveCfg = Debug|Any CPU
		{C078152F-4998-40AD-800C-6DE883B713FA}.Debug|Any CPU.Build.0 = Debug|Any CPU
		{C078152F-4998-40AD-800C-6DE883B713FA}.Release|Any CPU.ActiveCfg = Release|Any CPU
		{C078152F-4998-40AD-800C-6DE883B713FA}.Release|Any CPU.Build.0 = Release|Any CPU
		{7865C330-67C5-4608-9A83-7BD396DE47EE}.Debug|Any CPU.ActiveCfg = Debug|Any CPU
		{7865C330-67C5-4608-9A83-7BD396DE47EE}.Debug|Any CPU.Build.0 = Debug|Any CPU
		{7865C330-67C5-4608-9A83-7BD396DE47EE}.Release|Any CPU.ActiveCfg = Release|Any CPU
		{7865C330-67C5-4608-9A83-7BD396DE47EE}.Release|Any CPU.Build.0 = Release|Any CPU
		{2202CBDA-5973-4D48-BAEB-6B33DC60E2A0}.Debug|Any CPU.ActiveCfg = Debug|Any CPU
		{2202CBDA-5973-4D48-BAEB-6B33DC60E2A0}.Debug|Any CPU.Build.0 = Debug|Any CPU
		{2202CBDA-5973-4D48-BAEB-6B33DC60E2A0}.Release|Any CPU.ActiveCfg = Release|Any CPU
		{2202CBDA-5973-4D48-BAEB-6B33DC60E2A0}.Release|Any CPU.Build.0 = Release|Any CPU
		{31CE0387-B214-45D5-BD09-2D99DA47F438}.Debug|Any CPU.ActiveCfg = Debug|Any CPU
		{31CE0387-B214-45D5-BD09-2D99DA47F438}.Debug|Any CPU.Build.0 = Debug|Any CPU
		{31CE0387-B214-45D5-BD09-2D99DA47F438}.Release|Any CPU.ActiveCfg = Release|Any CPU
		{31CE0387-B214-45D5-BD09-2D99DA47F438}.Release|Any CPU.Build.0 = Release|Any CPU
		{5D414B07-18B0-46AD-BFA7-390FCC3EEDD9}.Debug|Any CPU.ActiveCfg = Debug|Any CPU
		{5D414B07-18B0-46AD-BFA7-390FCC3EEDD9}.Debug|Any CPU.Build.0 = Debug|Any CPU
		{5D414B07-18B0-46AD-BFA7-390FCC3EEDD9}.Release|Any CPU.ActiveCfg = Release|Any CPU
		{5D414B07-18B0-46AD-BFA7-390FCC3EEDD9}.Release|Any CPU.Build.0 = Release|Any CPU
		{8DFFF95E-5E90-4346-8F91-C7DF9D124C84}.Debug|Any CPU.ActiveCfg = Debug|Any CPU
		{8DFFF95E-5E90-4346-8F91-C7DF9D124C84}.Debug|Any CPU.Build.0 = Debug|Any CPU
		{8DFFF95E-5E90-4346-8F91-C7DF9D124C84}.Release|Any CPU.ActiveCfg = Release|Any CPU
		{8DFFF95E-5E90-4346-8F91-C7DF9D124C84}.Release|Any CPU.Build.0 = Release|Any CPU
		{F1E0DFFA-01BF-421F-AEA8-A6DFF265357F}.Debug|Any CPU.ActiveCfg = Debug|Any CPU
		{F1E0DFFA-01BF-421F-AEA8-A6DFF265357F}.Debug|Any CPU.Build.0 = Debug|Any CPU
		{F1E0DFFA-01BF-421F-AEA8-A6DFF265357F}.Release|Any CPU.ActiveCfg = Release|Any CPU
		{F1E0DFFA-01BF-421F-AEA8-A6DFF265357F}.Release|Any CPU.Build.0 = Release|Any CPU
		{9A33ABCA-FCAE-40AB-ACCC-18D80336301E}.Debug|Any CPU.ActiveCfg = Debug|Any CPU
		{9A33ABCA-FCAE-40AB-ACCC-18D80336301E}.Debug|Any CPU.Build.0 = Debug|Any CPU
		{9A33ABCA-FCAE-40AB-ACCC-18D80336301E}.Release|Any CPU.ActiveCfg = Release|Any CPU
		{9A33ABCA-FCAE-40AB-ACCC-18D80336301E}.Release|Any CPU.Build.0 = Release|Any CPU
		{71738DC5-B8F7-44FE-8493-C0C9CE9CA888}.Debug|Any CPU.ActiveCfg = Debug|Any CPU
		{71738DC5-B8F7-44FE-8493-C0C9CE9CA888}.Debug|Any CPU.Build.0 = Debug|Any CPU
		{71738DC5-B8F7-44FE-8493-C0C9CE9CA888}.Release|Any CPU.ActiveCfg = Release|Any CPU
		{71738DC5-B8F7-44FE-8493-C0C9CE9CA888}.Release|Any CPU.Build.0 = Release|Any CPU
		{BF28954C-2D3F-4DAD-B6B6-90DA3D75B20E}.Debug|Any CPU.ActiveCfg = Debug|Any CPU
		{BF28954C-2D3F-4DAD-B6B6-90DA3D75B20E}.Debug|Any CPU.Build.0 = Debug|Any CPU
		{BF28954C-2D3F-4DAD-B6B6-90DA3D75B20E}.Release|Any CPU.ActiveCfg = Release|Any CPU
		{BF28954C-2D3F-4DAD-B6B6-90DA3D75B20E}.Release|Any CPU.Build.0 = Release|Any CPU
		{D03B12FF-C08C-4CA3-9E6F-14D2E90FAC50}.Debug|Any CPU.ActiveCfg = Debug|Any CPU
		{D03B12FF-C08C-4CA3-9E6F-14D2E90FAC50}.Debug|Any CPU.Build.0 = Debug|Any CPU
		{D03B12FF-C08C-4CA3-9E6F-14D2E90FAC50}.Release|Any CPU.ActiveCfg = Release|Any CPU
		{D03B12FF-C08C-4CA3-9E6F-14D2E90FAC50}.Release|Any CPU.Build.0 = Release|Any CPU
		{3619A477-7F9C-4EC4-A9E6-F9D77D4009C2}.Debug|Any CPU.ActiveCfg = Debug|Any CPU
		{3619A477-7F9C-4EC4-A9E6-F9D77D4009C2}.Debug|Any CPU.Build.0 = Debug|Any CPU
		{3619A477-7F9C-4EC4-A9E6-F9D77D4009C2}.Release|Any CPU.ActiveCfg = Release|Any CPU
		{3619A477-7F9C-4EC4-A9E6-F9D77D4009C2}.Release|Any CPU.Build.0 = Release|Any CPU
		{E28E9D37-A248-40F7-9EFC-501053399BA1}.Debug|Any CPU.ActiveCfg = Debug|Any CPU
		{E28E9D37-A248-40F7-9EFC-501053399BA1}.Debug|Any CPU.Build.0 = Debug|Any CPU
		{E28E9D37-A248-40F7-9EFC-501053399BA1}.Release|Any CPU.ActiveCfg = Release|Any CPU
		{E28E9D37-A248-40F7-9EFC-501053399BA1}.Release|Any CPU.Build.0 = Release|Any CPU
		{198DCEA7-8019-42BD-9A5E-E65790FF6D88}.Debug|Any CPU.ActiveCfg = Debug|Any CPU
		{198DCEA7-8019-42BD-9A5E-E65790FF6D88}.Debug|Any CPU.Build.0 = Debug|Any CPU
		{198DCEA7-8019-42BD-9A5E-E65790FF6D88}.Release|Any CPU.ActiveCfg = Release|Any CPU
		{198DCEA7-8019-42BD-9A5E-E65790FF6D88}.Release|Any CPU.Build.0 = Release|Any CPU
		{D53C0CBF-CC9A-4470-98D2-2F71A9BC5385}.Debug|Any CPU.ActiveCfg = Debug|Any CPU
		{D53C0CBF-CC9A-4470-98D2-2F71A9BC5385}.Debug|Any CPU.Build.0 = Debug|Any CPU
		{D53C0CBF-CC9A-4470-98D2-2F71A9BC5385}.Release|Any CPU.ActiveCfg = Release|Any CPU
		{D53C0CBF-CC9A-4470-98D2-2F71A9BC5385}.Release|Any CPU.Build.0 = Release|Any CPU
		{E9272C0A-E7CB-4C13-A9EC-2D138A4878D9}.Debug|Any CPU.ActiveCfg = Debug|Any CPU
		{E9272C0A-E7CB-4C13-A9EC-2D138A4878D9}.Debug|Any CPU.Build.0 = Debug|Any CPU
		{E9272C0A-E7CB-4C13-A9EC-2D138A4878D9}.Release|Any CPU.ActiveCfg = Release|Any CPU
		{E9272C0A-E7CB-4C13-A9EC-2D138A4878D9}.Release|Any CPU.Build.0 = Release|Any CPU
		{CA25FF45-3B7A-4B4D-B33A-909F8C66B4C4}.Debug|Any CPU.ActiveCfg = Debug|Any CPU
		{CA25FF45-3B7A-4B4D-B33A-909F8C66B4C4}.Debug|Any CPU.Build.0 = Debug|Any CPU
		{CA25FF45-3B7A-4B4D-B33A-909F8C66B4C4}.Release|Any CPU.ActiveCfg = Release|Any CPU
		{CA25FF45-3B7A-4B4D-B33A-909F8C66B4C4}.Release|Any CPU.Build.0 = Release|Any CPU
		{C6A41CCE-E6C4-4B2E-8A0F-000B510CBD60}.Debug|Any CPU.ActiveCfg = Debug|Any CPU
		{C6A41CCE-E6C4-4B2E-8A0F-000B510CBD60}.Debug|Any CPU.Build.0 = Debug|Any CPU
		{C6A41CCE-E6C4-4B2E-8A0F-000B510CBD60}.Release|Any CPU.ActiveCfg = Release|Any CPU
		{C6A41CCE-E6C4-4B2E-8A0F-000B510CBD60}.Release|Any CPU.Build.0 = Release|Any CPU
		{BBC2572C-1233-4673-8023-66C89068DC65}.Debug|Any CPU.ActiveCfg = Debug|Any CPU
		{BBC2572C-1233-4673-8023-66C89068DC65}.Debug|Any CPU.Build.0 = Debug|Any CPU
		{BBC2572C-1233-4673-8023-66C89068DC65}.Release|Any CPU.ActiveCfg = Release|Any CPU
		{BBC2572C-1233-4673-8023-66C89068DC65}.Release|Any CPU.Build.0 = Release|Any CPU
	EndGlobalSection
	GlobalSection(SolutionProperties) = preSolution
		HideSolutionNode = FALSE
	EndGlobalSection
	GlobalSection(NestedProjects) = preSolution
		{90974CCB-51BD-4DF6-99E9-4AA6B05DA3D2} = {E99D1E62-E2EB-4DD0-BB83-76DCCCB328A0}
		{7FD80469-6EF2-40F9-9EC4-4D06DB5D7DAF} = {F640311B-C229-4121-8C46-23DE6AC18E6A}
		{4FE74A21-9BF8-48D4-943B-9A8597894D70} = {F204DBB7-1BF6-461F-A0E7-E29CCDA2944A}
		{5D64AC66-56E1-4668-AC1F-E49C56BC82B7} = {681BB893-5169-43C1-B613-FA2455CAB1DA}
		{F4D5AAFD-C0E1-4E01-B0E7-8C38632C794D} = {7977850A-D1E2-4715-9B2F-7DADF3E2EA9C}
		{5D9CF4B3-A7C6-4AE7-8BB0-4BFABC8424C8} = {681BB893-5169-43C1-B613-FA2455CAB1DA}
		{C078152F-4998-40AD-800C-6DE883B713FA} = {681BB893-5169-43C1-B613-FA2455CAB1DA}
		{7865C330-67C5-4608-9A83-7BD396DE47EE} = {C3FFDE82-2130-4EB6-9B14-3174F9C4615D}
		{C3FFDE82-2130-4EB6-9B14-3174F9C4615D} = {4C143A94-8C11-43B0-89A3-97ACBAD8854A}
		{F204DBB7-1BF6-461F-A0E7-E29CCDA2944A} = {4C143A94-8C11-43B0-89A3-97ACBAD8854A}
		{7977850A-D1E2-4715-9B2F-7DADF3E2EA9C} = {4C143A94-8C11-43B0-89A3-97ACBAD8854A}
		{F640311B-C229-4121-8C46-23DE6AC18E6A} = {4C143A94-8C11-43B0-89A3-97ACBAD8854A}
		{681BB893-5169-43C1-B613-FA2455CAB1DA} = {4C143A94-8C11-43B0-89A3-97ACBAD8854A}
		{31CE0387-B214-45D5-BD09-2D99DA47F438} = {E99D1E62-E2EB-4DD0-BB83-76DCCCB328A0}
		{5D414B07-18B0-46AD-BFA7-390FCC3EEDD9} = {4C143A94-8C11-43B0-89A3-97ACBAD8854A}
		{8DFFF95E-5E90-4346-8F91-C7DF9D124C84} = {E99D1E62-E2EB-4DD0-BB83-76DCCCB328A0}
		{E9D48FC0-112E-478A-A02E-406A687E1597} = {4C143A94-8C11-43B0-89A3-97ACBAD8854A}
		{25E731B2-5A3E-4076-A02A-F34A08604217} = {4C143A94-8C11-43B0-89A3-97ACBAD8854A}
		{F1E0DFFA-01BF-421F-AEA8-A6DFF265357F} = {E9D48FC0-112E-478A-A02E-406A687E1597}
		{9A33ABCA-FCAE-40AB-ACCC-18D80336301E} = {E9D48FC0-112E-478A-A02E-406A687E1597}
		{71738DC5-B8F7-44FE-8493-C0C9CE9CA888} = {E9D48FC0-112E-478A-A02E-406A687E1597}
		{BF28954C-2D3F-4DAD-B6B6-90DA3D75B20E} = {25E731B2-5A3E-4076-A02A-F34A08604217}
		{D03B12FF-C08C-4CA3-9E6F-14D2E90FAC50} = {E9D48FC0-112E-478A-A02E-406A687E1597}
		{1EDB23C9-6666-49A2-9E1A-3F6EC60D95DF} = {4C143A94-8C11-43B0-89A3-97ACBAD8854A}
		{7C4BEF18-0A88-4023-80A9-A8C4C35DA465} = {4C143A94-8C11-43B0-89A3-97ACBAD8854A}
		{3619A477-7F9C-4EC4-A9E6-F9D77D4009C2} = {E9D48FC0-112E-478A-A02E-406A687E1597}
		{E28E9D37-A248-40F7-9EFC-501053399BA1} = {E99D1E62-E2EB-4DD0-BB83-76DCCCB328A0}
		{198DCEA7-8019-42BD-9A5E-E65790FF6D88} = {E9D48FC0-112E-478A-A02E-406A687E1597}
		{D53C0CBF-CC9A-4470-98D2-2F71A9BC5385} = {1EDB23C9-6666-49A2-9E1A-3F6EC60D95DF}
		{E9272C0A-E7CB-4C13-A9EC-2D138A4878D9} = {7C4BEF18-0A88-4023-80A9-A8C4C35DA465}
		{CA25FF45-3B7A-4B4D-B33A-909F8C66B4C4} = {E99D1E62-E2EB-4DD0-BB83-76DCCCB328A0}
		{C6A41CCE-E6C4-4B2E-8A0F-000B510CBD60} = {C3FFDE82-2130-4EB6-9B14-3174F9C4615D}
		{BBC2572C-1233-4673-8023-66C89068DC65} = {E99D1E62-E2EB-4DD0-BB83-76DCCCB328A0}
	EndGlobalSection
	GlobalSection(ExtensibilityGlobals) = postSolution
		SolutionGuid = {6DA11007-6005-4C72-A93A-35FB982B6921}
	EndGlobalSection
EndGlobal
