
Microsoft Visual Studio Solution File, Format Version 12.00
# Visual Studio Version 17
VisualStudioVersion = 17.4.33205.214
MinimumVisualStudioVersion = 10.0.40219.1
Project("{2150E333-8FDC-42A3-9474-1A3956D46DE8}") = "app", "app", "{44D8CB57-D8CB-4568-A249-AFE8C987AB6F}"
EndProject
Project("{9A19103F-16F7-4668-BE54-9A1E7A4F7556}") = "ConsoleApp", "app\mov\ConsoleApp.csproj", "{3E8328E2-8D91-4F05-AE24-8FB076969901}"
EndProject
Project("{9A19103F-16F7-4668-BE54-9A1E7A4F7556}") = "AspApi", "app\asp_api\AspApi.csproj", "{EFD68378-1B97-4FF4-A5A4-987274FC164A}"
EndProject
Project("{2150E333-8FDC-42A3-9474-1A3956D46DE8}") = "domains", "domains", "{438402C2-B5EF-4CB6-9BFB-EDA2D4132DE4}"
EndProject
Project("{9A19103F-16F7-4668-BE54-9A1E7A4F7556}") = "Designer.Models", "domains\designer.models\Designer.Models.csproj", "{91059EAE-ACBE-447D-B163-62B927F696DA}"
EndProject
Project("{9A19103F-16F7-4668-BE54-9A1E7A4F7556}") = "Designer.Engine", "domains\designer.engine\Designer.Engine.csproj", "{58795326-B5A7-4BE2-91A2-EC409CCD3057}"
EndProject
Project("{9A19103F-16F7-4668-BE54-9A1E7A4F7556}") = "Game.Models", "domains\game.models\Game.Models.csproj", "{9DB59F57-98ED-4D5D-92E8-1BFACE2AE80C}"
EndProject
Project("{9A19103F-16F7-4668-BE54-9A1E7A4F7556}") = "Game.Engine", "domains\game.engine\Game.Engine.csproj", "{232D5ED0-27AB-4349-8EA9-EC379ECE8CFF}"
EndProject
Project("{9A19103F-16F7-4668-BE54-9A1E7A4F7556}") = "Driver.Models", "domains\driver.models\Driver.Models.csproj", "{6053982A-A697-45D4-9501-D16183E0BB37}"
EndProject
Project("{9A19103F-16F7-4668-BE54-9A1E7A4F7556}") = "Driver.Engine", "domains\driver.engine\Driver.Engine.csproj", "{8676BF73-F91C-4CF4-A183-37F4CE5953D7}"
EndProject
Project("{9A19103F-16F7-4668-BE54-9A1E7A4F7556}") = "Driver.Clients", "domains\driver.clients\Driver.Clients.csproj", "{53D3658B-D945-414C-9219-C9289934BC9D}"
EndProject
Project("{9A19103F-16F7-4668-BE54-9A1E7A4F7556}") = "Bom.Models", "domains\bom.models\Bom.Models.csproj", "{25779A6A-4EED-4787-AE4D-134EF3CA2FD0}"
EndProject
Project("{9A19103F-16F7-4668-BE54-9A1E7A4F7556}") = "Bom.Engine", "domains\bom.engine\Bom.Engine.csproj", "{25C4D4E0-EC41-40D5-B581-A25486A622F7}"
EndProject
Project("{9A19103F-16F7-4668-BE54-9A1E7A4F7556}") = "Drawer.Models", "domains\drawer.models\Drawer.Models.csproj", "{26A953C6-D56C-4218-A809-2699844E0422}"
EndProject
Project("{9A19103F-16F7-4668-BE54-9A1E7A4F7556}") = "Drawer.Engine", "domains\drawer.engine\Drawer.Engine.csproj", "{5D53431F-1403-4840-856B-AE7089846E70}"
EndProject
Project("{9A19103F-16F7-4668-BE54-9A1E7A4F7556}") = "Analizer.Models", "domains\analizer.models\Analizer.Models.csproj", "{3671A314-6667-473B-9917-4D4C6063376D}"
EndProject
Project("{9A19103F-16F7-4668-BE54-9A1E7A4F7556}") = "Analizer.Engine", "domains\analizer.engine\Analizer.Engine.csproj", "{7EBA9536-ABB6-49D1-A3E7-EB82224D8EF0}"
EndProject
Project("{9A19103F-16F7-4668-BE54-9A1E7A4F7556}") = "Framework", "domains\framework\Framework.csproj", "{C637E2B8-DD0A-4F5A-B5DF-587031A8699A}"
EndProject
Project("{2150E333-8FDC-42A3-9474-1A3956D46DE8}") = "infrastructures", "infrastructures", "{12313AF5-0452-4C20-8955-3E8ECDE42301}"
EndProject
Project("{9A19103F-16F7-4668-BE54-9A1E7A4F7556}") = "Designer.Repository", "infrastructures\designer.repository\Designer.Repository.csproj", "{73F399A6-F877-496B-AECA-5A9E33F5F21F}"
EndProject
Project("{9A19103F-16F7-4668-BE54-9A1E7A4F7556}") = "Game.Repository", "infrastructures\game.repository\Game.Repository.csproj", "{9926ED80-094A-41DA-AE91-0BEC04F72E87}"
EndProject
Project("{9A19103F-16F7-4668-BE54-9A1E7A4F7556}") = "Driver.Repository", "infrastructures\driver.repository\Driver.Repository.csproj", "{1B745B07-EBEF-41A4-A8E2-1555D878D690}"
EndProject
Project("{9A19103F-16F7-4668-BE54-9A1E7A4F7556}") = "Bom.Repository", "infrastructures\bom.repository\Bom.Repository.csproj", "{3F3F67E7-0CBE-4686-9808-6510CF23B8ED}"
EndProject
Project("{9A19103F-16F7-4668-BE54-9A1E7A4F7556}") = "Drawer.Repository", "infrastructures\drawer.repository\Drawer.Repository.csproj", "{911DEF97-B6FA-4B6A-BA26-A22A7ABFFC6C}"
EndProject
Project("{9A19103F-16F7-4668-BE54-9A1E7A4F7556}") = "Analizer.Repository", "infrastructures\analizer.repository\Analizer.Repository.csproj", "{184C9D6D-6884-48E6-81F6-D33B0F87F0A1}"
EndProject
Project("{9A19103F-16F7-4668-BE54-9A1E7A4F7556}") = "Driver.Clients.Plc", "infrastructures\driver.clients.plc\Driver.Clients.Plc.csproj", "{B40F6174-9208-4D9D-866B-7226AEEAB52D}"
EndProject
Project("{9A19103F-16F7-4668-BE54-9A1E7A4F7556}") = "Driver.Clients.Cnc", "infrastructures\driver.clients.cnc\Driver.Clients.Cnc.csproj", "{2A832F93-AD3C-42BC-BD31-EC231C176419}"
EndProject
Project("{9A19103F-16F7-4668-BE54-9A1E7A4F7556}") = "Driver.Clients.Amr", "infrastructures\driver.clients.amr\Driver.Clients.Amr.csproj", "{65DB4BC6-C700-490F-9172-413056142D7A}"
EndProject
Project("{9A19103F-16F7-4668-BE54-9A1E7A4F7556}") = "Driver.Clients.RaspberryPi", "infrastructures\driver.clients.raspberrypi\Driver.Clients.RaspberryPi.csproj", "{3F7F06D7-B652-42E7-97D6-BEFB39B1D42E}"
EndProject
Project("{9A19103F-16F7-4668-BE54-9A1E7A4F7556}") = "Driver.Clients.ImageProcessing", "infrastructures\driver.clients.imageprocessing\Driver.Clients.ImageProcessing.csproj", "{D85CC665-3CB2-4935-9006-6B065B740E59}"
EndProject
Project("{2150E333-8FDC-42A3-9474-1A3956D46DE8}") = "applications", "applications", "{F450BFE0-7F0F-496C-9BF6-8D349A2F3584}"
EndProject
Project("{9A19103F-16F7-4668-BE54-9A1E7A4F7556}") = "Designer.Service", "applications\designer.service\Designer.Service.csproj", "{2ADDCF6E-C5C3-430B-A249-87B6E07B1FCB}"
EndProject
Project("{9A19103F-16F7-4668-BE54-9A1E7A4F7556}") = "Game.Service", "applications\game.service\Game.Service.csproj", "{5A0599D7-DE6F-474C-9BF8-2844A82D0446}"
EndProject
Project("{9A19103F-16F7-4668-BE54-9A1E7A4F7556}") = "Driver.Service", "applications\driver.service\Driver.Service.csproj", "{C47F2C6B-2A03-4280-91FE-6B3A201DDBC2}"
EndProject
Project("{9A19103F-16F7-4668-BE54-9A1E7A4F7556}") = "Drawer.Service", "applications\drawer.service\Drawer.Service.csproj", "{0D9A9388-9A1C-4EC6-8536-FD7B4250301B}"
EndProject
Project("{9A19103F-16F7-4668-BE54-9A1E7A4F7556}") = "Analizer.Service", "applications\analizer.service\Analizer.Service.csproj", "{835D34DB-8E3C-414A-9ACF-199CA2EAAAE2}"
EndProject
Project("{9A19103F-16F7-4668-BE54-9A1E7A4F7556}") = "Bom.Service", "applications\bom.service\Bom.Service.csproj", "{3F701F2E-49E0-4ABE-9351-022A0FCA1D72}"
EndProject
Project("{9A19103F-16F7-4668-BE54-9A1E7A4F7556}") = "UseCases", "applications\usecases\UseCases.csproj", "{E65958B3-D9D5-49A8-8723-3D525AE21522}"
EndProject
Project("{2150E333-8FDC-42A3-9474-1A3956D46DE8}") = "tests", "tests", "{44E312F1-9A34-4704-A7C7-AC14452FF93D}"
EndProject
Project("{9A19103F-16F7-4668-BE54-9A1E7A4F7556}") = "Designer.Test", "tests\designer.test\Designer.Test.csproj", "{13F22A58-0498-4CC3-85EC-F63E7AE2C897}"
EndProject
Project("{9A19103F-16F7-4668-BE54-9A1E7A4F7556}") = "Game.Test", "tests\game.test\Game.Test.csproj", "{353CD44C-5079-4747-B13D-8A9B9036F37F}"
EndProject
Project("{9A19103F-16F7-4668-BE54-9A1E7A4F7556}") = "Analizer.Test", "tests\analizer.test\Analizer.Test.csproj", "{C996F66A-A028-49FA-8629-FC02DE5BA395}"
EndProject
Project("{9A19103F-16F7-4668-BE54-9A1E7A4F7556}") = "Commons.Test", "tests\Commons.Test\Commons.Test.csproj", "{3B36D352-96DA-4042-B3E6-70CB6AA91655}"
EndProject
Project("{2150E333-8FDC-42A3-9474-1A3956D46DE8}") = "commons", "commons", "{8CBFA0B4-BE09-414D-97EC-169FB8244143}"
EndProject
Project("{9A19103F-16F7-4668-BE54-9A1E7A4F7556}") = "Accessors", "commons\accessors\Accessors.csproj", "{4A1EFB9E-CC9B-4110-8F7D-7B32DE114D08}"
EndProject
Project("{9A19103F-16F7-4668-BE54-9A1E7A4F7556}") = "Utilities", "commons\utilities\Utilities.csproj", "{A63FC7AE-D24B-40A9-A6D6-0A03C4387F4C}"
EndProject
Project("{9A19103F-16F7-4668-BE54-9A1E7A4F7556}") = "Schemas", "commons\schemas\Schemas.csproj", "{9BF0DE33-DFCD-4EB8-BC8D-0EC2AFEB5591}"
EndProject
Project("{9A19103F-16F7-4668-BE54-9A1E7A4F7556}") = "Calendars", "commons\calendars\Calendars.csproj", "{3D6380AE-8D88-4CF3-8430-8ED476ABF21E}"
EndProject
Project("{9A19103F-16F7-4668-BE54-9A1E7A4F7556}") = "Loggers", "commons\loggers\Loggers.csproj", "{281C3A71-9140-4AEB-862C-2DB181DC0DA7}"
EndProject
Project("{9A19103F-16F7-4668-BE54-9A1E7A4F7556}") = "Controllers", "commons\controllers\Controllers.csproj", "{4E3004ED-5A65-4228-B05C-771E6A297AC9}"
EndProject
Project("{9A19103F-16F7-4668-BE54-9A1E7A4F7556}") = "Painters", "commons\painters\Painters.csproj", "{724DD8C6-A9E3-4AA5-BE06-C3582F8E1F02}"
EndProject
Global
	GlobalSection(SolutionConfigurationPlatforms) = preSolution
		Debug|Any CPU = Debug|Any CPU
		Release|Any CPU = Release|Any CPU
	EndGlobalSection
	GlobalSection(ProjectConfigurationPlatforms) = postSolution
		{3E8328E2-8D91-4F05-AE24-8FB076969901}.Debug|Any CPU.ActiveCfg = Debug|Any CPU
		{3E8328E2-8D91-4F05-AE24-8FB076969901}.Debug|Any CPU.Build.0 = Debug|Any CPU
		{3E8328E2-8D91-4F05-AE24-8FB076969901}.Release|Any CPU.ActiveCfg = Release|Any CPU
		{3E8328E2-8D91-4F05-AE24-8FB076969901}.Release|Any CPU.Build.0 = Release|Any CPU
		{EFD68378-1B97-4FF4-A5A4-987274FC164A}.Debug|Any CPU.ActiveCfg = Debug|Any CPU
		{EFD68378-1B97-4FF4-A5A4-987274FC164A}.Debug|Any CPU.Build.0 = Debug|Any CPU
		{EFD68378-1B97-4FF4-A5A4-987274FC164A}.Release|Any CPU.ActiveCfg = Release|Any CPU
		{EFD68378-1B97-4FF4-A5A4-987274FC164A}.Release|Any CPU.Build.0 = Release|Any CPU
		{91059EAE-ACBE-447D-B163-62B927F696DA}.Debug|Any CPU.ActiveCfg = Debug|Any CPU
		{91059EAE-ACBE-447D-B163-62B927F696DA}.Debug|Any CPU.Build.0 = Debug|Any CPU
		{91059EAE-ACBE-447D-B163-62B927F696DA}.Release|Any CPU.ActiveCfg = Release|Any CPU
		{91059EAE-ACBE-447D-B163-62B927F696DA}.Release|Any CPU.Build.0 = Release|Any CPU
		{58795326-B5A7-4BE2-91A2-EC409CCD3057}.Debug|Any CPU.ActiveCfg = Debug|Any CPU
		{58795326-B5A7-4BE2-91A2-EC409CCD3057}.Debug|Any CPU.Build.0 = Debug|Any CPU
		{58795326-B5A7-4BE2-91A2-EC409CCD3057}.Release|Any CPU.ActiveCfg = Release|Any CPU
		{58795326-B5A7-4BE2-91A2-EC409CCD3057}.Release|Any CPU.Build.0 = Release|Any CPU
		{9DB59F57-98ED-4D5D-92E8-1BFACE2AE80C}.Debug|Any CPU.ActiveCfg = Debug|Any CPU
		{9DB59F57-98ED-4D5D-92E8-1BFACE2AE80C}.Debug|Any CPU.Build.0 = Debug|Any CPU
		{9DB59F57-98ED-4D5D-92E8-1BFACE2AE80C}.Release|Any CPU.ActiveCfg = Release|Any CPU
		{9DB59F57-98ED-4D5D-92E8-1BFACE2AE80C}.Release|Any CPU.Build.0 = Release|Any CPU
		{232D5ED0-27AB-4349-8EA9-EC379ECE8CFF}.Debug|Any CPU.ActiveCfg = Debug|Any CPU
		{232D5ED0-27AB-4349-8EA9-EC379ECE8CFF}.Debug|Any CPU.Build.0 = Debug|Any CPU
		{232D5ED0-27AB-4349-8EA9-EC379ECE8CFF}.Release|Any CPU.ActiveCfg = Release|Any CPU
		{232D5ED0-27AB-4349-8EA9-EC379ECE8CFF}.Release|Any CPU.Build.0 = Release|Any CPU
		{6053982A-A697-45D4-9501-D16183E0BB37}.Debug|Any CPU.ActiveCfg = Debug|Any CPU
		{6053982A-A697-45D4-9501-D16183E0BB37}.Debug|Any CPU.Build.0 = Debug|Any CPU
		{6053982A-A697-45D4-9501-D16183E0BB37}.Release|Any CPU.ActiveCfg = Release|Any CPU
		{6053982A-A697-45D4-9501-D16183E0BB37}.Release|Any CPU.Build.0 = Release|Any CPU
		{8676BF73-F91C-4CF4-A183-37F4CE5953D7}.Debug|Any CPU.ActiveCfg = Debug|Any CPU
		{8676BF73-F91C-4CF4-A183-37F4CE5953D7}.Debug|Any CPU.Build.0 = Debug|Any CPU
		{8676BF73-F91C-4CF4-A183-37F4CE5953D7}.Release|Any CPU.ActiveCfg = Release|Any CPU
		{8676BF73-F91C-4CF4-A183-37F4CE5953D7}.Release|Any CPU.Build.0 = Release|Any CPU
		{53D3658B-D945-414C-9219-C9289934BC9D}.Debug|Any CPU.ActiveCfg = Debug|Any CPU
		{53D3658B-D945-414C-9219-C9289934BC9D}.Debug|Any CPU.Build.0 = Debug|Any CPU
		{53D3658B-D945-414C-9219-C9289934BC9D}.Release|Any CPU.ActiveCfg = Release|Any CPU
		{53D3658B-D945-414C-9219-C9289934BC9D}.Release|Any CPU.Build.0 = Release|Any CPU
		{25779A6A-4EED-4787-AE4D-134EF3CA2FD0}.Debug|Any CPU.ActiveCfg = Debug|Any CPU
		{25779A6A-4EED-4787-AE4D-134EF3CA2FD0}.Debug|Any CPU.Build.0 = Debug|Any CPU
		{25779A6A-4EED-4787-AE4D-134EF3CA2FD0}.Release|Any CPU.ActiveCfg = Release|Any CPU
		{25779A6A-4EED-4787-AE4D-134EF3CA2FD0}.Release|Any CPU.Build.0 = Release|Any CPU
		{25C4D4E0-EC41-40D5-B581-A25486A622F7}.Debug|Any CPU.ActiveCfg = Debug|Any CPU
		{25C4D4E0-EC41-40D5-B581-A25486A622F7}.Debug|Any CPU.Build.0 = Debug|Any CPU
		{25C4D4E0-EC41-40D5-B581-A25486A622F7}.Release|Any CPU.ActiveCfg = Release|Any CPU
		{25C4D4E0-EC41-40D5-B581-A25486A622F7}.Release|Any CPU.Build.0 = Release|Any CPU
		{26A953C6-D56C-4218-A809-2699844E0422}.Debug|Any CPU.ActiveCfg = Debug|Any CPU
		{26A953C6-D56C-4218-A809-2699844E0422}.Debug|Any CPU.Build.0 = Debug|Any CPU
		{26A953C6-D56C-4218-A809-2699844E0422}.Release|Any CPU.ActiveCfg = Release|Any CPU
		{26A953C6-D56C-4218-A809-2699844E0422}.Release|Any CPU.Build.0 = Release|Any CPU
		{5D53431F-1403-4840-856B-AE7089846E70}.Debug|Any CPU.ActiveCfg = Debug|Any CPU
		{5D53431F-1403-4840-856B-AE7089846E70}.Debug|Any CPU.Build.0 = Debug|Any CPU
		{5D53431F-1403-4840-856B-AE7089846E70}.Release|Any CPU.ActiveCfg = Release|Any CPU
		{5D53431F-1403-4840-856B-AE7089846E70}.Release|Any CPU.Build.0 = Release|Any CPU
		{3671A314-6667-473B-9917-4D4C6063376D}.Debug|Any CPU.ActiveCfg = Debug|Any CPU
		{3671A314-6667-473B-9917-4D4C6063376D}.Debug|Any CPU.Build.0 = Debug|Any CPU
		{3671A314-6667-473B-9917-4D4C6063376D}.Release|Any CPU.ActiveCfg = Release|Any CPU
		{3671A314-6667-473B-9917-4D4C6063376D}.Release|Any CPU.Build.0 = Release|Any CPU
		{7EBA9536-ABB6-49D1-A3E7-EB82224D8EF0}.Debug|Any CPU.ActiveCfg = Debug|Any CPU
		{7EBA9536-ABB6-49D1-A3E7-EB82224D8EF0}.Debug|Any CPU.Build.0 = Debug|Any CPU
		{7EBA9536-ABB6-49D1-A3E7-EB82224D8EF0}.Release|Any CPU.ActiveCfg = Release|Any CPU
		{7EBA9536-ABB6-49D1-A3E7-EB82224D8EF0}.Release|Any CPU.Build.0 = Release|Any CPU
		{C637E2B8-DD0A-4F5A-B5DF-587031A8699A}.Debug|Any CPU.ActiveCfg = Debug|Any CPU
		{C637E2B8-DD0A-4F5A-B5DF-587031A8699A}.Debug|Any CPU.Build.0 = Debug|Any CPU
		{C637E2B8-DD0A-4F5A-B5DF-587031A8699A}.Release|Any CPU.ActiveCfg = Release|Any CPU
		{C637E2B8-DD0A-4F5A-B5DF-587031A8699A}.Release|Any CPU.Build.0 = Release|Any CPU
		{73F399A6-F877-496B-AECA-5A9E33F5F21F}.Debug|Any CPU.ActiveCfg = Debug|Any CPU
		{73F399A6-F877-496B-AECA-5A9E33F5F21F}.Debug|Any CPU.Build.0 = Debug|Any CPU
		{73F399A6-F877-496B-AECA-5A9E33F5F21F}.Release|Any CPU.ActiveCfg = Release|Any CPU
		{73F399A6-F877-496B-AECA-5A9E33F5F21F}.Release|Any CPU.Build.0 = Release|Any CPU
		{9926ED80-094A-41DA-AE91-0BEC04F72E87}.Debug|Any CPU.ActiveCfg = Debug|Any CPU
		{9926ED80-094A-41DA-AE91-0BEC04F72E87}.Debug|Any CPU.Build.0 = Debug|Any CPU
		{9926ED80-094A-41DA-AE91-0BEC04F72E87}.Release|Any CPU.ActiveCfg = Release|Any CPU
		{9926ED80-094A-41DA-AE91-0BEC04F72E87}.Release|Any CPU.Build.0 = Release|Any CPU
		{1B745B07-EBEF-41A4-A8E2-1555D878D690}.Debug|Any CPU.ActiveCfg = Debug|Any CPU
		{1B745B07-EBEF-41A4-A8E2-1555D878D690}.Debug|Any CPU.Build.0 = Debug|Any CPU
		{1B745B07-EBEF-41A4-A8E2-1555D878D690}.Release|Any CPU.ActiveCfg = Release|Any CPU
		{1B745B07-EBEF-41A4-A8E2-1555D878D690}.Release|Any CPU.Build.0 = Release|Any CPU
		{3F3F67E7-0CBE-4686-9808-6510CF23B8ED}.Debug|Any CPU.ActiveCfg = Debug|Any CPU
		{3F3F67E7-0CBE-4686-9808-6510CF23B8ED}.Debug|Any CPU.Build.0 = Debug|Any CPU
		{3F3F67E7-0CBE-4686-9808-6510CF23B8ED}.Release|Any CPU.ActiveCfg = Release|Any CPU
		{3F3F67E7-0CBE-4686-9808-6510CF23B8ED}.Release|Any CPU.Build.0 = Release|Any CPU
		{911DEF97-B6FA-4B6A-BA26-A22A7ABFFC6C}.Debug|Any CPU.ActiveCfg = Debug|Any CPU
		{911DEF97-B6FA-4B6A-BA26-A22A7ABFFC6C}.Debug|Any CPU.Build.0 = Debug|Any CPU
		{911DEF97-B6FA-4B6A-BA26-A22A7ABFFC6C}.Release|Any CPU.ActiveCfg = Release|Any CPU
		{911DEF97-B6FA-4B6A-BA26-A22A7ABFFC6C}.Release|Any CPU.Build.0 = Release|Any CPU
		{184C9D6D-6884-48E6-81F6-D33B0F87F0A1}.Debug|Any CPU.ActiveCfg = Debug|Any CPU
		{184C9D6D-6884-48E6-81F6-D33B0F87F0A1}.Debug|Any CPU.Build.0 = Debug|Any CPU
		{184C9D6D-6884-48E6-81F6-D33B0F87F0A1}.Release|Any CPU.ActiveCfg = Release|Any CPU
		{184C9D6D-6884-48E6-81F6-D33B0F87F0A1}.Release|Any CPU.Build.0 = Release|Any CPU
		{B40F6174-9208-4D9D-866B-7226AEEAB52D}.Debug|Any CPU.ActiveCfg = Debug|Any CPU
		{B40F6174-9208-4D9D-866B-7226AEEAB52D}.Debug|Any CPU.Build.0 = Debug|Any CPU
		{B40F6174-9208-4D9D-866B-7226AEEAB52D}.Release|Any CPU.ActiveCfg = Release|Any CPU
		{B40F6174-9208-4D9D-866B-7226AEEAB52D}.Release|Any CPU.Build.0 = Release|Any CPU
		{2A832F93-AD3C-42BC-BD31-EC231C176419}.Debug|Any CPU.ActiveCfg = Debug|Any CPU
		{2A832F93-AD3C-42BC-BD31-EC231C176419}.Debug|Any CPU.Build.0 = Debug|Any CPU
		{2A832F93-AD3C-42BC-BD31-EC231C176419}.Release|Any CPU.ActiveCfg = Release|Any CPU
		{2A832F93-AD3C-42BC-BD31-EC231C176419}.Release|Any CPU.Build.0 = Release|Any CPU
		{65DB4BC6-C700-490F-9172-413056142D7A}.Debug|Any CPU.ActiveCfg = Debug|Any CPU
		{65DB4BC6-C700-490F-9172-413056142D7A}.Debug|Any CPU.Build.0 = Debug|Any CPU
		{65DB4BC6-C700-490F-9172-413056142D7A}.Release|Any CPU.ActiveCfg = Release|Any CPU
		{65DB4BC6-C700-490F-9172-413056142D7A}.Release|Any CPU.Build.0 = Release|Any CPU
		{3F7F06D7-B652-42E7-97D6-BEFB39B1D42E}.Debug|Any CPU.ActiveCfg = Debug|Any CPU
		{3F7F06D7-B652-42E7-97D6-BEFB39B1D42E}.Debug|Any CPU.Build.0 = Debug|Any CPU
		{3F7F06D7-B652-42E7-97D6-BEFB39B1D42E}.Release|Any CPU.ActiveCfg = Release|Any CPU
		{3F7F06D7-B652-42E7-97D6-BEFB39B1D42E}.Release|Any CPU.Build.0 = Release|Any CPU
		{D85CC665-3CB2-4935-9006-6B065B740E59}.Debug|Any CPU.ActiveCfg = Debug|Any CPU
		{D85CC665-3CB2-4935-9006-6B065B740E59}.Debug|Any CPU.Build.0 = Debug|Any CPU
		{D85CC665-3CB2-4935-9006-6B065B740E59}.Release|Any CPU.ActiveCfg = Release|Any CPU
		{D85CC665-3CB2-4935-9006-6B065B740E59}.Release|Any CPU.Build.0 = Release|Any CPU
		{2ADDCF6E-C5C3-430B-A249-87B6E07B1FCB}.Debug|Any CPU.ActiveCfg = Debug|Any CPU
		{2ADDCF6E-C5C3-430B-A249-87B6E07B1FCB}.Debug|Any CPU.Build.0 = Debug|Any CPU
		{2ADDCF6E-C5C3-430B-A249-87B6E07B1FCB}.Release|Any CPU.ActiveCfg = Release|Any CPU
		{2ADDCF6E-C5C3-430B-A249-87B6E07B1FCB}.Release|Any CPU.Build.0 = Release|Any CPU
		{5A0599D7-DE6F-474C-9BF8-2844A82D0446}.Debug|Any CPU.ActiveCfg = Debug|Any CPU
		{5A0599D7-DE6F-474C-9BF8-2844A82D0446}.Debug|Any CPU.Build.0 = Debug|Any CPU
		{5A0599D7-DE6F-474C-9BF8-2844A82D0446}.Release|Any CPU.ActiveCfg = Release|Any CPU
		{5A0599D7-DE6F-474C-9BF8-2844A82D0446}.Release|Any CPU.Build.0 = Release|Any CPU
		{C47F2C6B-2A03-4280-91FE-6B3A201DDBC2}.Debug|Any CPU.ActiveCfg = Debug|Any CPU
		{C47F2C6B-2A03-4280-91FE-6B3A201DDBC2}.Debug|Any CPU.Build.0 = Debug|Any CPU
		{C47F2C6B-2A03-4280-91FE-6B3A201DDBC2}.Release|Any CPU.ActiveCfg = Release|Any CPU
		{C47F2C6B-2A03-4280-91FE-6B3A201DDBC2}.Release|Any CPU.Build.0 = Release|Any CPU
		{0D9A9388-9A1C-4EC6-8536-FD7B4250301B}.Debug|Any CPU.ActiveCfg = Debug|Any CPU
		{0D9A9388-9A1C-4EC6-8536-FD7B4250301B}.Debug|Any CPU.Build.0 = Debug|Any CPU
		{0D9A9388-9A1C-4EC6-8536-FD7B4250301B}.Release|Any CPU.ActiveCfg = Release|Any CPU
		{0D9A9388-9A1C-4EC6-8536-FD7B4250301B}.Release|Any CPU.Build.0 = Release|Any CPU
		{835D34DB-8E3C-414A-9ACF-199CA2EAAAE2}.Debug|Any CPU.ActiveCfg = Debug|Any CPU
		{835D34DB-8E3C-414A-9ACF-199CA2EAAAE2}.Debug|Any CPU.Build.0 = Debug|Any CPU
		{835D34DB-8E3C-414A-9ACF-199CA2EAAAE2}.Release|Any CPU.ActiveCfg = Release|Any CPU
		{835D34DB-8E3C-414A-9ACF-199CA2EAAAE2}.Release|Any CPU.Build.0 = Release|Any CPU
		{3F701F2E-49E0-4ABE-9351-022A0FCA1D72}.Debug|Any CPU.ActiveCfg = Debug|Any CPU
		{3F701F2E-49E0-4ABE-9351-022A0FCA1D72}.Debug|Any CPU.Build.0 = Debug|Any CPU
		{3F701F2E-49E0-4ABE-9351-022A0FCA1D72}.Release|Any CPU.ActiveCfg = Release|Any CPU
		{3F701F2E-49E0-4ABE-9351-022A0FCA1D72}.Release|Any CPU.Build.0 = Release|Any CPU
		{E65958B3-D9D5-49A8-8723-3D525AE21522}.Debug|Any CPU.ActiveCfg = Debug|Any CPU
		{E65958B3-D9D5-49A8-8723-3D525AE21522}.Debug|Any CPU.Build.0 = Debug|Any CPU
		{E65958B3-D9D5-49A8-8723-3D525AE21522}.Release|Any CPU.ActiveCfg = Release|Any CPU
		{E65958B3-D9D5-49A8-8723-3D525AE21522}.Release|Any CPU.Build.0 = Release|Any CPU
		{13F22A58-0498-4CC3-85EC-F63E7AE2C897}.Debug|Any CPU.ActiveCfg = Debug|Any CPU
		{13F22A58-0498-4CC3-85EC-F63E7AE2C897}.Debug|Any CPU.Build.0 = Debug|Any CPU
		{13F22A58-0498-4CC3-85EC-F63E7AE2C897}.Release|Any CPU.ActiveCfg = Release|Any CPU
		{13F22A58-0498-4CC3-85EC-F63E7AE2C897}.Release|Any CPU.Build.0 = Release|Any CPU
		{353CD44C-5079-4747-B13D-8A9B9036F37F}.Debug|Any CPU.ActiveCfg = Debug|Any CPU
		{353CD44C-5079-4747-B13D-8A9B9036F37F}.Debug|Any CPU.Build.0 = Debug|Any CPU
		{353CD44C-5079-4747-B13D-8A9B9036F37F}.Release|Any CPU.ActiveCfg = Release|Any CPU
		{353CD44C-5079-4747-B13D-8A9B9036F37F}.Release|Any CPU.Build.0 = Release|Any CPU
		{C996F66A-A028-49FA-8629-FC02DE5BA395}.Debug|Any CPU.ActiveCfg = Debug|Any CPU
		{C996F66A-A028-49FA-8629-FC02DE5BA395}.Debug|Any CPU.Build.0 = Debug|Any CPU
		{C996F66A-A028-49FA-8629-FC02DE5BA395}.Release|Any CPU.ActiveCfg = Release|Any CPU
		{C996F66A-A028-49FA-8629-FC02DE5BA395}.Release|Any CPU.Build.0 = Release|Any CPU
		{3B36D352-96DA-4042-B3E6-70CB6AA91655}.Debug|Any CPU.ActiveCfg = Debug|Any CPU
		{3B36D352-96DA-4042-B3E6-70CB6AA91655}.Debug|Any CPU.Build.0 = Debug|Any CPU
		{3B36D352-96DA-4042-B3E6-70CB6AA91655}.Release|Any CPU.ActiveCfg = Release|Any CPU
		{3B36D352-96DA-4042-B3E6-70CB6AA91655}.Release|Any CPU.Build.0 = Release|Any CPU
		{4A1EFB9E-CC9B-4110-8F7D-7B32DE114D08}.Debug|Any CPU.ActiveCfg = Debug|Any CPU
		{4A1EFB9E-CC9B-4110-8F7D-7B32DE114D08}.Debug|Any CPU.Build.0 = Debug|Any CPU
		{4A1EFB9E-CC9B-4110-8F7D-7B32DE114D08}.Release|Any CPU.ActiveCfg = Release|Any CPU
		{4A1EFB9E-CC9B-4110-8F7D-7B32DE114D08}.Release|Any CPU.Build.0 = Release|Any CPU
		{A63FC7AE-D24B-40A9-A6D6-0A03C4387F4C}.Debug|Any CPU.ActiveCfg = Debug|Any CPU
		{A63FC7AE-D24B-40A9-A6D6-0A03C4387F4C}.Debug|Any CPU.Build.0 = Debug|Any CPU
		{A63FC7AE-D24B-40A9-A6D6-0A03C4387F4C}.Release|Any CPU.ActiveCfg = Release|Any CPU
		{A63FC7AE-D24B-40A9-A6D6-0A03C4387F4C}.Release|Any CPU.Build.0 = Release|Any CPU
		{9BF0DE33-DFCD-4EB8-BC8D-0EC2AFEB5591}.Debug|Any CPU.ActiveCfg = Debug|Any CPU
		{9BF0DE33-DFCD-4EB8-BC8D-0EC2AFEB5591}.Debug|Any CPU.Build.0 = Debug|Any CPU
		{9BF0DE33-DFCD-4EB8-BC8D-0EC2AFEB5591}.Release|Any CPU.ActiveCfg = Release|Any CPU
		{9BF0DE33-DFCD-4EB8-BC8D-0EC2AFEB5591}.Release|Any CPU.Build.0 = Release|Any CPU
		{3D6380AE-8D88-4CF3-8430-8ED476ABF21E}.Debug|Any CPU.ActiveCfg = Debug|Any CPU
		{3D6380AE-8D88-4CF3-8430-8ED476ABF21E}.Debug|Any CPU.Build.0 = Debug|Any CPU
		{3D6380AE-8D88-4CF3-8430-8ED476ABF21E}.Release|Any CPU.ActiveCfg = Release|Any CPU
		{3D6380AE-8D88-4CF3-8430-8ED476ABF21E}.Release|Any CPU.Build.0 = Release|Any CPU
		{281C3A71-9140-4AEB-862C-2DB181DC0DA7}.Debug|Any CPU.ActiveCfg = Debug|Any CPU
		{281C3A71-9140-4AEB-862C-2DB181DC0DA7}.Debug|Any CPU.Build.0 = Debug|Any CPU
		{281C3A71-9140-4AEB-862C-2DB181DC0DA7}.Release|Any CPU.ActiveCfg = Release|Any CPU
		{281C3A71-9140-4AEB-862C-2DB181DC0DA7}.Release|Any CPU.Build.0 = Release|Any CPU
		{4E3004ED-5A65-4228-B05C-771E6A297AC9}.Debug|Any CPU.ActiveCfg = Debug|Any CPU
		{4E3004ED-5A65-4228-B05C-771E6A297AC9}.Debug|Any CPU.Build.0 = Debug|Any CPU
		{4E3004ED-5A65-4228-B05C-771E6A297AC9}.Release|Any CPU.ActiveCfg = Release|Any CPU
		{4E3004ED-5A65-4228-B05C-771E6A297AC9}.Release|Any CPU.Build.0 = Release|Any CPU
		{724DD8C6-A9E3-4AA5-BE06-C3582F8E1F02}.Debug|Any CPU.ActiveCfg = Debug|Any CPU
		{724DD8C6-A9E3-4AA5-BE06-C3582F8E1F02}.Debug|Any CPU.Build.0 = Debug|Any CPU
		{724DD8C6-A9E3-4AA5-BE06-C3582F8E1F02}.Release|Any CPU.ActiveCfg = Release|Any CPU
		{724DD8C6-A9E3-4AA5-BE06-C3582F8E1F02}.Release|Any CPU.Build.0 = Release|Any CPU
	EndGlobalSection
	GlobalSection(SolutionProperties) = preSolution
		HideSolutionNode = FALSE
	EndGlobalSection
	GlobalSection(NestedProjects) = preSolution
		{3E8328E2-8D91-4F05-AE24-8FB076969901} = {44D8CB57-D8CB-4568-A249-AFE8C987AB6F}
		{EFD68378-1B97-4FF4-A5A4-987274FC164A} = {44D8CB57-D8CB-4568-A249-AFE8C987AB6F}
		{91059EAE-ACBE-447D-B163-62B927F696DA} = {438402C2-B5EF-4CB6-9BFB-EDA2D4132DE4}
		{58795326-B5A7-4BE2-91A2-EC409CCD3057} = {438402C2-B5EF-4CB6-9BFB-EDA2D4132DE4}
		{9DB59F57-98ED-4D5D-92E8-1BFACE2AE80C} = {438402C2-B5EF-4CB6-9BFB-EDA2D4132DE4}
		{232D5ED0-27AB-4349-8EA9-EC379ECE8CFF} = {438402C2-B5EF-4CB6-9BFB-EDA2D4132DE4}
		{6053982A-A697-45D4-9501-D16183E0BB37} = {438402C2-B5EF-4CB6-9BFB-EDA2D4132DE4}
		{8676BF73-F91C-4CF4-A183-37F4CE5953D7} = {438402C2-B5EF-4CB6-9BFB-EDA2D4132DE4}
		{53D3658B-D945-414C-9219-C9289934BC9D} = {438402C2-B5EF-4CB6-9BFB-EDA2D4132DE4}
		{25779A6A-4EED-4787-AE4D-134EF3CA2FD0} = {438402C2-B5EF-4CB6-9BFB-EDA2D4132DE4}
		{25C4D4E0-EC41-40D5-B581-A25486A622F7} = {438402C2-B5EF-4CB6-9BFB-EDA2D4132DE4}
		{26A953C6-D56C-4218-A809-2699844E0422} = {438402C2-B5EF-4CB6-9BFB-EDA2D4132DE4}
		{5D53431F-1403-4840-856B-AE7089846E70} = {438402C2-B5EF-4CB6-9BFB-EDA2D4132DE4}
		{3671A314-6667-473B-9917-4D4C6063376D} = {438402C2-B5EF-4CB6-9BFB-EDA2D4132DE4}
		{7EBA9536-ABB6-49D1-A3E7-EB82224D8EF0} = {438402C2-B5EF-4CB6-9BFB-EDA2D4132DE4}
		{C637E2B8-DD0A-4F5A-B5DF-587031A8699A} = {438402C2-B5EF-4CB6-9BFB-EDA2D4132DE4}
		{73F399A6-F877-496B-AECA-5A9E33F5F21F} = {12313AF5-0452-4C20-8955-3E8ECDE42301}
		{9926ED80-094A-41DA-AE91-0BEC04F72E87} = {12313AF5-0452-4C20-8955-3E8ECDE42301}
		{1B745B07-EBEF-41A4-A8E2-1555D878D690} = {12313AF5-0452-4C20-8955-3E8ECDE42301}
		{3F3F67E7-0CBE-4686-9808-6510CF23B8ED} = {12313AF5-0452-4C20-8955-3E8ECDE42301}
		{911DEF97-B6FA-4B6A-BA26-A22A7ABFFC6C} = {12313AF5-0452-4C20-8955-3E8ECDE42301}
		{184C9D6D-6884-48E6-81F6-D33B0F87F0A1} = {12313AF5-0452-4C20-8955-3E8ECDE42301}
		{B40F6174-9208-4D9D-866B-7226AEEAB52D} = {12313AF5-0452-4C20-8955-3E8ECDE42301}
		{2A832F93-AD3C-42BC-BD31-EC231C176419} = {12313AF5-0452-4C20-8955-3E8ECDE42301}
		{65DB4BC6-C700-490F-9172-413056142D7A} = {12313AF5-0452-4C20-8955-3E8ECDE42301}
		{3F7F06D7-B652-42E7-97D6-BEFB39B1D42E} = {12313AF5-0452-4C20-8955-3E8ECDE42301}
		{D85CC665-3CB2-4935-9006-6B065B740E59} = {12313AF5-0452-4C20-8955-3E8ECDE42301}
		{2ADDCF6E-C5C3-430B-A249-87B6E07B1FCB} = {F450BFE0-7F0F-496C-9BF6-8D349A2F3584}
		{5A0599D7-DE6F-474C-9BF8-2844A82D0446} = {F450BFE0-7F0F-496C-9BF6-8D349A2F3584}
		{C47F2C6B-2A03-4280-91FE-6B3A201DDBC2} = {F450BFE0-7F0F-496C-9BF6-8D349A2F3584}
		{0D9A9388-9A1C-4EC6-8536-FD7B4250301B} = {F450BFE0-7F0F-496C-9BF6-8D349A2F3584}
		{835D34DB-8E3C-414A-9ACF-199CA2EAAAE2} = {F450BFE0-7F0F-496C-9BF6-8D349A2F3584}
		{3F701F2E-49E0-4ABE-9351-022A0FCA1D72} = {F450BFE0-7F0F-496C-9BF6-8D349A2F3584}
		{E65958B3-D9D5-49A8-8723-3D525AE21522} = {F450BFE0-7F0F-496C-9BF6-8D349A2F3584}
		{13F22A58-0498-4CC3-85EC-F63E7AE2C897} = {44E312F1-9A34-4704-A7C7-AC14452FF93D}
		{353CD44C-5079-4747-B13D-8A9B9036F37F} = {44E312F1-9A34-4704-A7C7-AC14452FF93D}
		{C996F66A-A028-49FA-8629-FC02DE5BA395} = {44E312F1-9A34-4704-A7C7-AC14452FF93D}
		{3B36D352-96DA-4042-B3E6-70CB6AA91655} = {44E312F1-9A34-4704-A7C7-AC14452FF93D}
		{4A1EFB9E-CC9B-4110-8F7D-7B32DE114D08} = {8CBFA0B4-BE09-414D-97EC-169FB8244143}
		{A63FC7AE-D24B-40A9-A6D6-0A03C4387F4C} = {8CBFA0B4-BE09-414D-97EC-169FB8244143}
		{9BF0DE33-DFCD-4EB8-BC8D-0EC2AFEB5591} = {8CBFA0B4-BE09-414D-97EC-169FB8244143}
		{3D6380AE-8D88-4CF3-8430-8ED476ABF21E} = {8CBFA0B4-BE09-414D-97EC-169FB8244143}
		{281C3A71-9140-4AEB-862C-2DB181DC0DA7} = {8CBFA0B4-BE09-414D-97EC-169FB8244143}
		{4E3004ED-5A65-4228-B05C-771E6A297AC9} = {8CBFA0B4-BE09-414D-97EC-169FB8244143}
		{724DD8C6-A9E3-4AA5-BE06-C3582F8E1F02} = {8CBFA0B4-BE09-414D-97EC-169FB8244143}
	EndGlobalSection
	GlobalSection(ExtensibilityGlobals) = postSolution
		SolutionGuid = {CD9C3231-BF2C-413C-B738-70985D9981AE}
	EndGlobalSection
EndGlobal
